PODS:
  - AppsFlyerFramework (6.3.5):
    - AppsFlyerFramework/Main (= 6.3.5)
  - AppsFlyerFramework/Main (6.3.5)
  - Sourcery (1.5.0)

DEPENDENCIES:
  - AppsFlyerFramework
  - Sourcery

SPEC REPOS:
  trunk:
    - AppsFlyerFramework
    - Sourcery

SPEC CHECKSUMS:
  AppsFlyerFramework: fa7e2e8234e6d285256bcb948eb2b77aee84ba81
  Sourcery: eecfeb011c61d150ffc4f306d2fbf52ae89019d5

PODFILE CHECKSUM: c0826dd19329bf22a7bdf08e1e1d94a191cc53a9

COCOAPODS: 1.10.1
