// !$*UTF8*$!
{
	archiveVersion = 1;
	classes = {
	};
	objectVersion = 52;
	objects = {

/* Begin PBXBuildFile section */
		0262BB4E2705074200847ED7 /* AppDelegate.swift in Sources */ = {isa = PBXBuildFile; fileRef = 0262BB4D2705074200847ED7 /* AppDelegate.swift */; };
		0262BB572705074300847ED7 /* Assets.xcassets in Resources */ = {isa = PBXBuildFile; fileRef = 0262BB562705074300847ED7 /* Assets.xcassets */; };
		0262BB5A2705074300847ED7 /* LaunchScreen.storyboard in Resources */ = {isa = PBXBuildFile; fileRef = 0262BB582705074300847ED7 /* LaunchScreen.storyboard */; };
		0262BB6B2705084C00847ED7 /* Redux.swift in Sources */ = {isa = PBXBuildFile; fileRef = 0262BB6A2705084C00847ED7 /* Redux.swift */; };
		02A2437627050ACF0048DB0D /* SnapKit in Frameworks */ = {isa = PBXBuildFile; productRef = 02A2437527050ACF0048DB0D /* SnapKit */; };
		221C51C32705C73B0085534E /* Localizable.strings in Resources */ = {isa = PBXBuildFile; fileRef = 221C51C52705C73B0085534E /* Localizable.strings */; };
		221C51CA2705C8A30085534E /* RxDataSources in Frameworks */ = {isa = PBXBuildFile; productRef = 221C51C92705C8A30085534E /* RxDataSources */; };
		221C51CC2705C8A30085534E /* Differentiator in Frameworks */ = {isa = PBXBuildFile; productRef = 221C51CB2705C8A30085534E /* Differentiator */; };
		221C51CF2705C8BF0085534E /* UNILibCore in Frameworks */ = {isa = PBXBuildFile; productRef = 221C51CE2705C8BF0085534E /* UNILibCore */; };
		221C51D12705C8BF0085534E /* RxUNILib in Frameworks */ = {isa = PBXBuildFile; productRef = 221C51D02705C8BF0085534E /* RxUNILib */; };
		221C51D42705C8F90085534E /* RxCocoa in Frameworks */ = {isa = PBXBuildFile; productRef = 221C51D32705C8F90085534E /* RxCocoa */; };
		221C51D62705C8F90085534E /* RxSwift in Frameworks */ = {isa = PBXBuildFile; productRef = 221C51D52705C8F90085534E /* RxSwift */; };
		221C51D92705C9560085534E /* Moya in Frameworks */ = {isa = PBXBuildFile; productRef = 221C51D82705C9560085534E /* Moya */; };
		221C51DB2705C9560085534E /* RxMoya in Frameworks */ = {isa = PBXBuildFile; productRef = 221C51DA2705C9560085534E /* RxMoya */; };
		221C51E22705DB890085534E /* Prism.generated.swift in Sources */ = {isa = PBXBuildFile; fileRef = 221C51DF2705DB890085534E /* Prism.generated.swift */; };
		221C51E32705DB890085534E /* StringConstants.swift in Sources */ = {isa = PBXBuildFile; fileRef = 221C51E02705DB890085534E /* StringConstants.swift */; };
		221C51E42705DB890085534E /* Lens.generated.swift in Sources */ = {isa = PBXBuildFile; fileRef = 221C51E12705DB890085534E /* Lens.generated.swift */; };
		221C51E62705DC0C0085534E /* SignInModuleCoordinator.swift in Sources */ = {isa = PBXBuildFile; fileRef = 221C51E52705DC0C0085534E /* SignInModuleCoordinator.swift */; };
		221C51E82705DC1B0085534E /* SignInTitleViewController.swift in Sources */ = {isa = PBXBuildFile; fileRef = 221C51E72705DC1B0085534E /* SignInTitleViewController.swift */; };
		221C51EA2705DC6C0085534E /* AppCoordinator.swift in Sources */ = {isa = PBXBuildFile; fileRef = 221C51E92705DC6C0085534E /* AppCoordinator.swift */; };
		221C51EC2705DD8B0085534E /* SplashViewController.swift in Sources */ = {isa = PBXBuildFile; fileRef = 221C51EB2705DD8B0085534E /* SplashViewController.swift */; };
		221C51EF2705E0360085534E /* LocalStorageService.swift in Sources */ = {isa = PBXBuildFile; fileRef = 221C51EE2705E0360085534E /* LocalStorageService.swift */; };
		221C51F12705E1C60085534E /* DefaultsStoreServiceProtocol.swift in Sources */ = {isa = PBXBuildFile; fileRef = 221C51F02705E1C60085534E /* DefaultsStoreServiceProtocol.swift */; };
		221C51F32705E1F50085534E /* Environment.swift in Sources */ = {isa = PBXBuildFile; fileRef = 221C51F22705E1F50085534E /* Environment.swift */; };
		221C51F62705E3A00085534E /* MainModuleCoordinator.swift in Sources */ = {isa = PBXBuildFile; fileRef = 221C51F52705E3A00085534E /* MainModuleCoordinator.swift */; };
		221C51FF2705ECBA0085534E /* Images.xcassets in Resources */ = {isa = PBXBuildFile; fileRef = 221C51FE2705ECBA0085534E /* Images.xcassets */; };
		221C52012705ECF60085534E /* Assets.swift in Sources */ = {isa = PBXBuildFile; fileRef = 221C52002705ECF60085534E /* Assets.swift */; };
		221C52032705F5260085534E /* Colors.xcassets in Resources */ = {isa = PBXBuildFile; fileRef = 221C52022705F5260085534E /* Colors.xcassets */; };
		221C52112705FA900085534E /* PlayfairDisplay-Medium.ttf in Resources */ = {isa = PBXBuildFile; fileRef = 221C52052705FA8E0085534E /* PlayfairDisplay-Medium.ttf */; };
		221C52122705FA900085534E /* PlayfairDisplay-MediumItalic.ttf in Resources */ = {isa = PBXBuildFile; fileRef = 221C52062705FA8E0085534E /* PlayfairDisplay-MediumItalic.ttf */; };
		221C52132705FA900085534E /* PlayfairDisplay-Bold.ttf in Resources */ = {isa = PBXBuildFile; fileRef = 221C52072705FA8E0085534E /* PlayfairDisplay-Bold.ttf */; };
		221C52142705FA900085534E /* PlayfairDisplay-Regular.ttf in Resources */ = {isa = PBXBuildFile; fileRef = 221C52082705FA8E0085534E /* PlayfairDisplay-Regular.ttf */; };
		221C52152705FA900085534E /* PlayfairDisplay-BlackItalic.ttf in Resources */ = {isa = PBXBuildFile; fileRef = 221C52092705FA8F0085534E /* PlayfairDisplay-BlackItalic.ttf */; };
		221C52162705FA900085534E /* PlayfairDisplay-SemiBold.ttf in Resources */ = {isa = PBXBuildFile; fileRef = 221C520A2705FA8F0085534E /* PlayfairDisplay-SemiBold.ttf */; };
		221C52172705FA900085534E /* PlayfairDisplay-ExtraBoldItalic.ttf in Resources */ = {isa = PBXBuildFile; fileRef = 221C520B2705FA8F0085534E /* PlayfairDisplay-ExtraBoldItalic.ttf */; };
		221C52182705FA900085534E /* PlayfairDisplay-SemiBoldItalic.ttf in Resources */ = {isa = PBXBuildFile; fileRef = 221C520C2705FA8F0085534E /* PlayfairDisplay-SemiBoldItalic.ttf */; };
		221C52192705FA900085534E /* PlayfairDisplay-BoldItalic.ttf in Resources */ = {isa = PBXBuildFile; fileRef = 221C520D2705FA8F0085534E /* PlayfairDisplay-BoldItalic.ttf */; };
		221C521A2705FA900085534E /* PlayfairDisplay-Black.ttf in Resources */ = {isa = PBXBuildFile; fileRef = 221C520E2705FA8F0085534E /* PlayfairDisplay-Black.ttf */; };
		221C521B2705FA900085534E /* PlayfairDisplay-ExtraBold.ttf in Resources */ = {isa = PBXBuildFile; fileRef = 221C520F2705FA8F0085534E /* PlayfairDisplay-ExtraBold.ttf */; };
		221C521C2705FA900085534E /* PlayfairDisplay-Italic.ttf in Resources */ = {isa = PBXBuildFile; fileRef = 221C52102705FA8F0085534E /* PlayfairDisplay-Italic.ttf */; };
		221C522B2705FA9A0085534E /* Nunito-Light.ttf in Resources */ = {isa = PBXBuildFile; fileRef = 221C521D2705FA980085534E /* Nunito-Light.ttf */; };
		221C522C2705FA9A0085534E /* Nunito-Black.ttf in Resources */ = {isa = PBXBuildFile; fileRef = 221C521E2705FA980085534E /* Nunito-Black.ttf */; };
		221C522D2705FA9A0085534E /* Nunito-SemiBoldItalic.ttf in Resources */ = {isa = PBXBuildFile; fileRef = 221C521F2705FA990085534E /* Nunito-SemiBoldItalic.ttf */; };
		221C522E2705FA9A0085534E /* Nunito-Regular.ttf in Resources */ = {isa = PBXBuildFile; fileRef = 221C52202705FA990085534E /* Nunito-Regular.ttf */; };
		221C522F2705FA9A0085534E /* Nunito-Italic.ttf in Resources */ = {isa = PBXBuildFile; fileRef = 221C52212705FA990085534E /* Nunito-Italic.ttf */; };
		221C52302705FA9A0085534E /* Nunito-BoldItalic.ttf in Resources */ = {isa = PBXBuildFile; fileRef = 221C52222705FA990085534E /* Nunito-BoldItalic.ttf */; };
		221C52312705FA9A0085534E /* Nunito-Bold.ttf in Resources */ = {isa = PBXBuildFile; fileRef = 221C52232705FA990085534E /* Nunito-Bold.ttf */; };
		221C52322705FA9A0085534E /* Nunito-ExtraBold.ttf in Resources */ = {isa = PBXBuildFile; fileRef = 221C52242705FA990085534E /* Nunito-ExtraBold.ttf */; };
		221C52332705FA9A0085534E /* Nunito-ExtraLightItalic.ttf in Resources */ = {isa = PBXBuildFile; fileRef = 221C52252705FA9A0085534E /* Nunito-ExtraLightItalic.ttf */; };
		221C52342705FA9A0085534E /* Nunito-LightItalic.ttf in Resources */ = {isa = PBXBuildFile; fileRef = 221C52262705FA9A0085534E /* Nunito-LightItalic.ttf */; };
		221C52352705FA9A0085534E /* Nunito-BlackItalic.ttf in Resources */ = {isa = PBXBuildFile; fileRef = 221C52272705FA9A0085534E /* Nunito-BlackItalic.ttf */; };
		221C52362705FA9A0085534E /* Nunito-SemiBold.ttf in Resources */ = {isa = PBXBuildFile; fileRef = 221C52282705FA9A0085534E /* Nunito-SemiBold.ttf */; };
		221C52372705FA9A0085534E /* Nunito-ExtraLight.ttf in Resources */ = {isa = PBXBuildFile; fileRef = 221C52292705FA9A0085534E /* Nunito-ExtraLight.ttf */; };
		221C52382705FA9A0085534E /* Nunito-ExtraBoldItalic.ttf in Resources */ = {isa = PBXBuildFile; fileRef = 221C522A2705FA9A0085534E /* Nunito-ExtraBoldItalic.ttf */; };
		221C523A2705FB390085534E /* Fonts.swift in Sources */ = {isa = PBXBuildFile; fileRef = 221C52392705FB390085534E /* Fonts.swift */; };
		221C523D2705FCE90085534E /* BackgroundGradientView.swift in Sources */ = {isa = PBXBuildFile; fileRef = 221C523C2705FCE90085534E /* BackgroundGradientView.swift */; };
		221C523F2706F9C30085534E /* AuthViewController.swift in Sources */ = {isa = PBXBuildFile; fileRef = 221C523E2706F9C20085534E /* AuthViewController.swift */; };
		221C52412706FC440085534E /* NavbarView.swift in Sources */ = {isa = PBXBuildFile; fileRef = 221C52402706FC440085534E /* NavbarView.swift */; };
		221C5243270714900085534E /* TextfieldView.swift in Sources */ = {isa = PBXBuildFile; fileRef = 221C5242270714900085534E /* TextfieldView.swift */; };
		221C524527072C2F0085534E /* Button.swift in Sources */ = {isa = PBXBuildFile; fileRef = 221C524427072C2F0085534E /* Button.swift */; };
		250E2BCCE4F8F0FEA0BC707C /* Pods_lasting_lover_ios.framework in Frameworks */ = {isa = PBXBuildFile; fileRef = 197C3DCDABF5E70B71772671 /* Pods_lasting_lover_ios.framework */; };
/* End PBXBuildFile section */

/* Begin PBXFileReference section */
		0262BB4A2705074200847ED7 /* lasting_lover_ios.app */ = {isa = PBXFileReference; explicitFileType = wrapper.application; includeInIndex = 0; path = lasting_lover_ios.app; sourceTree = BUILT_PRODUCTS_DIR; };
		0262BB4D2705074200847ED7 /* AppDelegate.swift */ = {isa = PBXFileReference; lastKnownFileType = sourcecode.swift; path = AppDelegate.swift; sourceTree = "<group>"; };
		0262BB562705074300847ED7 /* Assets.xcassets */ = {isa = PBXFileReference; lastKnownFileType = folder.assetcatalog; path = Assets.xcassets; sourceTree = "<group>"; };
		0262BB592705074300847ED7 /* Base */ = {isa = PBXFileReference; lastKnownFileType = file.storyboard; name = Base; path = Base.lproj/LaunchScreen.storyboard; sourceTree = "<group>"; };
		0262BB5B2705074300847ED7 /* Info.plist */ = {isa = PBXFileReference; lastKnownFileType = text.plist.xml; path = Info.plist; sourceTree = "<group>"; };
		0262BB6A2705084C00847ED7 /* Redux.swift */ = {isa = PBXFileReference; lastKnownFileType = sourcecode.swift; path = Redux.swift; sourceTree = "<group>"; };
		197C3DCDABF5E70B71772671 /* Pods_lasting_lover_ios.framework */ = {isa = PBXFileReference; explicitFileType = wrapper.framework; includeInIndex = 0; path = Pods_lasting_lover_ios.framework; sourceTree = BUILT_PRODUCTS_DIR; };
		221C51C42705C73B0085534E /* en */ = {isa = PBXFileReference; lastKnownFileType = text.plist.strings; name = en; path = en.lproj/Localizable.strings; sourceTree = "<group>"; };
		221C51DF2705DB890085534E /* Prism.generated.swift */ = {isa = PBXFileReference; fileEncoding = 4; lastKnownFileType = sourcecode.swift; path = Prism.generated.swift; sourceTree = "<group>"; };
		221C51E02705DB890085534E /* StringConstants.swift */ = {isa = PBXFileReference; fileEncoding = 4; lastKnownFileType = sourcecode.swift; path = StringConstants.swift; sourceTree = "<group>"; };
		221C51E12705DB890085534E /* Lens.generated.swift */ = {isa = PBXFileReference; fileEncoding = 4; lastKnownFileType = sourcecode.swift; path = Lens.generated.swift; sourceTree = "<group>"; };
		221C51E52705DC0C0085534E /* SignInModuleCoordinator.swift */ = {isa = PBXFileReference; lastKnownFileType = sourcecode.swift; path = SignInModuleCoordinator.swift; sourceTree = "<group>"; };
		221C51E72705DC1B0085534E /* SignInTitleViewController.swift */ = {isa = PBXFileReference; lastKnownFileType = sourcecode.swift; path = SignInTitleViewController.swift; sourceTree = "<group>"; };
		221C51E92705DC6C0085534E /* AppCoordinator.swift */ = {isa = PBXFileReference; lastKnownFileType = sourcecode.swift; path = AppCoordinator.swift; sourceTree = "<group>"; };
		221C51EB2705DD8B0085534E /* SplashViewController.swift */ = {isa = PBXFileReference; lastKnownFileType = sourcecode.swift; path = SplashViewController.swift; sourceTree = "<group>"; };
		221C51EE2705E0360085534E /* LocalStorageService.swift */ = {isa = PBXFileReference; lastKnownFileType = sourcecode.swift; path = LocalStorageService.swift; sourceTree = "<group>"; };
		221C51F02705E1C60085534E /* DefaultsStoreServiceProtocol.swift */ = {isa = PBXFileReference; lastKnownFileType = sourcecode.swift; path = DefaultsStoreServiceProtocol.swift; sourceTree = "<group>"; };
		221C51F22705E1F50085534E /* Environment.swift */ = {isa = PBXFileReference; lastKnownFileType = sourcecode.swift; path = Environment.swift; sourceTree = "<group>"; };
		221C51F52705E3A00085534E /* MainModuleCoordinator.swift */ = {isa = PBXFileReference; lastKnownFileType = sourcecode.swift; path = MainModuleCoordinator.swift; sourceTree = "<group>"; };
		221C51FE2705ECBA0085534E /* Images.xcassets */ = {isa = PBXFileReference; lastKnownFileType = folder.assetcatalog; path = Images.xcassets; sourceTree = "<group>"; };
		221C52002705ECF60085534E /* Assets.swift */ = {isa = PBXFileReference; fileEncoding = 4; lastKnownFileType = sourcecode.swift; path = Assets.swift; sourceTree = "<group>"; };
		221C52022705F5260085534E /* Colors.xcassets */ = {isa = PBXFileReference; lastKnownFileType = folder.assetcatalog; path = Colors.xcassets; sourceTree = "<group>"; };
		221C52052705FA8E0085534E /* PlayfairDisplay-Medium.ttf */ = {isa = PBXFileReference; lastKnownFileType = file; path = "PlayfairDisplay-Medium.ttf"; sourceTree = "<group>"; };
		221C52062705FA8E0085534E /* PlayfairDisplay-MediumItalic.ttf */ = {isa = PBXFileReference; lastKnownFileType = file; path = "PlayfairDisplay-MediumItalic.ttf"; sourceTree = "<group>"; };
		221C52072705FA8E0085534E /* PlayfairDisplay-Bold.ttf */ = {isa = PBXFileReference; lastKnownFileType = file; path = "PlayfairDisplay-Bold.ttf"; sourceTree = "<group>"; };
		221C52082705FA8E0085534E /* PlayfairDisplay-Regular.ttf */ = {isa = PBXFileReference; lastKnownFileType = file; path = "PlayfairDisplay-Regular.ttf"; sourceTree = "<group>"; };
		221C52092705FA8F0085534E /* PlayfairDisplay-BlackItalic.ttf */ = {isa = PBXFileReference; lastKnownFileType = file; path = "PlayfairDisplay-BlackItalic.ttf"; sourceTree = "<group>"; };
		221C520A2705FA8F0085534E /* PlayfairDisplay-SemiBold.ttf */ = {isa = PBXFileReference; lastKnownFileType = file; path = "PlayfairDisplay-SemiBold.ttf"; sourceTree = "<group>"; };
		221C520B2705FA8F0085534E /* PlayfairDisplay-ExtraBoldItalic.ttf */ = {isa = PBXFileReference; lastKnownFileType = file; path = "PlayfairDisplay-ExtraBoldItalic.ttf"; sourceTree = "<group>"; };
		221C520C2705FA8F0085534E /* PlayfairDisplay-SemiBoldItalic.ttf */ = {isa = PBXFileReference; lastKnownFileType = file; path = "PlayfairDisplay-SemiBoldItalic.ttf"; sourceTree = "<group>"; };
		221C520D2705FA8F0085534E /* PlayfairDisplay-BoldItalic.ttf */ = {isa = PBXFileReference; lastKnownFileType = file; path = "PlayfairDisplay-BoldItalic.ttf"; sourceTree = "<group>"; };
		221C520E2705FA8F0085534E /* PlayfairDisplay-Black.ttf */ = {isa = PBXFileReference; lastKnownFileType = file; path = "PlayfairDisplay-Black.ttf"; sourceTree = "<group>"; };
		221C520F2705FA8F0085534E /* PlayfairDisplay-ExtraBold.ttf */ = {isa = PBXFileReference; lastKnownFileType = file; path = "PlayfairDisplay-ExtraBold.ttf"; sourceTree = "<group>"; };
		221C52102705FA8F0085534E /* PlayfairDisplay-Italic.ttf */ = {isa = PBXFileReference; lastKnownFileType = file; path = "PlayfairDisplay-Italic.ttf"; sourceTree = "<group>"; };
		221C521D2705FA980085534E /* Nunito-Light.ttf */ = {isa = PBXFileReference; lastKnownFileType = file; path = "Nunito-Light.ttf"; sourceTree = "<group>"; };
		221C521E2705FA980085534E /* Nunito-Black.ttf */ = {isa = PBXFileReference; lastKnownFileType = file; path = "Nunito-Black.ttf"; sourceTree = "<group>"; };
		221C521F2705FA990085534E /* Nunito-SemiBoldItalic.ttf */ = {isa = PBXFileReference; lastKnownFileType = file; path = "Nunito-SemiBoldItalic.ttf"; sourceTree = "<group>"; };
		221C52202705FA990085534E /* Nunito-Regular.ttf */ = {isa = PBXFileReference; lastKnownFileType = file; path = "Nunito-Regular.ttf"; sourceTree = "<group>"; };
		221C52212705FA990085534E /* Nunito-Italic.ttf */ = {isa = PBXFileReference; lastKnownFileType = file; path = "Nunito-Italic.ttf"; sourceTree = "<group>"; };
		221C52222705FA990085534E /* Nunito-BoldItalic.ttf */ = {isa = PBXFileReference; lastKnownFileType = file; path = "Nunito-BoldItalic.ttf"; sourceTree = "<group>"; };
		221C52232705FA990085534E /* Nunito-Bold.ttf */ = {isa = PBXFileReference; lastKnownFileType = file; path = "Nunito-Bold.ttf"; sourceTree = "<group>"; };
		221C52242705FA990085534E /* Nunito-ExtraBold.ttf */ = {isa = PBXFileReference; lastKnownFileType = file; path = "Nunito-ExtraBold.ttf"; sourceTree = "<group>"; };
		221C52252705FA9A0085534E /* Nunito-ExtraLightItalic.ttf */ = {isa = PBXFileReference; lastKnownFileType = file; path = "Nunito-ExtraLightItalic.ttf"; sourceTree = "<group>"; };
		221C52262705FA9A0085534E /* Nunito-LightItalic.ttf */ = {isa = PBXFileReference; lastKnownFileType = file; path = "Nunito-LightItalic.ttf"; sourceTree = "<group>"; };
		221C52272705FA9A0085534E /* Nunito-BlackItalic.ttf */ = {isa = PBXFileReference; lastKnownFileType = file; path = "Nunito-BlackItalic.ttf"; sourceTree = "<group>"; };
		221C52282705FA9A0085534E /* Nunito-SemiBold.ttf */ = {isa = PBXFileReference; lastKnownFileType = file; path = "Nunito-SemiBold.ttf"; sourceTree = "<group>"; };
		221C52292705FA9A0085534E /* Nunito-ExtraLight.ttf */ = {isa = PBXFileReference; lastKnownFileType = file; path = "Nunito-ExtraLight.ttf"; sourceTree = "<group>"; };
		221C522A2705FA9A0085534E /* Nunito-ExtraBoldItalic.ttf */ = {isa = PBXFileReference; lastKnownFileType = file; path = "Nunito-ExtraBoldItalic.ttf"; sourceTree = "<group>"; };
		221C52392705FB390085534E /* Fonts.swift */ = {isa = PBXFileReference; fileEncoding = 4; lastKnownFileType = sourcecode.swift; path = Fonts.swift; sourceTree = "<group>"; };
		221C523C2705FCE90085534E /* BackgroundGradientView.swift */ = {isa = PBXFileReference; lastKnownFileType = sourcecode.swift; path = BackgroundGradientView.swift; sourceTree = "<group>"; };
		221C523E2706F9C20085534E /* AuthViewController.swift */ = {isa = PBXFileReference; lastKnownFileType = sourcecode.swift; path = AuthViewController.swift; sourceTree = "<group>"; };
		221C52402706FC440085534E /* NavbarView.swift */ = {isa = PBXFileReference; lastKnownFileType = sourcecode.swift; path = NavbarView.swift; sourceTree = "<group>"; };
		221C5242270714900085534E /* TextfieldView.swift */ = {isa = PBXFileReference; lastKnownFileType = sourcecode.swift; path = TextfieldView.swift; sourceTree = "<group>"; };
		221C524427072C2F0085534E /* Button.swift */ = {isa = PBXFileReference; lastKnownFileType = sourcecode.swift; path = Button.swift; sourceTree = "<group>"; };
		B943057AC6DC82CD98DA5A82 /* Pods-lasting_lover_ios.debug.xcconfig */ = {isa = PBXFileReference; includeInIndex = 1; lastKnownFileType = text.xcconfig; name = "Pods-lasting_lover_ios.debug.xcconfig"; path = "Target Support Files/Pods-lasting_lover_ios/Pods-lasting_lover_ios.debug.xcconfig"; sourceTree = "<group>"; };
		D40174DF5527B78AE4BA6C5C /* Pods-lasting_lover_ios.release.xcconfig */ = {isa = PBXFileReference; includeInIndex = 1; lastKnownFileType = text.xcconfig; name = "Pods-lasting_lover_ios.release.xcconfig"; path = "Target Support Files/Pods-lasting_lover_ios/Pods-lasting_lover_ios.release.xcconfig"; sourceTree = "<group>"; };
/* End PBXFileReference section */

/* Begin PBXFrameworksBuildPhase section */
		0262BB472705074200847ED7 /* Frameworks */ = {
			isa = PBXFrameworksBuildPhase;
			buildActionMask = 2147483647;
			files = (
				221C51DB2705C9560085534E /* RxMoya in Frameworks */,
				221C51CF2705C8BF0085534E /* UNILibCore in Frameworks */,
				221C51CC2705C8A30085534E /* Differentiator in Frameworks */,
				221C51D92705C9560085534E /* Moya in Frameworks */,
				221C51CA2705C8A30085534E /* RxDataSources in Frameworks */,
				221C51D42705C8F90085534E /* RxCocoa in Frameworks */,
				221C51D12705C8BF0085534E /* RxUNILib in Frameworks */,
				02A2437627050ACF0048DB0D /* SnapKit in Frameworks */,
				221C51D62705C8F90085534E /* RxSwift in Frameworks */,
				250E2BCCE4F8F0FEA0BC707C /* Pods_lasting_lover_ios.framework in Frameworks */,
			);
			runOnlyForDeploymentPostprocessing = 0;
		};
/* End PBXFrameworksBuildPhase section */

/* Begin PBXGroup section */
		0262BB412705074200847ED7 = {
			isa = PBXGroup;
			children = (
				0262BB4C2705074200847ED7 /* lasting_lover_ios */,
				0262BB4B2705074200847ED7 /* Products */,
				3182A63912443A8ED7D95C4F /* Pods */,
				15FAF97D83017AC640C5F5D6 /* Frameworks */,
			);
			sourceTree = "<group>";
		};
		0262BB4B2705074200847ED7 /* Products */ = {
			isa = PBXGroup;
			children = (
				0262BB4A2705074200847ED7 /* lasting_lover_ios.app */,
			);
			name = Products;
			sourceTree = "<group>";
		};
		0262BB4C2705074200847ED7 /* lasting_lover_ios */ = {
			isa = PBXGroup;
			children = (
				0262BB662705083200847ED7 /* Application */,
				221C51C62705C7990085534E /* Modules */,
				221C51C02705C7240085534E /* Resources */,
				221C51ED2705E0230085534E /* Shared */,
				0262BB692705084300847ED7 /* Redux */,
				221C51DE2705DB890085534E /* Generated */,
				0262BB582705074300847ED7 /* LaunchScreen.storyboard */,
				0262BB5B2705074300847ED7 /* Info.plist */,
			);
			path = lasting_lover_ios;
			sourceTree = "<group>";
		};
		0262BB662705083200847ED7 /* Application */ = {
			isa = PBXGroup;
			children = (
				0262BB4D2705074200847ED7 /* AppDelegate.swift */,
				221C51E92705DC6C0085534E /* AppCoordinator.swift */,
				221C51EB2705DD8B0085534E /* SplashViewController.swift */,
			);
			path = Application;
			sourceTree = "<group>";
		};
		0262BB692705084300847ED7 /* Redux */ = {
			isa = PBXGroup;
			children = (
				0262BB6A2705084C00847ED7 /* Redux.swift */,
			);
			path = Redux;
			sourceTree = "<group>";
		};
		15FAF97D83017AC640C5F5D6 /* Frameworks */ = {
			isa = PBXGroup;
			children = (
				197C3DCDABF5E70B71772671 /* Pods_lasting_lover_ios.framework */,
			);
			name = Frameworks;
			sourceTree = "<group>";
		};
		221C51C02705C7240085534E /* Resources */ = {
			isa = PBXGroup;
			children = (
				221C52042705FA830085534E /* Fonts */,
				0262BB562705074300847ED7 /* Assets.xcassets */,
				221C51C52705C73B0085534E /* Localizable.strings */,
				221C51FE2705ECBA0085534E /* Images.xcassets */,
				221C52022705F5260085534E /* Colors.xcassets */,
			);
			path = Resources;
			sourceTree = "<group>";
		};
		221C51C62705C7990085534E /* Modules */ = {
			isa = PBXGroup;
			children = (
				221C51F42705E38B0085534E /* Main */,
				221C51C72705C7A00085534E /* SignIn */,
			);
			path = Modules;
			sourceTree = "<group>";
		};
		221C51C72705C7A00085534E /* SignIn */ = {
			isa = PBXGroup;
			children = (
				221C51F72705E3C90085534E /* Coordinators */,
				221C51F82705E3D00085534E /* ViewControllers */,
			);
			path = SignIn;
			sourceTree = "<group>";
		};
		221C51DE2705DB890085534E /* Generated */ = {
			isa = PBXGroup;
			children = (
				221C52392705FB390085534E /* Fonts.swift */,
				221C52002705ECF60085534E /* Assets.swift */,
				221C51DF2705DB890085534E /* Prism.generated.swift */,
				221C51E02705DB890085534E /* StringConstants.swift */,
				221C51E12705DB890085534E /* Lens.generated.swift */,
			);
			path = Generated;
			sourceTree = "<group>";
		};
		221C51ED2705E0230085534E /* Shared */ = {
			isa = PBXGroup;
			children = (
				221C523B2705FCD40085534E /* UI */,
				221C51EE2705E0360085534E /* LocalStorageService.swift */,
				221C51F02705E1C60085534E /* DefaultsStoreServiceProtocol.swift */,
				221C51F22705E1F50085534E /* Environment.swift */,
			);
			path = Shared;
			sourceTree = "<group>";
		};
		221C51F42705E38B0085534E /* Main */ = {
			isa = PBXGroup;
			children = (
				221C51F92705E3D70085534E /* Coordinators */,
			);
			path = Main;
			sourceTree = "<group>";
		};
		221C51F72705E3C90085534E /* Coordinators */ = {
			isa = PBXGroup;
			children = (
				221C51E52705DC0C0085534E /* SignInModuleCoordinator.swift */,
			);
			path = Coordinators;
			sourceTree = "<group>";
		};
		221C51F82705E3D00085534E /* ViewControllers */ = {
			isa = PBXGroup;
			children = (
				221C51E72705DC1B0085534E /* SignInTitleViewController.swift */,
				221C523E2706F9C20085534E /* AuthViewController.swift */,
			);
			path = ViewControllers;
			sourceTree = "<group>";
		};
		221C51F92705E3D70085534E /* Coordinators */ = {
			isa = PBXGroup;
			children = (
				221C51F52705E3A00085534E /* MainModuleCoordinator.swift */,
			);
			path = Coordinators;
			sourceTree = "<group>";
		};
		221C52042705FA830085534E /* Fonts */ = {
			isa = PBXGroup;
			children = (
				221C520E2705FA8F0085534E /* PlayfairDisplay-Black.ttf */,
				221C52092705FA8F0085534E /* PlayfairDisplay-BlackItalic.ttf */,
				221C521E2705FA980085534E /* Nunito-Black.ttf */,
				221C52272705FA9A0085534E /* Nunito-BlackItalic.ttf */,
				221C52232705FA990085534E /* Nunito-Bold.ttf */,
				221C52222705FA990085534E /* Nunito-BoldItalic.ttf */,
				221C52242705FA990085534E /* Nunito-ExtraBold.ttf */,
				221C522A2705FA9A0085534E /* Nunito-ExtraBoldItalic.ttf */,
				221C52292705FA9A0085534E /* Nunito-ExtraLight.ttf */,
				221C52252705FA9A0085534E /* Nunito-ExtraLightItalic.ttf */,
				221C52212705FA990085534E /* Nunito-Italic.ttf */,
				221C521D2705FA980085534E /* Nunito-Light.ttf */,
				221C52262705FA9A0085534E /* Nunito-LightItalic.ttf */,
				221C52202705FA990085534E /* Nunito-Regular.ttf */,
				221C52282705FA9A0085534E /* Nunito-SemiBold.ttf */,
				221C521F2705FA990085534E /* Nunito-SemiBoldItalic.ttf */,
				221C52072705FA8E0085534E /* PlayfairDisplay-Bold.ttf */,
				221C520D2705FA8F0085534E /* PlayfairDisplay-BoldItalic.ttf */,
				221C520F2705FA8F0085534E /* PlayfairDisplay-ExtraBold.ttf */,
				221C520B2705FA8F0085534E /* PlayfairDisplay-ExtraBoldItalic.ttf */,
				221C52102705FA8F0085534E /* PlayfairDisplay-Italic.ttf */,
				221C52052705FA8E0085534E /* PlayfairDisplay-Medium.ttf */,
				221C52062705FA8E0085534E /* PlayfairDisplay-MediumItalic.ttf */,
				221C52082705FA8E0085534E /* PlayfairDisplay-Regular.ttf */,
				221C520A2705FA8F0085534E /* PlayfairDisplay-SemiBold.ttf */,
				221C520C2705FA8F0085534E /* PlayfairDisplay-SemiBoldItalic.ttf */,
			);
			path = Fonts;
			sourceTree = "<group>";
		};
		221C523B2705FCD40085534E /* UI */ = {
			isa = PBXGroup;
			children = (
				221C523C2705FCE90085534E /* BackgroundGradientView.swift */,
				221C52402706FC440085534E /* NavbarView.swift */,
				221C5242270714900085534E /* TextfieldView.swift */,
				221C524427072C2F0085534E /* Button.swift */,
			);
			path = UI;
			sourceTree = "<group>";
		};
		3182A63912443A8ED7D95C4F /* Pods */ = {
			isa = PBXGroup;
			children = (
				B943057AC6DC82CD98DA5A82 /* Pods-lasting_lover_ios.debug.xcconfig */,
				D40174DF5527B78AE4BA6C5C /* Pods-lasting_lover_ios.release.xcconfig */,
			);
			path = Pods;
			sourceTree = "<group>";
		};
/* End PBXGroup section */

/* Begin PBXNativeTarget section */
		0262BB492705074200847ED7 /* lasting_lover_ios */ = {
			isa = PBXNativeTarget;
			buildConfigurationList = 0262BB5E2705074300847ED7 /* Build configuration list for PBXNativeTarget "lasting_lover_ios" */;
			buildPhases = (
				54941526B3934CE20219AFCB /* [CP] Check Pods Manifest.lock */,
				221C51DC2705DB2F0085534E /* ShellScript */,
				221C51DD2705DB380085534E /* ShellScript */,
				0262BB462705074200847ED7 /* Sources */,
				0262BB472705074200847ED7 /* Frameworks */,
				0262BB482705074200847ED7 /* Resources */,
			);
			buildRules = (
			);
			dependencies = (
			);
			name = lasting_lover_ios;
			packageProductDependencies = (
				02A2437527050ACF0048DB0D /* SnapKit */,
				221C51C92705C8A30085534E /* RxDataSources */,
				221C51CB2705C8A30085534E /* Differentiator */,
				221C51CE2705C8BF0085534E /* UNILibCore */,
				221C51D02705C8BF0085534E /* RxUNILib */,
				221C51D32705C8F90085534E /* RxCocoa */,
				221C51D52705C8F90085534E /* RxSwift */,
				221C51D82705C9560085534E /* Moya */,
				221C51DA2705C9560085534E /* RxMoya */,
			);
			productName = lasting_lover_ios;
			productReference = 0262BB4A2705074200847ED7 /* lasting_lover_ios.app */;
			productType = "com.apple.product-type.application";
		};
/* End PBXNativeTarget section */

/* Begin PBXProject section */
		0262BB422705074200847ED7 /* Project object */ = {
			isa = PBXProject;
			attributes = {
				LastSwiftUpdateCheck = 1230;
				LastUpgradeCheck = 1230;
				TargetAttributes = {
					0262BB492705074200847ED7 = {
						CreatedOnToolsVersion = 12.3;
					};
				};
			};
			buildConfigurationList = 0262BB452705074200847ED7 /* Build configuration list for PBXProject "lasting_lover_ios" */;
			compatibilityVersion = "Xcode 9.3";
			developmentRegion = en;
			hasScannedForEncodings = 0;
			knownRegions = (
				en,
				Base,
			);
			mainGroup = 0262BB412705074200847ED7;
			packageReferences = (
				02A2437427050ACF0048DB0D /* XCRemoteSwiftPackageReference "SnapKit" */,
				221C51C82705C8A30085534E /* XCRemoteSwiftPackageReference "RxDataSources" */,
				221C51CD2705C8BF0085534E /* XCRemoteSwiftPackageReference "UNILib" */,
				221C51D22705C8F90085534E /* XCRemoteSwiftPackageReference "RxSwift" */,
				221C51D72705C9560085534E /* XCRemoteSwiftPackageReference "Moya" */,
			);
			productRefGroup = 0262BB4B2705074200847ED7 /* Products */;
			projectDirPath = "";
			projectRoot = "";
			targets = (
				0262BB492705074200847ED7 /* lasting_lover_ios */,
			);
		};
/* End PBXProject section */

/* Begin PBXResourcesBuildPhase section */
		0262BB482705074200847ED7 /* Resources */ = {
			isa = PBXResourcesBuildPhase;
			buildActionMask = 2147483647;
			files = (
				221C52382705FA9A0085534E /* Nunito-ExtraBoldItalic.ttf in Resources */,
				221C52132705FA900085534E /* PlayfairDisplay-Bold.ttf in Resources */,
				221C52152705FA900085534E /* PlayfairDisplay-BlackItalic.ttf in Resources */,
				221C522B2705FA9A0085534E /* Nunito-Light.ttf in Resources */,
				221C52362705FA9A0085534E /* Nunito-SemiBold.ttf in Resources */,
				221C521A2705FA900085534E /* PlayfairDisplay-Black.ttf in Resources */,
				221C52032705F5260085534E /* Colors.xcassets in Resources */,
				221C521C2705FA900085534E /* PlayfairDisplay-Italic.ttf in Resources */,
				221C522C2705FA9A0085534E /* Nunito-Black.ttf in Resources */,
				221C52352705FA9A0085534E /* Nunito-BlackItalic.ttf in Resources */,
				221C52372705FA9A0085534E /* Nunito-ExtraLight.ttf in Resources */,
				221C52142705FA900085534E /* PlayfairDisplay-Regular.ttf in Resources */,
				221C522D2705FA9A0085534E /* Nunito-SemiBoldItalic.ttf in Resources */,
				221C52122705FA900085534E /* PlayfairDisplay-MediumItalic.ttf in Resources */,
				221C52182705FA900085534E /* PlayfairDisplay-SemiBoldItalic.ttf in Resources */,
				221C52192705FA900085534E /* PlayfairDisplay-BoldItalic.ttf in Resources */,
				221C52172705FA900085534E /* PlayfairDisplay-ExtraBoldItalic.ttf in Resources */,
				221C52332705FA9A0085534E /* Nunito-ExtraLightItalic.ttf in Resources */,
				221C522F2705FA9A0085534E /* Nunito-Italic.ttf in Resources */,
				221C52302705FA9A0085534E /* Nunito-BoldItalic.ttf in Resources */,
				221C521B2705FA900085534E /* PlayfairDisplay-ExtraBold.ttf in Resources */,
				0262BB5A2705074300847ED7 /* LaunchScreen.storyboard in Resources */,
				221C51C32705C73B0085534E /* Localizable.strings in Resources */,
				221C52162705FA900085534E /* PlayfairDisplay-SemiBold.ttf in Resources */,
				221C51FF2705ECBA0085534E /* Images.xcassets in Resources */,
				221C522E2705FA9A0085534E /* Nunito-Regular.ttf in Resources */,
				221C52342705FA9A0085534E /* Nunito-LightItalic.ttf in Resources */,
				221C52112705FA900085534E /* PlayfairDisplay-Medium.ttf in Resources */,
				221C52322705FA9A0085534E /* Nunito-ExtraBold.ttf in Resources */,
				221C52312705FA9A0085534E /* Nunito-Bold.ttf in Resources */,
				0262BB572705074300847ED7 /* Assets.xcassets in Resources */,
			);
			runOnlyForDeploymentPostprocessing = 0;
		};
/* End PBXResourcesBuildPhase section */

/* Begin PBXShellScriptBuildPhase section */
		221C51DC2705DB2F0085534E /* ShellScript */ = {
			isa = PBXShellScriptBuildPhase;
			buildActionMask = 2147483647;
			files = (
			);
			inputFileListPaths = (
			);
			inputPaths = (
			);
			outputFileListPaths = (
			);
			outputPaths = (
			);
			runOnlyForDeploymentPostprocessing = 0;
			shellPath = /bin/sh;
			shellScript = "\"${PODS_ROOT}/Sourcery/bin/sourcery\"\n";
		};
		221C51DD2705DB380085534E /* ShellScript */ = {
			isa = PBXShellScriptBuildPhase;
			buildActionMask = 2147483647;
			files = (
			);
			inputFileListPaths = (
			);
			inputPaths = (
			);
			outputFileListPaths = (
			);
			outputPaths = (
			);
			runOnlyForDeploymentPostprocessing = 0;
			shellPath = /bin/sh;
			shellScript = "swiftgen\n";
		};
		54941526B3934CE20219AFCB /* [CP] Check Pods Manifest.lock */ = {
			isa = PBXShellScriptBuildPhase;
			buildActionMask = 2147483647;
			files = (
			);
			inputFileListPaths = (
			);
			inputPaths = (
				"${PODS_PODFILE_DIR_PATH}/Podfile.lock",
				"${PODS_ROOT}/Manifest.lock",
			);
			name = "[CP] Check Pods Manifest.lock";
			outputFileListPaths = (
			);
			outputPaths = (
				"$(DERIVED_FILE_DIR)/Pods-lasting_lover_ios-checkManifestLockResult.txt",
			);
			runOnlyForDeploymentPostprocessing = 0;
			shellPath = /bin/sh;
			shellScript = "diff \"${PODS_PODFILE_DIR_PATH}/Podfile.lock\" \"${PODS_ROOT}/Manifest.lock\" > /dev/null\nif [ $? != 0 ] ; then\n    # print error to STDERR\n    echo \"error: The sandbox is not in sync with the Podfile.lock. Run 'pod install' or update your CocoaPods installation.\" >&2\n    exit 1\nfi\n# This output is used by Xcode 'outputs' to avoid re-running this script phase.\necho \"SUCCESS\" > \"${SCRIPT_OUTPUT_FILE_0}\"\n";
			showEnvVarsInLog = 0;
		};
/* End PBXShellScriptBuildPhase section */

/* Begin PBXSourcesBuildPhase section */
		0262BB462705074200847ED7 /* Sources */ = {
			isa = PBXSourcesBuildPhase;
			buildActionMask = 2147483647;
			files = (
				221C523D2705FCE90085534E /* BackgroundGradientView.swift in Sources */,
				221C51E42705DB890085534E /* Lens.generated.swift in Sources */,
				221C524527072C2F0085534E /* Button.swift in Sources */,
				221C5243270714900085534E /* TextfieldView.swift in Sources */,
				221C523A2705FB390085534E /* Fonts.swift in Sources */,
				221C51F32705E1F50085534E /* Environment.swift in Sources */,
				221C51E22705DB890085534E /* Prism.generated.swift in Sources */,
				221C523F2706F9C30085534E /* AuthViewController.swift in Sources */,
				221C51E82705DC1B0085534E /* SignInTitleViewController.swift in Sources */,
				221C51EF2705E0360085534E /* LocalStorageService.swift in Sources */,
				221C51EC2705DD8B0085534E /* SplashViewController.swift in Sources */,
				0262BB4E2705074200847ED7 /* AppDelegate.swift in Sources */,
				221C51EA2705DC6C0085534E /* AppCoordinator.swift in Sources */,
				221C52012705ECF60085534E /* Assets.swift in Sources */,
				221C51E32705DB890085534E /* StringConstants.swift in Sources */,
				0262BB6B2705084C00847ED7 /* Redux.swift in Sources */,
				221C52412706FC440085534E /* NavbarView.swift in Sources */,
				221C51F12705E1C60085534E /* DefaultsStoreServiceProtocol.swift in Sources */,
				221C51F62705E3A00085534E /* MainModuleCoordinator.swift in Sources */,
				221C51E62705DC0C0085534E /* SignInModuleCoordinator.swift in Sources */,
			);
			runOnlyForDeploymentPostprocessing = 0;
		};
/* End PBXSourcesBuildPhase section */

/* Begin PBXVariantGroup section */
		0262BB582705074300847ED7 /* LaunchScreen.storyboard */ = {
			isa = PBXVariantGroup;
			children = (
				0262BB592705074300847ED7 /* Base */,
			);
			name = LaunchScreen.storyboard;
			sourceTree = "<group>";
		};
		221C51C52705C73B0085534E /* Localizable.strings */ = {
			isa = PBXVariantGroup;
			children = (
				221C51C42705C73B0085534E /* en */,
			);
			name = Localizable.strings;
			sourceTree = "<group>";
		};
/* End PBXVariantGroup section */

/* Begin XCBuildConfiguration section */
		0262BB5C2705074300847ED7 /* Debug */ = {
			isa = XCBuildConfiguration;
			buildSettings = {
				ALWAYS_SEARCH_USER_PATHS = NO;
				CLANG_ANALYZER_NONNULL = YES;
				CLANG_ANALYZER_NUMBER_OBJECT_CONVERSION = YES_AGGRESSIVE;
				CLANG_CXX_LANGUAGE_STANDARD = "gnu++14";
				CLANG_CXX_LIBRARY = "libc++";
				CLANG_ENABLE_MODULES = YES;
				CLANG_ENABLE_OBJC_ARC = YES;
				CLANG_ENABLE_OBJC_WEAK = YES;
				CLANG_WARN_BLOCK_CAPTURE_AUTORELEASING = YES;
				CLANG_WARN_BOOL_CONVERSION = YES;
				CLANG_WARN_COMMA = YES;
				CLANG_WARN_CONSTANT_CONVERSION = YES;
				CLANG_WARN_DEPRECATED_OBJC_IMPLEMENTATIONS = YES;
				CLANG_WARN_DIRECT_OBJC_ISA_USAGE = YES_ERROR;
				CLANG_WARN_DOCUMENTATION_COMMENTS = YES;
				CLANG_WARN_EMPTY_BODY = YES;
				CLANG_WARN_ENUM_CONVERSION = YES;
				CLANG_WARN_INFINITE_RECURSION = YES;
				CLANG_WARN_INT_CONVERSION = YES;
				CLANG_WARN_NON_LITERAL_NULL_CONVERSION = YES;
				CLANG_WARN_OBJC_IMPLICIT_RETAIN_SELF = YES;
				CLANG_WARN_OBJC_LITERAL_CONVERSION = YES;
				CLANG_WARN_OBJC_ROOT_CLASS = YES_ERROR;
				CLANG_WARN_QUOTED_INCLUDE_IN_FRAMEWORK_HEADER = YES;
				CLANG_WARN_RANGE_LOOP_ANALYSIS = YES;
				CLANG_WARN_STRICT_PROTOTYPES = YES;
				CLANG_WARN_SUSPICIOUS_MOVE = YES;
				CLANG_WARN_UNGUARDED_AVAILABILITY = YES_AGGRESSIVE;
				CLANG_WARN_UNREACHABLE_CODE = YES;
				CLANG_WARN__DUPLICATE_METHOD_MATCH = YES;
				COPY_PHASE_STRIP = NO;
				DEBUG_INFORMATION_FORMAT = dwarf;
				ENABLE_STRICT_OBJC_MSGSEND = YES;
				ENABLE_TESTABILITY = YES;
				GCC_C_LANGUAGE_STANDARD = gnu11;
				GCC_DYNAMIC_NO_PIC = NO;
				GCC_NO_COMMON_BLOCKS = YES;
				GCC_OPTIMIZATION_LEVEL = 0;
				GCC_PREPROCESSOR_DEFINITIONS = (
					"DEBUG=1",
					"$(inherited)",
				);
				GCC_WARN_64_TO_32_BIT_CONVERSION = YES;
				GCC_WARN_ABOUT_RETURN_TYPE = YES_ERROR;
				GCC_WARN_UNDECLARED_SELECTOR = YES;
				GCC_WARN_UNINITIALIZED_AUTOS = YES_AGGRESSIVE;
				GCC_WARN_UNUSED_FUNCTION = YES;
				GCC_WARN_UNUSED_VARIABLE = YES;
				IPHONEOS_DEPLOYMENT_TARGET = 14.3;
				MTL_ENABLE_DEBUG_INFO = INCLUDE_SOURCE;
				MTL_FAST_MATH = YES;
				ONLY_ACTIVE_ARCH = YES;
				SDKROOT = iphoneos;
				SWIFT_ACTIVE_COMPILATION_CONDITIONS = DEBUG;
				SWIFT_OPTIMIZATION_LEVEL = "-Onone";
			};
			name = Debug;
		};
		0262BB5D2705074300847ED7 /* Release */ = {
			isa = XCBuildConfiguration;
			buildSettings = {
				ALWAYS_SEARCH_USER_PATHS = NO;
				CLANG_ANALYZER_NONNULL = YES;
				CLANG_ANALYZER_NUMBER_OBJECT_CONVERSION = YES_AGGRESSIVE;
				CLANG_CXX_LANGUAGE_STANDARD = "gnu++14";
				CLANG_CXX_LIBRARY = "libc++";
				CLANG_ENABLE_MODULES = YES;
				CLANG_ENABLE_OBJC_ARC = YES;
				CLANG_ENABLE_OBJC_WEAK = YES;
				CLANG_WARN_BLOCK_CAPTURE_AUTORELEASING = YES;
				CLANG_WARN_BOOL_CONVERSION = YES;
				CLANG_WARN_COMMA = YES;
				CLANG_WARN_CONSTANT_CONVERSION = YES;
				CLANG_WARN_DEPRECATED_OBJC_IMPLEMENTATIONS = YES;
				CLANG_WARN_DIRECT_OBJC_ISA_USAGE = YES_ERROR;
				CLANG_WARN_DOCUMENTATION_COMMENTS = YES;
				CLANG_WARN_EMPTY_BODY = YES;
				CLANG_WARN_ENUM_CONVERSION = YES;
				CLANG_WARN_INFINITE_RECURSION = YES;
				CLANG_WARN_INT_CONVERSION = YES;
				CLANG_WARN_NON_LITERAL_NULL_CONVERSION = YES;
				CLANG_WARN_OBJC_IMPLICIT_RETAIN_SELF = YES;
				CLANG_WARN_OBJC_LITERAL_CONVERSION = YES;
				CLANG_WARN_OBJC_ROOT_CLASS = YES_ERROR;
				CLANG_WARN_QUOTED_INCLUDE_IN_FRAMEWORK_HEADER = YES;
				CLANG_WARN_RANGE_LOOP_ANALYSIS = YES;
				CLANG_WARN_STRICT_PROTOTYPES = YES;
				CLANG_WARN_SUSPICIOUS_MOVE = YES;
				CLANG_WARN_UNGUARDED_AVAILABILITY = YES_AGGRESSIVE;
				CLANG_WARN_UNREACHABLE_CODE = YES;
				CLANG_WARN__DUPLICATE_METHOD_MATCH = YES;
				COPY_PHASE_STRIP = NO;
				DEBUG_INFORMATION_FORMAT = "dwarf-with-dsym";
				ENABLE_NS_ASSERTIONS = NO;
				ENABLE_STRICT_OBJC_MSGSEND = YES;
				GCC_C_LANGUAGE_STANDARD = gnu11;
				GCC_NO_COMMON_BLOCKS = YES;
				GCC_WARN_64_TO_32_BIT_CONVERSION = YES;
				GCC_WARN_ABOUT_RETURN_TYPE = YES_ERROR;
				GCC_WARN_UNDECLARED_SELECTOR = YES;
				GCC_WARN_UNINITIALIZED_AUTOS = YES_AGGRESSIVE;
				GCC_WARN_UNUSED_FUNCTION = YES;
				GCC_WARN_UNUSED_VARIABLE = YES;
				IPHONEOS_DEPLOYMENT_TARGET = 14.3;
				MTL_ENABLE_DEBUG_INFO = NO;
				MTL_FAST_MATH = YES;
				SDKROOT = iphoneos;
				SWIFT_COMPILATION_MODE = wholemodule;
				SWIFT_OPTIMIZATION_LEVEL = "-O";
				VALIDATE_PRODUCT = YES;
			};
			name = Release;
		};
		0262BB5F2705074300847ED7 /* Debug */ = {
			isa = XCBuildConfiguration;
			baseConfigurationReference = B943057AC6DC82CD98DA5A82 /* Pods-lasting_lover_ios.debug.xcconfig */;
			buildSettings = {
				ASSETCATALOG_COMPILER_APPICON_NAME = AppIcon;
				ASSETCATALOG_COMPILER_GLOBAL_ACCENT_COLOR_NAME = AccentColor;
				CODE_SIGN_STYLE = Automatic;
				DEVELOPMENT_TEAM = N35W696BYS;
				INFOPLIST_FILE = lasting_lover_ios/Info.plist;
				IPHONEOS_DEPLOYMENT_TARGET = 13.0;
				LD_RUNPATH_SEARCH_PATHS = (
					"$(inherited)",
					"@executable_path/Frameworks",
				);
				PRODUCT_BUNDLE_IDENTIFIER = "svch.lasting-lover-ios";
				PRODUCT_NAME = "$(TARGET_NAME)";
				SWIFT_VERSION = 5.0;
				TARGETED_DEVICE_FAMILY = 1;
			};
			name = Debug;
		};
		0262BB602705074300847ED7 /* Release */ = {
			isa = XCBuildConfiguration;
			baseConfigurationReference = D40174DF5527B78AE4BA6C5C /* Pods-lasting_lover_ios.release.xcconfig */;
			buildSettings = {
				ASSETCATALOG_COMPILER_APPICON_NAME = AppIcon;
				ASSETCATALOG_COMPILER_GLOBAL_ACCENT_COLOR_NAME = AccentColor;
				CODE_SIGN_STYLE = Automatic;
				DEVELOPMENT_TEAM = N35W696BYS;
				INFOPLIST_FILE = lasting_lover_ios/Info.plist;
				IPHONEOS_DEPLOYMENT_TARGET = 13.0;
				LD_RUNPATH_SEARCH_PATHS = (
					"$(inherited)",
					"@executable_path/Frameworks",
				);
				PRODUCT_BUNDLE_IDENTIFIER = "svch.lasting-lover-ios";
				PRODUCT_NAME = "$(TARGET_NAME)";
				SWIFT_VERSION = 5.0;
				TARGETED_DEVICE_FAMILY = 1;
			};
			name = Release;
		};
/* End XCBuildConfiguration section */

/* Begin XCConfigurationList section */
		0262BB452705074200847ED7 /* Build configuration list for PBXProject "lasting_lover_ios" */ = {
			isa = XCConfigurationList;
			buildConfigurations = (
				0262BB5C2705074300847ED7 /* Debug */,
				0262BB5D2705074300847ED7 /* Release */,
			);
			defaultConfigurationIsVisible = 0;
			defaultConfigurationName = Release;
		};
		0262BB5E2705074300847ED7 /* Build configuration list for PBXNativeTarget "lasting_lover_ios" */ = {
			isa = XCConfigurationList;
			buildConfigurations = (
				0262BB5F2705074300847ED7 /* Debug */,
				0262BB602705074300847ED7 /* Release */,
			);
			defaultConfigurationIsVisible = 0;
			defaultConfigurationName = Release;
		};
/* End XCConfigurationList section */

/* Begin XCRemoteSwiftPackageReference section */
		02A2437427050ACF0048DB0D /* XCRemoteSwiftPackageReference "SnapKit" */ = {
			isa = XCRemoteSwiftPackageReference;
			repositoryURL = "https://github.com/SnapKit/SnapKit.git";
			requirement = {
				kind = upToNextMajorVersion;
				minimumVersion = 5.0.1;
			};
		};
		221C51C82705C8A30085534E /* XCRemoteSwiftPackageReference "RxDataSources" */ = {
			isa = XCRemoteSwiftPackageReference;
			repositoryURL = "https://github.com/RxSwiftCommunity/RxDataSources.git";
			requirement = {
				kind = upToNextMajorVersion;
				minimumVersion = 4.0.0;
			};
		};
		221C51CD2705C8BF0085534E /* XCRemoteSwiftPackageReference "UNILib" */ = {
			isa = XCRemoteSwiftPackageReference;
			repositoryURL = "https://github.com/alexey-savchenko/UNILib.git";
			requirement = {
				branch = main;
				kind = branch;
			};
		};
		221C51D22705C8F90085534E /* XCRemoteSwiftPackageReference "RxSwift" */ = {
			isa = XCRemoteSwiftPackageReference;
			repositoryURL = "https://github.com/ReactiveX/RxSwift.git";
			requirement = {
				kind = exactVersion;
				version = 5.1.0;
			};
		};
		221C51D72705C9560085534E /* XCRemoteSwiftPackageReference "Moya" */ = {
			isa = XCRemoteSwiftPackageReference;
			repositoryURL = "https://github.com/Moya/Moya.git";
			requirement = {
				kind = upToNextMajorVersion;
				minimumVersion = 14.0.0;
			};
		};
/* End XCRemoteSwiftPackageReference section */

/* Begin XCSwiftPackageProductDependency section */
		02A2437527050ACF0048DB0D /* SnapKit */ = {
			isa = XCSwiftPackageProductDependency;
			package = 02A2437427050ACF0048DB0D /* XCRemoteSwiftPackageReference "SnapKit" */;
			productName = SnapKit;
		};
		221C51C92705C8A30085534E /* RxDataSources */ = {
			isa = XCSwiftPackageProductDependency;
			package = 221C51C82705C8A30085534E /* XCRemoteSwiftPackageReference "RxDataSources" */;
			productName = RxDataSources;
		};
		221C51CB2705C8A30085534E /* Differentiator */ = {
			isa = XCSwiftPackageProductDependency;
			package = 221C51C82705C8A30085534E /* XCRemoteSwiftPackageReference "RxDataSources" */;
			productName = Differentiator;
		};
		221C51CE2705C8BF0085534E /* UNILibCore */ = {
			isa = XCSwiftPackageProductDependency;
			package = 221C51CD2705C8BF0085534E /* XCRemoteSwiftPackageReference "UNILib" */;
			productName = UNILibCore;
		};
		221C51D02705C8BF0085534E /* RxUNILib */ = {
			isa = XCSwiftPackageProductDependency;
			package = 221C51CD2705C8BF0085534E /* XCRemoteSwiftPackageReference "UNILib" */;
			productName = RxUNILib;
		};
		221C51D32705C8F90085534E /* RxCocoa */ = {
			isa = XCSwiftPackageProductDependency;
			package = 221C51D22705C8F90085534E /* XCRemoteSwiftPackageReference "RxSwift" */;
			productName = RxCocoa;
		};
		221C51D52705C8F90085534E /* RxSwift */ = {
			isa = XCSwiftPackageProductDependency;
			package = 221C51D22705C8F90085534E /* XCRemoteSwiftPackageReference "RxSwift" */;
			productName = RxSwift;
		};
		221C51D82705C9560085534E /* Moya */ = {
			isa = XCSwiftPackageProductDependency;
			package = 221C51D72705C9560085534E /* XCRemoteSwiftPackageReference "Moya" */;
			productName = Moya;
		};
		221C51DA2705C9560085534E /* RxMoya */ = {
			isa = XCSwiftPackageProductDependency;
			package = 221C51D72705C9560085534E /* XCRemoteSwiftPackageReference "Moya" */;
			productName = RxMoya;
		};
/* End XCSwiftPackageProductDependency section */
	};
	rootObject = 0262BB422705074200847ED7 /* Project object */;
}
