// !$*UTF8*$!
{
	archiveVersion = 1;
	classes = {
	};
	objectVersion = 52;
	objects = {

/* Begin PBXBuildFile section */
		02195F3D273FDCD400BD5A5D /* AllSeriesViewController.swift in Sources */ = {isa = PBXBuildFile; fileRef = 02195F3C273FDCD400BD5A5D /* AllSeriesViewController.swift */; };
		02195F3F273FE65E00BD5A5D /* AllSeriesControllerViewModel.swift in Sources */ = {isa = PBXBuildFile; fileRef = 02195F3E273FE65E00BD5A5D /* AllSeriesControllerViewModel.swift */; };
		02195F41273FE7FA00BD5A5D /* SeriesCell.swift in Sources */ = {isa = PBXBuildFile; fileRef = 02195F40273FE7FA00BD5A5D /* SeriesCell.swift */; };
		02195F43273FE81600BD5A5D /* SeriesCellViewModel.swift in Sources */ = {isa = PBXBuildFile; fileRef = 02195F42273FE81600BD5A5D /* SeriesCellViewModel.swift */; };
		02195F45273FECFB00BD5A5D /* Loadable+Ext.swift in Sources */ = {isa = PBXBuildFile; fileRef = 02195F44273FECFB00BD5A5D /* Loadable+Ext.swift */; };
		02195F482740279A00BD5A5D /* SeriesModuleCoordinator.swift in Sources */ = {isa = PBXBuildFile; fileRef = 02195F472740279A00BD5A5D /* SeriesModuleCoordinator.swift */; };
		02195F4A274027F200BD5A5D /* SeriesControllerViewModel.swift in Sources */ = {isa = PBXBuildFile; fileRef = 02195F49274027F200BD5A5D /* SeriesControllerViewModel.swift */; };
		02195F4C2740281100BD5A5D /* SeriesViewController.swift in Sources */ = {isa = PBXBuildFile; fileRef = 02195F4B2740281100BD5A5D /* SeriesViewController.swift */; };
		02195F4E2740351000BD5A5D /* CenteredLayout.swift.swift in Sources */ = {isa = PBXBuildFile; fileRef = 02195F4D2740351000BD5A5D /* CenteredLayout.swift.swift */; };
		02195F502741413900BD5A5D /* CategoryControllerViewModel.swift in Sources */ = {isa = PBXBuildFile; fileRef = 02195F4F2741413900BD5A5D /* CategoryControllerViewModel.swift */; };
		02195F522741472900BD5A5D /* CategoryViewController.swift in Sources */ = {isa = PBXBuildFile; fileRef = 02195F512741472900BD5A5D /* CategoryViewController.swift */; };
		021BA2A82739A5D100A0F3CF /* StoriesController.swift in Sources */ = {isa = PBXBuildFile; fileRef = 021BA2A72739A5D100A0F3CF /* StoriesController.swift */; };
		021BA2AA273AB4B000A0F3CF /* ListenedItemsService.swift in Sources */ = {isa = PBXBuildFile; fileRef = 021BA2A9273AB4AF00A0F3CF /* ListenedItemsService.swift */; };
		021BA2AC273AB69200A0F3CF /* SubscriptionService.swift in Sources */ = {isa = PBXBuildFile; fileRef = 021BA2AB273AB69200A0F3CF /* SubscriptionService.swift */; };
		021BA2AE273AB74300A0F3CF /* Subscription.swift in Sources */ = {isa = PBXBuildFile; fileRef = 021BA2AD273AB74300A0F3CF /* Subscription.swift */; };
		021BA2B3273BDAA800A0F3CF /* StoriesControllerViewModel.swift in Sources */ = {isa = PBXBuildFile; fileRef = 021BA2B2273BDAA800A0F3CF /* StoriesControllerViewModel.swift */; };
		024CC199273E58AD00B2EDA4 /* UIPresentationController+Rx.swift in Sources */ = {isa = PBXBuildFile; fileRef = 024CC198273E58AC00B2EDA4 /* UIPresentationController+Rx.swift */; };
		0262BB4E2705074200847ED7 /* AppDelegate.swift in Sources */ = {isa = PBXBuildFile; fileRef = 0262BB4D2705074200847ED7 /* AppDelegate.swift */; };
		0262BB572705074300847ED7 /* Assets.xcassets in Resources */ = {isa = PBXBuildFile; fileRef = 0262BB562705074300847ED7 /* Assets.xcassets */; };
		0262BB5A2705074300847ED7 /* LaunchScreen.storyboard in Resources */ = {isa = PBXBuildFile; fileRef = 0262BB582705074300847ED7 /* LaunchScreen.storyboard */; };
		0262BB6B2705084C00847ED7 /* AppState.swift in Sources */ = {isa = PBXBuildFile; fileRef = 0262BB6A2705084C00847ED7 /* AppState.swift */; };
		02770AD42735B38100DF4F49 /* VerticalScrollingView.swift in Sources */ = {isa = PBXBuildFile; fileRef = 02770AD32735B38000DF4F49 /* VerticalScrollingView.swift */; };
		02770AD62735B8F000DF4F49 /* AuthorCellViewModel.swift in Sources */ = {isa = PBXBuildFile; fileRef = 02770AD52735B8F000DF4F49 /* AuthorCellViewModel.swift */; };
		02770AD82735BA9900DF4F49 /* Secrion.swift in Sources */ = {isa = PBXBuildFile; fileRef = 02770AD72735BA9900DF4F49 /* Secrion.swift */; };
		02770ADA2735DA3A00DF4F49 /* SeriesCellViewModel.swift.swift in Sources */ = {isa = PBXBuildFile; fileRef = 02770AD92735DA3A00DF4F49 /* SeriesCellViewModel.swift.swift */; };
		02770ADC2735E04300DF4F49 /* SeriesLayout.swift in Sources */ = {isa = PBXBuildFile; fileRef = 02770ADB2735E04300DF4F49 /* SeriesLayout.swift */; };
		02770ADF2737C63000DF4F49 /* CategoryCellViewModel.swift in Sources */ = {isa = PBXBuildFile; fileRef = 02770ADE2737C63000DF4F49 /* CategoryCellViewModel.swift */; };
		02770AE22737D02F00DF4F49 /* UIViewController+Ext.swift in Sources */ = {isa = PBXBuildFile; fileRef = 02770AE12737D02E00DF4F49 /* UIViewController+Ext.swift */; };
		02770AE42737E93400DF4F49 /* StoriesLayout.swift in Sources */ = {isa = PBXBuildFile; fileRef = 02770AE32737E93400DF4F49 /* StoriesLayout.swift */; };
		02770AE62737E9C400DF4F49 /* DiscoverStoryCellViewModel.swift in Sources */ = {isa = PBXBuildFile; fileRef = 02770AE52737E9C400DF4F49 /* DiscoverStoryCellViewModel.swift */; };
		02770AED2737F1D000DF4F49 /* FavoritesViewController.swift in Sources */ = {isa = PBXBuildFile; fileRef = 02770AEC2737F1D000DF4F49 /* FavoritesViewController.swift */; };
		02770AEF2737F1F700DF4F49 /* FavoritesControllerViewModel.swift in Sources */ = {isa = PBXBuildFile; fileRef = 02770AEE2737F1F700DF4F49 /* FavoritesControllerViewModel.swift */; };
		02770AF2273806BF00DF4F49 /* SleepState.swift in Sources */ = {isa = PBXBuildFile; fileRef = 02770AF1273806BE00DF4F49 /* SleepState.swift */; };
		02770AF427385DE900DF4F49 /* SleepCategoryCellViewModel.swift in Sources */ = {isa = PBXBuildFile; fileRef = 02770AF327385DE900DF4F49 /* SleepCategoryCellViewModel.swift */; };
		02770AF6273864C700DF4F49 /* SleepFeaturedStoryCellViewModel.swift in Sources */ = {isa = PBXBuildFile; fileRef = 02770AF5273864C600DF4F49 /* SleepFeaturedStoryCellViewModel.swift */; };
		029EEDFF273E8F5D005DAC05 /* AuthorViewController.swift in Sources */ = {isa = PBXBuildFile; fileRef = 029EEDFE273E8F5D005DAC05 /* AuthorViewController.swift */; };
		029EEE01273E9551005DAC05 /* AuthorViewControllerViewModel.swift in Sources */ = {isa = PBXBuildFile; fileRef = 029EEE00273E9551005DAC05 /* AuthorViewControllerViewModel.swift */; };
		029EEE04273E9E32005DAC05 /* AuthorModuleCoordinator.swift in Sources */ = {isa = PBXBuildFile; fileRef = 029EEE03273E9E32005DAC05 /* AuthorModuleCoordinator.swift */; };
		029EEE06273EA3C7005DAC05 /* AuthorStoryCellViewModel.swift in Sources */ = {isa = PBXBuildFile; fileRef = 029EEE05273EA3C7005DAC05 /* AuthorStoryCellViewModel.swift */; };
		02A2437627050ACF0048DB0D /* SnapKit in Frameworks */ = {isa = PBXBuildFile; productRef = 02A2437527050ACF0048DB0D /* SnapKit */; };
		02F57EF5272C135400BB1E7C /* DiscoverState.swift in Sources */ = {isa = PBXBuildFile; fileRef = 02F57EF4272C135400BB1E7C /* DiscoverState.swift */; };
		2218AD7A27185CF3002C405C /* PurchaseModuleCoordinator.swift in Sources */ = {isa = PBXBuildFile; fileRef = 2218AD7927185CF2002C405C /* PurchaseModuleCoordinator.swift */; };
		2218AD7D27185D61002C405C /* PlayerItem.swift in Sources */ = {isa = PBXBuildFile; fileRef = 2218AD7C27185D61002C405C /* PlayerItem.swift */; };
		2218AD7F27185DDF002C405C /* PlayerModuleCoordinator.swift in Sources */ = {isa = PBXBuildFile; fileRef = 2218AD7E27185DDF002C405C /* PlayerModuleCoordinator.swift */; };
		2218AD8127187096002C405C /* PlayerModuleState.swift in Sources */ = {isa = PBXBuildFile; fileRef = 2218AD8027187096002C405C /* PlayerModuleState.swift */; };
		2218AD8327187207002C405C /* placeholder.png in Resources */ = {isa = PBXBuildFile; fileRef = 2218AD8227187207002C405C /* placeholder.png */; };
		2218AD85271D772A002C405C /* PlayerProgressBarView.swift in Sources */ = {isa = PBXBuildFile; fileRef = 2218AD84271D772A002C405C /* PlayerProgressBarView.swift */; };
		2218AD88271D92F7002C405C /* AudioPlayerService.swift in Sources */ = {isa = PBXBuildFile; fileRef = 2218AD87271D92F7002C405C /* AudioPlayerService.swift */; };
		2218AD8A271D95D9002C405C /* placeholderAudio.mp3 in Resources */ = {isa = PBXBuildFile; fileRef = 2218AD89271D95D9002C405C /* placeholderAudio.mp3 */; };
		2218AD8C271DA53A002C405C /* FavoritesService.swift in Sources */ = {isa = PBXBuildFile; fileRef = 2218AD8B271DA53A002C405C /* FavoritesService.swift */; };
		221C51C32705C73B0085534E /* Localizable.strings in Resources */ = {isa = PBXBuildFile; fileRef = 221C51C52705C73B0085534E /* Localizable.strings */; };
		221C51CA2705C8A30085534E /* RxDataSources in Frameworks */ = {isa = PBXBuildFile; productRef = 221C51C92705C8A30085534E /* RxDataSources */; };
		221C51CC2705C8A30085534E /* Differentiator in Frameworks */ = {isa = PBXBuildFile; productRef = 221C51CB2705C8A30085534E /* Differentiator */; };
		221C51CF2705C8BF0085534E /* UNILibCore in Frameworks */ = {isa = PBXBuildFile; productRef = 221C51CE2705C8BF0085534E /* UNILibCore */; };
		221C51D12705C8BF0085534E /* RxUNILib in Frameworks */ = {isa = PBXBuildFile; productRef = 221C51D02705C8BF0085534E /* RxUNILib */; };
		221C51D42705C8F90085534E /* RxCocoa in Frameworks */ = {isa = PBXBuildFile; productRef = 221C51D32705C8F90085534E /* RxCocoa */; };
		221C51D62705C8F90085534E /* RxSwift in Frameworks */ = {isa = PBXBuildFile; productRef = 221C51D52705C8F90085534E /* RxSwift */; };
		221C51D92705C9560085534E /* Moya in Frameworks */ = {isa = PBXBuildFile; productRef = 221C51D82705C9560085534E /* Moya */; };
		221C51DB2705C9560085534E /* RxMoya in Frameworks */ = {isa = PBXBuildFile; productRef = 221C51DA2705C9560085534E /* RxMoya */; };
		221C51E22705DB890085534E /* Prism.generated.swift in Sources */ = {isa = PBXBuildFile; fileRef = 221C51DF2705DB890085534E /* Prism.generated.swift */; };
		221C51E32705DB890085534E /* StringConstants.swift in Sources */ = {isa = PBXBuildFile; fileRef = 221C51E02705DB890085534E /* StringConstants.swift */; };
		221C51E42705DB890085534E /* Lens.generated.swift in Sources */ = {isa = PBXBuildFile; fileRef = 221C51E12705DB890085534E /* Lens.generated.swift */; };
		221C51E62705DC0C0085534E /* SignInModuleCoordinator.swift in Sources */ = {isa = PBXBuildFile; fileRef = 221C51E52705DC0C0085534E /* SignInModuleCoordinator.swift */; };
		221C51E82705DC1B0085534E /* AuthTitleViewController.swift in Sources */ = {isa = PBXBuildFile; fileRef = 221C51E72705DC1B0085534E /* AuthTitleViewController.swift */; };
		221C51EA2705DC6C0085534E /* AppCoordinator.swift in Sources */ = {isa = PBXBuildFile; fileRef = 221C51E92705DC6C0085534E /* AppCoordinator.swift */; };
		221C51EC2705DD8B0085534E /* SplashViewController.swift in Sources */ = {isa = PBXBuildFile; fileRef = 221C51EB2705DD8B0085534E /* SplashViewController.swift */; };
		221C51EF2705E0360085534E /* LocalStorageService.swift in Sources */ = {isa = PBXBuildFile; fileRef = 221C51EE2705E0360085534E /* LocalStorageService.swift */; };
		221C51F12705E1C60085534E /* DefaultsStoreServiceProtocol.swift in Sources */ = {isa = PBXBuildFile; fileRef = 221C51F02705E1C60085534E /* DefaultsStoreServiceProtocol.swift */; };
		221C51F32705E1F50085534E /* Environment.swift in Sources */ = {isa = PBXBuildFile; fileRef = 221C51F22705E1F50085534E /* Environment.swift */; };
		221C51F62705E3A00085534E /* MainModuleCoordinator.swift in Sources */ = {isa = PBXBuildFile; fileRef = 221C51F52705E3A00085534E /* MainModuleCoordinator.swift */; };
		221C51FF2705ECBA0085534E /* Images.xcassets in Resources */ = {isa = PBXBuildFile; fileRef = 221C51FE2705ECBA0085534E /* Images.xcassets */; };
		221C52012705ECF60085534E /* Assets.swift in Sources */ = {isa = PBXBuildFile; fileRef = 221C52002705ECF60085534E /* Assets.swift */; };
		221C52032705F5260085534E /* Colors.xcassets in Resources */ = {isa = PBXBuildFile; fileRef = 221C52022705F5260085534E /* Colors.xcassets */; };
		221C52112705FA900085534E /* PlayfairDisplay-Medium.ttf in Resources */ = {isa = PBXBuildFile; fileRef = 221C52052705FA8E0085534E /* PlayfairDisplay-Medium.ttf */; };
		221C52122705FA900085534E /* PlayfairDisplay-MediumItalic.ttf in Resources */ = {isa = PBXBuildFile; fileRef = 221C52062705FA8E0085534E /* PlayfairDisplay-MediumItalic.ttf */; };
		221C52132705FA900085534E /* PlayfairDisplay-Bold.ttf in Resources */ = {isa = PBXBuildFile; fileRef = 221C52072705FA8E0085534E /* PlayfairDisplay-Bold.ttf */; };
		221C52142705FA900085534E /* PlayfairDisplay-Regular.ttf in Resources */ = {isa = PBXBuildFile; fileRef = 221C52082705FA8E0085534E /* PlayfairDisplay-Regular.ttf */; };
		221C52152705FA900085534E /* PlayfairDisplay-BlackItalic.ttf in Resources */ = {isa = PBXBuildFile; fileRef = 221C52092705FA8F0085534E /* PlayfairDisplay-BlackItalic.ttf */; };
		221C52162705FA900085534E /* PlayfairDisplay-SemiBold.ttf in Resources */ = {isa = PBXBuildFile; fileRef = 221C520A2705FA8F0085534E /* PlayfairDisplay-SemiBold.ttf */; };
		221C52172705FA900085534E /* PlayfairDisplay-ExtraBoldItalic.ttf in Resources */ = {isa = PBXBuildFile; fileRef = 221C520B2705FA8F0085534E /* PlayfairDisplay-ExtraBoldItalic.ttf */; };
		221C52182705FA900085534E /* PlayfairDisplay-SemiBoldItalic.ttf in Resources */ = {isa = PBXBuildFile; fileRef = 221C520C2705FA8F0085534E /* PlayfairDisplay-SemiBoldItalic.ttf */; };
		221C52192705FA900085534E /* PlayfairDisplay-BoldItalic.ttf in Resources */ = {isa = PBXBuildFile; fileRef = 221C520D2705FA8F0085534E /* PlayfairDisplay-BoldItalic.ttf */; };
		221C521A2705FA900085534E /* PlayfairDisplay-Black.ttf in Resources */ = {isa = PBXBuildFile; fileRef = 221C520E2705FA8F0085534E /* PlayfairDisplay-Black.ttf */; };
		221C521B2705FA900085534E /* PlayfairDisplay-ExtraBold.ttf in Resources */ = {isa = PBXBuildFile; fileRef = 221C520F2705FA8F0085534E /* PlayfairDisplay-ExtraBold.ttf */; };
		221C521C2705FA900085534E /* PlayfairDisplay-Italic.ttf in Resources */ = {isa = PBXBuildFile; fileRef = 221C52102705FA8F0085534E /* PlayfairDisplay-Italic.ttf */; };
		221C522B2705FA9A0085534E /* Nunito-Light.ttf in Resources */ = {isa = PBXBuildFile; fileRef = 221C521D2705FA980085534E /* Nunito-Light.ttf */; };
		221C522C2705FA9A0085534E /* Nunito-Black.ttf in Resources */ = {isa = PBXBuildFile; fileRef = 221C521E2705FA980085534E /* Nunito-Black.ttf */; };
		221C522D2705FA9A0085534E /* Nunito-SemiBoldItalic.ttf in Resources */ = {isa = PBXBuildFile; fileRef = 221C521F2705FA990085534E /* Nunito-SemiBoldItalic.ttf */; };
		221C522E2705FA9A0085534E /* Nunito-Regular.ttf in Resources */ = {isa = PBXBuildFile; fileRef = 221C52202705FA990085534E /* Nunito-Regular.ttf */; };
		221C522F2705FA9A0085534E /* Nunito-Italic.ttf in Resources */ = {isa = PBXBuildFile; fileRef = 221C52212705FA990085534E /* Nunito-Italic.ttf */; };
		221C52302705FA9A0085534E /* Nunito-BoldItalic.ttf in Resources */ = {isa = PBXBuildFile; fileRef = 221C52222705FA990085534E /* Nunito-BoldItalic.ttf */; };
		221C52312705FA9A0085534E /* Nunito-Bold.ttf in Resources */ = {isa = PBXBuildFile; fileRef = 221C52232705FA990085534E /* Nunito-Bold.ttf */; };
		221C52322705FA9A0085534E /* Nunito-ExtraBold.ttf in Resources */ = {isa = PBXBuildFile; fileRef = 221C52242705FA990085534E /* Nunito-ExtraBold.ttf */; };
		221C52332705FA9A0085534E /* Nunito-ExtraLightItalic.ttf in Resources */ = {isa = PBXBuildFile; fileRef = 221C52252705FA9A0085534E /* Nunito-ExtraLightItalic.ttf */; };
		221C52342705FA9A0085534E /* Nunito-LightItalic.ttf in Resources */ = {isa = PBXBuildFile; fileRef = 221C52262705FA9A0085534E /* Nunito-LightItalic.ttf */; };
		221C52352705FA9A0085534E /* Nunito-BlackItalic.ttf in Resources */ = {isa = PBXBuildFile; fileRef = 221C52272705FA9A0085534E /* Nunito-BlackItalic.ttf */; };
		221C52362705FA9A0085534E /* Nunito-SemiBold.ttf in Resources */ = {isa = PBXBuildFile; fileRef = 221C52282705FA9A0085534E /* Nunito-SemiBold.ttf */; };
		221C52372705FA9A0085534E /* Nunito-ExtraLight.ttf in Resources */ = {isa = PBXBuildFile; fileRef = 221C52292705FA9A0085534E /* Nunito-ExtraLight.ttf */; };
		221C52382705FA9A0085534E /* Nunito-ExtraBoldItalic.ttf in Resources */ = {isa = PBXBuildFile; fileRef = 221C522A2705FA9A0085534E /* Nunito-ExtraBoldItalic.ttf */; };
		221C523A2705FB390085534E /* Fonts.swift in Sources */ = {isa = PBXBuildFile; fileRef = 221C52392705FB390085534E /* Fonts.swift */; };
		221C523D2705FCE90085534E /* BackgroundGradientView.swift in Sources */ = {isa = PBXBuildFile; fileRef = 221C523C2705FCE90085534E /* BackgroundGradientView.swift */; };
		221C523F2706F9C30085534E /* AuthViewController.swift in Sources */ = {isa = PBXBuildFile; fileRef = 221C523E2706F9C20085534E /* AuthViewController.swift */; };
		221C52412706FC440085534E /* NavbarView.swift in Sources */ = {isa = PBXBuildFile; fileRef = 221C52402706FC440085534E /* NavbarView.swift */; };
		221C5243270714900085534E /* TextfieldView.swift in Sources */ = {isa = PBXBuildFile; fileRef = 221C5242270714900085534E /* TextfieldView.swift */; };
		221C524527072C2F0085534E /* Button.swift in Sources */ = {isa = PBXBuildFile; fileRef = 221C524427072C2F0085534E /* Button.swift */; };
		221C5248270737A40085534E /* AuthControllerViewModel.swift in Sources */ = {isa = PBXBuildFile; fileRef = 221C5247270737A40085534E /* AuthControllerViewModel.swift */; };
		221C524B270738CB0085534E /* State.swift in Sources */ = {isa = PBXBuildFile; fileRef = 221C524A270738CB0085534E /* State.swift */; };
		221C524D270750E60085534E /* FullscreenLoadingView.swift in Sources */ = {isa = PBXBuildFile; fileRef = 221C524C270750E60085534E /* FullscreenLoadingView.swift */; };
		221C524F27086EA80085534E /* CongratulationsController.swift in Sources */ = {isa = PBXBuildFile; fileRef = 221C524E27086EA70085534E /* CongratulationsController.swift */; };
		221C52522709CCC70085534E /* DiscoverViewController.swift in Sources */ = {isa = PBXBuildFile; fileRef = 221C52512709CCC70085534E /* DiscoverViewController.swift */; };
		221C52552709CD330085534E /* MainModuleViewController.swift in Sources */ = {isa = PBXBuildFile; fileRef = 221C52542709CD330085534E /* MainModuleViewController.swift */; };
		221C52582709DC3D0085534E /* ToolbarItem.swift in Sources */ = {isa = PBXBuildFile; fileRef = 221C52562709DC3D0085534E /* ToolbarItem.swift */; };
		221C52592709DC3D0085534E /* Toolbar.swift in Sources */ = {isa = PBXBuildFile; fileRef = 221C52572709DC3D0085534E /* Toolbar.swift */; };
		221C525D270A4ACF0085534E /* MainControllerViewModel.swift in Sources */ = {isa = PBXBuildFile; fileRef = 221C525C270A4ACE0085534E /* MainControllerViewModel.swift */; };
		221C525F270A4B5D0085534E /* MainModuleState.swift in Sources */ = {isa = PBXBuildFile; fileRef = 221C525E270A4B5D0085534E /* MainModuleState.swift */; };
		221C5261270A4DF60085534E /* SleepViewController.swift in Sources */ = {isa = PBXBuildFile; fileRef = 221C5260270A4DF60085534E /* SleepViewController.swift */; };
		221C5272270A59F90085534E /* SleepControllerViewModel.swift in Sources */ = {isa = PBXBuildFile; fileRef = 221C5271270A59F90085534E /* SleepControllerViewModel.swift */; };
		221C5274270A61330085534E /* DiscoverControllerViewModel.swift in Sources */ = {isa = PBXBuildFile; fileRef = 221C5273270A61330085534E /* DiscoverControllerViewModel.swift */; };
		221E22BC270C5919003F324B /* SettingsModuleCoordinator.swift in Sources */ = {isa = PBXBuildFile; fileRef = 221E22BB270C5919003F324B /* SettingsModuleCoordinator.swift */; };
		221E22BE270C5969003F324B /* SettingsViewController.swift in Sources */ = {isa = PBXBuildFile; fileRef = 221E22BD270C5969003F324B /* SettingsViewController.swift */; };
		221E22C0270C5A02003F324B /* SettingsControllerViewModel.swift in Sources */ = {isa = PBXBuildFile; fileRef = 221E22BF270C5A02003F324B /* SettingsControllerViewModel.swift */; };
		221E22C3270C5AA0003F324B /* SettingsState.swift in Sources */ = {isa = PBXBuildFile; fileRef = 221E22C2270C5AA0003F324B /* SettingsState.swift */; };
		221E22C5270C5E16003F324B /* SettingsItem.swift in Sources */ = {isa = PBXBuildFile; fileRef = 221E22C4270C5E16003F324B /* SettingsItem.swift */; };
		221E22C8270DCC8D003F324B /* CircleImageAndTitleCellCell.swift in Sources */ = {isa = PBXBuildFile; fileRef = 221E22C7270DCC8D003F324B /* CircleImageAndTitleCellCell.swift */; };
		221E22CA270DCFB0003F324B /* RoundedRectAndTitleCell.swift in Sources */ = {isa = PBXBuildFile; fileRef = 221E22C9270DCFB0003F324B /* RoundedRectAndTitleCell.swift */; };
		221E22CC270DE585003F324B /* InsetLabel.swift in Sources */ = {isa = PBXBuildFile; fileRef = 221E22CB270DE585003F324B /* InsetLabel.swift */; };
		221E22CE270DE985003F324B /* CategoryCell.swift in Sources */ = {isa = PBXBuildFile; fileRef = 221E22CD270DE985003F324B /* CategoryCell.swift */; };
		221E22D0270DEB15003F324B /* TodayPopularView.swift in Sources */ = {isa = PBXBuildFile; fileRef = 221E22CF270DEB15003F324B /* TodayPopularView.swift */; };
		221E22D8270F2FAA003F324B /* Snapshotable.swift in Sources */ = {isa = PBXBuildFile; fileRef = 221E22D7270F2FAA003F324B /* Snapshotable.swift */; };
		221E22DA270F43CC003F324B /* PlayerController.swift in Sources */ = {isa = PBXBuildFile; fileRef = 221E22D9270F43CC003F324B /* PlayerController.swift */; };
		221E22DC270F48E0003F324B /* PlayerControllerViewModel.swift in Sources */ = {isa = PBXBuildFile; fileRef = 221E22DB270F48E0003F324B /* PlayerControllerViewModel.swift */; };
		22B8192027230DD900BFDB8B /* ImageLoadingService.swift in Sources */ = {isa = PBXBuildFile; fileRef = 22B8191F27230DD900BFDB8B /* ImageLoadingService.swift */; };
		22B8192227230F7F00BFDB8B /* Constants.swift in Sources */ = {isa = PBXBuildFile; fileRef = 22B8192127230F7F00BFDB8B /* Constants.swift */; };
		22BF198E272D608000FAA6C6 /* AudioItemCell.swift in Sources */ = {isa = PBXBuildFile; fileRef = 22BF198D272D608000FAA6C6 /* AudioItemCell.swift */; };
		22BF1990272E790B00FAA6C6 /* BackendService.swift in Sources */ = {isa = PBXBuildFile; fileRef = 22BF198F272E790B00FAA6C6 /* BackendService.swift */; };
		22BF1993272E852D00FAA6C6 /* Models.swift in Sources */ = {isa = PBXBuildFile; fileRef = 22BF1992272E852D00FAA6C6 /* Models.swift */; };
		250E2BCCE4F8F0FEA0BC707C /* Pods_lasting_lover_ios.framework in Frameworks */ = {isa = PBXBuildFile; fileRef = 197C3DCDABF5E70B71772671 /* Pods_lasting_lover_ios.framework */; };
/* End PBXBuildFile section */

/* Begin PBXFileReference section */
		02195F3C273FDCD400BD5A5D /* AllSeriesViewController.swift */ = {isa = PBXFileReference; lastKnownFileType = sourcecode.swift; path = AllSeriesViewController.swift; sourceTree = "<group>"; };
		02195F3E273FE65E00BD5A5D /* AllSeriesControllerViewModel.swift */ = {isa = PBXFileReference; lastKnownFileType = sourcecode.swift; path = AllSeriesControllerViewModel.swift; sourceTree = "<group>"; };
		02195F40273FE7FA00BD5A5D /* SeriesCell.swift */ = {isa = PBXFileReference; lastKnownFileType = sourcecode.swift; path = SeriesCell.swift; sourceTree = "<group>"; };
		02195F42273FE81600BD5A5D /* SeriesCellViewModel.swift */ = {isa = PBXFileReference; lastKnownFileType = sourcecode.swift; path = SeriesCellViewModel.swift; sourceTree = "<group>"; };
		02195F44273FECFB00BD5A5D /* Loadable+Ext.swift */ = {isa = PBXFileReference; lastKnownFileType = sourcecode.swift; path = "Loadable+Ext.swift"; sourceTree = "<group>"; };
		02195F472740279A00BD5A5D /* SeriesModuleCoordinator.swift */ = {isa = PBXFileReference; lastKnownFileType = sourcecode.swift; path = SeriesModuleCoordinator.swift; sourceTree = "<group>"; };
		02195F49274027F200BD5A5D /* SeriesControllerViewModel.swift */ = {isa = PBXFileReference; lastKnownFileType = sourcecode.swift; path = SeriesControllerViewModel.swift; sourceTree = "<group>"; };
		02195F4B2740281100BD5A5D /* SeriesViewController.swift */ = {isa = PBXFileReference; lastKnownFileType = sourcecode.swift; path = SeriesViewController.swift; sourceTree = "<group>"; };
		02195F4D2740351000BD5A5D /* CenteredLayout.swift.swift */ = {isa = PBXFileReference; lastKnownFileType = sourcecode.swift; path = CenteredLayout.swift.swift; sourceTree = "<group>"; };
		02195F4F2741413900BD5A5D /* CategoryControllerViewModel.swift */ = {isa = PBXFileReference; lastKnownFileType = sourcecode.swift; path = CategoryControllerViewModel.swift; sourceTree = "<group>"; };
		02195F512741472900BD5A5D /* CategoryViewController.swift */ = {isa = PBXFileReference; lastKnownFileType = sourcecode.swift; path = CategoryViewController.swift; sourceTree = "<group>"; };
		021BA2A72739A5D100A0F3CF /* StoriesController.swift */ = {isa = PBXFileReference; lastKnownFileType = sourcecode.swift; path = StoriesController.swift; sourceTree = "<group>"; };
		021BA2A9273AB4AF00A0F3CF /* ListenedItemsService.swift */ = {isa = PBXFileReference; lastKnownFileType = sourcecode.swift; path = ListenedItemsService.swift; sourceTree = "<group>"; };
		021BA2AB273AB69200A0F3CF /* SubscriptionService.swift */ = {isa = PBXFileReference; lastKnownFileType = sourcecode.swift; path = SubscriptionService.swift; sourceTree = "<group>"; };
		021BA2AD273AB74300A0F3CF /* Subscription.swift */ = {isa = PBXFileReference; lastKnownFileType = sourcecode.swift; path = Subscription.swift; sourceTree = "<group>"; };
		021BA2B2273BDAA800A0F3CF /* StoriesControllerViewModel.swift */ = {isa = PBXFileReference; lastKnownFileType = sourcecode.swift; path = StoriesControllerViewModel.swift; sourceTree = "<group>"; };
		024CC198273E58AC00B2EDA4 /* UIPresentationController+Rx.swift */ = {isa = PBXFileReference; fileEncoding = 4; lastKnownFileType = sourcecode.swift; path = "UIPresentationController+Rx.swift"; sourceTree = "<group>"; };
		0262BB4A2705074200847ED7 /* lasting_lover_ios.app */ = {isa = PBXFileReference; explicitFileType = wrapper.application; includeInIndex = 0; path = lasting_lover_ios.app; sourceTree = BUILT_PRODUCTS_DIR; };
		0262BB4D2705074200847ED7 /* AppDelegate.swift */ = {isa = PBXFileReference; lastKnownFileType = sourcecode.swift; path = AppDelegate.swift; sourceTree = "<group>"; };
		0262BB562705074300847ED7 /* Assets.xcassets */ = {isa = PBXFileReference; lastKnownFileType = folder.assetcatalog; path = Assets.xcassets; sourceTree = "<group>"; };
		0262BB592705074300847ED7 /* Base */ = {isa = PBXFileReference; lastKnownFileType = file.storyboard; name = Base; path = Base.lproj/LaunchScreen.storyboard; sourceTree = "<group>"; };
		0262BB5B2705074300847ED7 /* Info.plist */ = {isa = PBXFileReference; lastKnownFileType = text.plist.xml; path = Info.plist; sourceTree = "<group>"; };
		0262BB6A2705084C00847ED7 /* AppState.swift */ = {isa = PBXFileReference; lastKnownFileType = sourcecode.swift; path = AppState.swift; sourceTree = "<group>"; };
		02770AD32735B38000DF4F49 /* VerticalScrollingView.swift */ = {isa = PBXFileReference; lastKnownFileType = sourcecode.swift; path = VerticalScrollingView.swift; sourceTree = "<group>"; };
		02770AD52735B8F000DF4F49 /* AuthorCellViewModel.swift */ = {isa = PBXFileReference; lastKnownFileType = sourcecode.swift; path = AuthorCellViewModel.swift; sourceTree = "<group>"; };
		02770AD72735BA9900DF4F49 /* Secrion.swift */ = {isa = PBXFileReference; lastKnownFileType = sourcecode.swift; path = Secrion.swift; sourceTree = "<group>"; };
		02770AD92735DA3A00DF4F49 /* SeriesCellViewModel.swift.swift */ = {isa = PBXFileReference; lastKnownFileType = sourcecode.swift; path = SeriesCellViewModel.swift.swift; sourceTree = "<group>"; };
		02770ADB2735E04300DF4F49 /* SeriesLayout.swift */ = {isa = PBXFileReference; lastKnownFileType = sourcecode.swift; path = SeriesLayout.swift; sourceTree = "<group>"; };
		02770ADE2737C63000DF4F49 /* CategoryCellViewModel.swift */ = {isa = PBXFileReference; lastKnownFileType = sourcecode.swift; path = CategoryCellViewModel.swift; sourceTree = "<group>"; };
		02770AE12737D02E00DF4F49 /* UIViewController+Ext.swift */ = {isa = PBXFileReference; lastKnownFileType = sourcecode.swift; path = "UIViewController+Ext.swift"; sourceTree = "<group>"; };
		02770AE32737E93400DF4F49 /* StoriesLayout.swift */ = {isa = PBXFileReference; lastKnownFileType = sourcecode.swift; path = StoriesLayout.swift; sourceTree = "<group>"; };
		02770AE52737E9C400DF4F49 /* DiscoverStoryCellViewModel.swift */ = {isa = PBXFileReference; lastKnownFileType = sourcecode.swift; path = DiscoverStoryCellViewModel.swift; sourceTree = "<group>"; };
		02770AEC2737F1D000DF4F49 /* FavoritesViewController.swift */ = {isa = PBXFileReference; lastKnownFileType = sourcecode.swift; path = FavoritesViewController.swift; sourceTree = "<group>"; };
		02770AEE2737F1F700DF4F49 /* FavoritesControllerViewModel.swift */ = {isa = PBXFileReference; lastKnownFileType = sourcecode.swift; path = FavoritesControllerViewModel.swift; sourceTree = "<group>"; };
		02770AF1273806BE00DF4F49 /* SleepState.swift */ = {isa = PBXFileReference; lastKnownFileType = sourcecode.swift; path = SleepState.swift; sourceTree = "<group>"; };
		02770AF327385DE900DF4F49 /* SleepCategoryCellViewModel.swift */ = {isa = PBXFileReference; lastKnownFileType = sourcecode.swift; path = SleepCategoryCellViewModel.swift; sourceTree = "<group>"; };
		02770AF5273864C600DF4F49 /* SleepFeaturedStoryCellViewModel.swift */ = {isa = PBXFileReference; lastKnownFileType = sourcecode.swift; path = SleepFeaturedStoryCellViewModel.swift; sourceTree = "<group>"; };
		029EEDFE273E8F5D005DAC05 /* AuthorViewController.swift */ = {isa = PBXFileReference; lastKnownFileType = sourcecode.swift; path = AuthorViewController.swift; sourceTree = "<group>"; };
		029EEE00273E9551005DAC05 /* AuthorViewControllerViewModel.swift */ = {isa = PBXFileReference; lastKnownFileType = sourcecode.swift; path = AuthorViewControllerViewModel.swift; sourceTree = "<group>"; };
		029EEE03273E9E32005DAC05 /* AuthorModuleCoordinator.swift */ = {isa = PBXFileReference; lastKnownFileType = sourcecode.swift; path = AuthorModuleCoordinator.swift; sourceTree = "<group>"; };
		029EEE05273EA3C7005DAC05 /* AuthorStoryCellViewModel.swift */ = {isa = PBXFileReference; lastKnownFileType = sourcecode.swift; path = AuthorStoryCellViewModel.swift; sourceTree = "<group>"; };
		02F57EF4272C135400BB1E7C /* DiscoverState.swift */ = {isa = PBXFileReference; lastKnownFileType = sourcecode.swift; path = DiscoverState.swift; sourceTree = "<group>"; };
		197C3DCDABF5E70B71772671 /* Pods_lasting_lover_ios.framework */ = {isa = PBXFileReference; explicitFileType = wrapper.framework; includeInIndex = 0; path = Pods_lasting_lover_ios.framework; sourceTree = BUILT_PRODUCTS_DIR; };
		2218AD7927185CF2002C405C /* PurchaseModuleCoordinator.swift */ = {isa = PBXFileReference; lastKnownFileType = sourcecode.swift; path = PurchaseModuleCoordinator.swift; sourceTree = "<group>"; };
		2218AD7C27185D61002C405C /* PlayerItem.swift */ = {isa = PBXFileReference; lastKnownFileType = sourcecode.swift; path = PlayerItem.swift; sourceTree = "<group>"; };
		2218AD7E27185DDF002C405C /* PlayerModuleCoordinator.swift */ = {isa = PBXFileReference; lastKnownFileType = sourcecode.swift; path = PlayerModuleCoordinator.swift; sourceTree = "<group>"; };
		2218AD8027187096002C405C /* PlayerModuleState.swift */ = {isa = PBXFileReference; lastKnownFileType = sourcecode.swift; path = PlayerModuleState.swift; sourceTree = "<group>"; };
		2218AD8227187207002C405C /* placeholder.png */ = {isa = PBXFileReference; lastKnownFileType = image.png; path = placeholder.png; sourceTree = "<group>"; };
		2218AD84271D772A002C405C /* PlayerProgressBarView.swift */ = {isa = PBXFileReference; lastKnownFileType = sourcecode.swift; path = PlayerProgressBarView.swift; sourceTree = "<group>"; };
		2218AD87271D92F7002C405C /* AudioPlayerService.swift */ = {isa = PBXFileReference; lastKnownFileType = sourcecode.swift; path = AudioPlayerService.swift; sourceTree = "<group>"; };
		2218AD89271D95D9002C405C /* placeholderAudio.mp3 */ = {isa = PBXFileReference; lastKnownFileType = audio.mp3; path = placeholderAudio.mp3; sourceTree = "<group>"; };
		2218AD8B271DA53A002C405C /* FavoritesService.swift */ = {isa = PBXFileReference; lastKnownFileType = sourcecode.swift; path = FavoritesService.swift; sourceTree = "<group>"; };
		221C51C42705C73B0085534E /* en */ = {isa = PBXFileReference; lastKnownFileType = text.plist.strings; name = en; path = en.lproj/Localizable.strings; sourceTree = "<group>"; };
		221C51DF2705DB890085534E /* Prism.generated.swift */ = {isa = PBXFileReference; fileEncoding = 4; lastKnownFileType = sourcecode.swift; path = Prism.generated.swift; sourceTree = "<group>"; };
		221C51E02705DB890085534E /* StringConstants.swift */ = {isa = PBXFileReference; fileEncoding = 4; lastKnownFileType = sourcecode.swift; path = StringConstants.swift; sourceTree = "<group>"; };
		221C51E12705DB890085534E /* Lens.generated.swift */ = {isa = PBXFileReference; fileEncoding = 4; lastKnownFileType = sourcecode.swift; path = Lens.generated.swift; sourceTree = "<group>"; };
		221C51E52705DC0C0085534E /* SignInModuleCoordinator.swift */ = {isa = PBXFileReference; lastKnownFileType = sourcecode.swift; path = SignInModuleCoordinator.swift; sourceTree = "<group>"; };
		221C51E72705DC1B0085534E /* AuthTitleViewController.swift */ = {isa = PBXFileReference; lastKnownFileType = sourcecode.swift; path = AuthTitleViewController.swift; sourceTree = "<group>"; };
		221C51E92705DC6C0085534E /* AppCoordinator.swift */ = {isa = PBXFileReference; lastKnownFileType = sourcecode.swift; path = AppCoordinator.swift; sourceTree = "<group>"; };
		221C51EB2705DD8B0085534E /* SplashViewController.swift */ = {isa = PBXFileReference; lastKnownFileType = sourcecode.swift; path = SplashViewController.swift; sourceTree = "<group>"; };
		221C51EE2705E0360085534E /* LocalStorageService.swift */ = {isa = PBXFileReference; lastKnownFileType = sourcecode.swift; path = LocalStorageService.swift; sourceTree = "<group>"; };
		221C51F02705E1C60085534E /* DefaultsStoreServiceProtocol.swift */ = {isa = PBXFileReference; lastKnownFileType = sourcecode.swift; path = DefaultsStoreServiceProtocol.swift; sourceTree = "<group>"; };
		221C51F22705E1F50085534E /* Environment.swift */ = {isa = PBXFileReference; lastKnownFileType = sourcecode.swift; path = Environment.swift; sourceTree = "<group>"; };
		221C51F52705E3A00085534E /* MainModuleCoordinator.swift */ = {isa = PBXFileReference; lastKnownFileType = sourcecode.swift; path = MainModuleCoordinator.swift; sourceTree = "<group>"; };
		221C51FE2705ECBA0085534E /* Images.xcassets */ = {isa = PBXFileReference; lastKnownFileType = folder.assetcatalog; path = Images.xcassets; sourceTree = "<group>"; };
		221C52002705ECF60085534E /* Assets.swift */ = {isa = PBXFileReference; fileEncoding = 4; lastKnownFileType = sourcecode.swift; path = Assets.swift; sourceTree = "<group>"; };
		221C52022705F5260085534E /* Colors.xcassets */ = {isa = PBXFileReference; lastKnownFileType = folder.assetcatalog; path = Colors.xcassets; sourceTree = "<group>"; };
		221C52052705FA8E0085534E /* PlayfairDisplay-Medium.ttf */ = {isa = PBXFileReference; lastKnownFileType = file; path = "PlayfairDisplay-Medium.ttf"; sourceTree = "<group>"; };
		221C52062705FA8E0085534E /* PlayfairDisplay-MediumItalic.ttf */ = {isa = PBXFileReference; lastKnownFileType = file; path = "PlayfairDisplay-MediumItalic.ttf"; sourceTree = "<group>"; };
		221C52072705FA8E0085534E /* PlayfairDisplay-Bold.ttf */ = {isa = PBXFileReference; lastKnownFileType = file; path = "PlayfairDisplay-Bold.ttf"; sourceTree = "<group>"; };
		221C52082705FA8E0085534E /* PlayfairDisplay-Regular.ttf */ = {isa = PBXFileReference; lastKnownFileType = file; path = "PlayfairDisplay-Regular.ttf"; sourceTree = "<group>"; };
		221C52092705FA8F0085534E /* PlayfairDisplay-BlackItalic.ttf */ = {isa = PBXFileReference; lastKnownFileType = file; path = "PlayfairDisplay-BlackItalic.ttf"; sourceTree = "<group>"; };
		221C520A2705FA8F0085534E /* PlayfairDisplay-SemiBold.ttf */ = {isa = PBXFileReference; lastKnownFileType = file; path = "PlayfairDisplay-SemiBold.ttf"; sourceTree = "<group>"; };
		221C520B2705FA8F0085534E /* PlayfairDisplay-ExtraBoldItalic.ttf */ = {isa = PBXFileReference; lastKnownFileType = file; path = "PlayfairDisplay-ExtraBoldItalic.ttf"; sourceTree = "<group>"; };
		221C520C2705FA8F0085534E /* PlayfairDisplay-SemiBoldItalic.ttf */ = {isa = PBXFileReference; lastKnownFileType = file; path = "PlayfairDisplay-SemiBoldItalic.ttf"; sourceTree = "<group>"; };
		221C520D2705FA8F0085534E /* PlayfairDisplay-BoldItalic.ttf */ = {isa = PBXFileReference; lastKnownFileType = file; path = "PlayfairDisplay-BoldItalic.ttf"; sourceTree = "<group>"; };
		221C520E2705FA8F0085534E /* PlayfairDisplay-Black.ttf */ = {isa = PBXFileReference; lastKnownFileType = file; path = "PlayfairDisplay-Black.ttf"; sourceTree = "<group>"; };
		221C520F2705FA8F0085534E /* PlayfairDisplay-ExtraBold.ttf */ = {isa = PBXFileReference; lastKnownFileType = file; path = "PlayfairDisplay-ExtraBold.ttf"; sourceTree = "<group>"; };
		221C52102705FA8F0085534E /* PlayfairDisplay-Italic.ttf */ = {isa = PBXFileReference; lastKnownFileType = file; path = "PlayfairDisplay-Italic.ttf"; sourceTree = "<group>"; };
		221C521D2705FA980085534E /* Nunito-Light.ttf */ = {isa = PBXFileReference; lastKnownFileType = file; path = "Nunito-Light.ttf"; sourceTree = "<group>"; };
		221C521E2705FA980085534E /* Nunito-Black.ttf */ = {isa = PBXFileReference; lastKnownFileType = file; path = "Nunito-Black.ttf"; sourceTree = "<group>"; };
		221C521F2705FA990085534E /* Nunito-SemiBoldItalic.ttf */ = {isa = PBXFileReference; lastKnownFileType = file; path = "Nunito-SemiBoldItalic.ttf"; sourceTree = "<group>"; };
		221C52202705FA990085534E /* Nunito-Regular.ttf */ = {isa = PBXFileReference; lastKnownFileType = file; path = "Nunito-Regular.ttf"; sourceTree = "<group>"; };
		221C52212705FA990085534E /* Nunito-Italic.ttf */ = {isa = PBXFileReference; lastKnownFileType = file; path = "Nunito-Italic.ttf"; sourceTree = "<group>"; };
		221C52222705FA990085534E /* Nunito-BoldItalic.ttf */ = {isa = PBXFileReference; lastKnownFileType = file; path = "Nunito-BoldItalic.ttf"; sourceTree = "<group>"; };
		221C52232705FA990085534E /* Nunito-Bold.ttf */ = {isa = PBXFileReference; lastKnownFileType = file; path = "Nunito-Bold.ttf"; sourceTree = "<group>"; };
		221C52242705FA990085534E /* Nunito-ExtraBold.ttf */ = {isa = PBXFileReference; lastKnownFileType = file; path = "Nunito-ExtraBold.ttf"; sourceTree = "<group>"; };
		221C52252705FA9A0085534E /* Nunito-ExtraLightItalic.ttf */ = {isa = PBXFileReference; lastKnownFileType = file; path = "Nunito-ExtraLightItalic.ttf"; sourceTree = "<group>"; };
		221C52262705FA9A0085534E /* Nunito-LightItalic.ttf */ = {isa = PBXFileReference; lastKnownFileType = file; path = "Nunito-LightItalic.ttf"; sourceTree = "<group>"; };
		221C52272705FA9A0085534E /* Nunito-BlackItalic.ttf */ = {isa = PBXFileReference; lastKnownFileType = file; path = "Nunito-BlackItalic.ttf"; sourceTree = "<group>"; };
		221C52282705FA9A0085534E /* Nunito-SemiBold.ttf */ = {isa = PBXFileReference; lastKnownFileType = file; path = "Nunito-SemiBold.ttf"; sourceTree = "<group>"; };
		221C52292705FA9A0085534E /* Nunito-ExtraLight.ttf */ = {isa = PBXFileReference; lastKnownFileType = file; path = "Nunito-ExtraLight.ttf"; sourceTree = "<group>"; };
		221C522A2705FA9A0085534E /* Nunito-ExtraBoldItalic.ttf */ = {isa = PBXFileReference; lastKnownFileType = file; path = "Nunito-ExtraBoldItalic.ttf"; sourceTree = "<group>"; };
		221C52392705FB390085534E /* Fonts.swift */ = {isa = PBXFileReference; fileEncoding = 4; lastKnownFileType = sourcecode.swift; path = Fonts.swift; sourceTree = "<group>"; };
		221C523C2705FCE90085534E /* BackgroundGradientView.swift */ = {isa = PBXFileReference; lastKnownFileType = sourcecode.swift; path = BackgroundGradientView.swift; sourceTree = "<group>"; };
		221C523E2706F9C20085534E /* AuthViewController.swift */ = {isa = PBXFileReference; lastKnownFileType = sourcecode.swift; path = AuthViewController.swift; sourceTree = "<group>"; };
		221C52402706FC440085534E /* NavbarView.swift */ = {isa = PBXFileReference; lastKnownFileType = sourcecode.swift; path = NavbarView.swift; sourceTree = "<group>"; };
		221C5242270714900085534E /* TextfieldView.swift */ = {isa = PBXFileReference; lastKnownFileType = sourcecode.swift; path = TextfieldView.swift; sourceTree = "<group>"; };
		221C524427072C2F0085534E /* Button.swift */ = {isa = PBXFileReference; lastKnownFileType = sourcecode.swift; path = Button.swift; sourceTree = "<group>"; };
		221C5247270737A40085534E /* AuthControllerViewModel.swift */ = {isa = PBXFileReference; lastKnownFileType = sourcecode.swift; path = AuthControllerViewModel.swift; sourceTree = "<group>"; };
		221C524A270738CB0085534E /* State.swift */ = {isa = PBXFileReference; lastKnownFileType = sourcecode.swift; path = State.swift; sourceTree = "<group>"; };
		221C524C270750E60085534E /* FullscreenLoadingView.swift */ = {isa = PBXFileReference; lastKnownFileType = sourcecode.swift; path = FullscreenLoadingView.swift; sourceTree = "<group>"; };
		221C524E27086EA70085534E /* CongratulationsController.swift */ = {isa = PBXFileReference; lastKnownFileType = sourcecode.swift; path = CongratulationsController.swift; sourceTree = "<group>"; };
		221C52512709CCC70085534E /* DiscoverViewController.swift */ = {isa = PBXFileReference; lastKnownFileType = sourcecode.swift; path = DiscoverViewController.swift; sourceTree = "<group>"; };
		221C52542709CD330085534E /* MainModuleViewController.swift */ = {isa = PBXFileReference; lastKnownFileType = sourcecode.swift; path = MainModuleViewController.swift; sourceTree = "<group>"; };
		221C52562709DC3D0085534E /* ToolbarItem.swift */ = {isa = PBXFileReference; fileEncoding = 4; lastKnownFileType = sourcecode.swift; path = ToolbarItem.swift; sourceTree = "<group>"; };
		221C52572709DC3D0085534E /* Toolbar.swift */ = {isa = PBXFileReference; fileEncoding = 4; lastKnownFileType = sourcecode.swift; path = Toolbar.swift; sourceTree = "<group>"; };
		221C525C270A4ACE0085534E /* MainControllerViewModel.swift */ = {isa = PBXFileReference; lastKnownFileType = sourcecode.swift; path = MainControllerViewModel.swift; sourceTree = "<group>"; };
		221C525E270A4B5D0085534E /* MainModuleState.swift */ = {isa = PBXFileReference; lastKnownFileType = sourcecode.swift; path = MainModuleState.swift; sourceTree = "<group>"; };
		221C5260270A4DF60085534E /* SleepViewController.swift */ = {isa = PBXFileReference; lastKnownFileType = sourcecode.swift; path = SleepViewController.swift; sourceTree = "<group>"; };
		221C5271270A59F90085534E /* SleepControllerViewModel.swift */ = {isa = PBXFileReference; lastKnownFileType = sourcecode.swift; path = SleepControllerViewModel.swift; sourceTree = "<group>"; };
		221C5273270A61330085534E /* DiscoverControllerViewModel.swift */ = {isa = PBXFileReference; lastKnownFileType = sourcecode.swift; path = DiscoverControllerViewModel.swift; sourceTree = "<group>"; };
		221E22BB270C5919003F324B /* SettingsModuleCoordinator.swift */ = {isa = PBXFileReference; lastKnownFileType = sourcecode.swift; path = SettingsModuleCoordinator.swift; sourceTree = "<group>"; };
		221E22BD270C5969003F324B /* SettingsViewController.swift */ = {isa = PBXFileReference; lastKnownFileType = sourcecode.swift; path = SettingsViewController.swift; sourceTree = "<group>"; };
		221E22BF270C5A02003F324B /* SettingsControllerViewModel.swift */ = {isa = PBXFileReference; lastKnownFileType = sourcecode.swift; path = SettingsControllerViewModel.swift; sourceTree = "<group>"; };
		221E22C2270C5AA0003F324B /* SettingsState.swift */ = {isa = PBXFileReference; lastKnownFileType = sourcecode.swift; path = SettingsState.swift; sourceTree = "<group>"; };
		221E22C4270C5E16003F324B /* SettingsItem.swift */ = {isa = PBXFileReference; lastKnownFileType = sourcecode.swift; path = SettingsItem.swift; sourceTree = "<group>"; };
		221E22C7270DCC8D003F324B /* CircleImageAndTitleCellCell.swift */ = {isa = PBXFileReference; lastKnownFileType = sourcecode.swift; path = CircleImageAndTitleCellCell.swift; sourceTree = "<group>"; };
		221E22C9270DCFB0003F324B /* RoundedRectAndTitleCell.swift */ = {isa = PBXFileReference; lastKnownFileType = sourcecode.swift; path = RoundedRectAndTitleCell.swift; sourceTree = "<group>"; };
		221E22CB270DE585003F324B /* InsetLabel.swift */ = {isa = PBXFileReference; lastKnownFileType = sourcecode.swift; path = InsetLabel.swift; sourceTree = "<group>"; };
		221E22CD270DE985003F324B /* CategoryCell.swift */ = {isa = PBXFileReference; lastKnownFileType = sourcecode.swift; path = CategoryCell.swift; sourceTree = "<group>"; };
		221E22CF270DEB15003F324B /* TodayPopularView.swift */ = {isa = PBXFileReference; lastKnownFileType = sourcecode.swift; path = TodayPopularView.swift; sourceTree = "<group>"; };
		221E22D7270F2FAA003F324B /* Snapshotable.swift */ = {isa = PBXFileReference; lastKnownFileType = sourcecode.swift; path = Snapshotable.swift; sourceTree = "<group>"; };
		221E22D9270F43CC003F324B /* PlayerController.swift */ = {isa = PBXFileReference; lastKnownFileType = sourcecode.swift; path = PlayerController.swift; sourceTree = "<group>"; };
		221E22DB270F48E0003F324B /* PlayerControllerViewModel.swift */ = {isa = PBXFileReference; lastKnownFileType = sourcecode.swift; path = PlayerControllerViewModel.swift; sourceTree = "<group>"; };
		22B8191F27230DD900BFDB8B /* ImageLoadingService.swift */ = {isa = PBXFileReference; lastKnownFileType = sourcecode.swift; path = ImageLoadingService.swift; sourceTree = "<group>"; };
		22B8192127230F7F00BFDB8B /* Constants.swift */ = {isa = PBXFileReference; lastKnownFileType = sourcecode.swift; path = Constants.swift; sourceTree = "<group>"; };
		22BF198D272D608000FAA6C6 /* AudioItemCell.swift */ = {isa = PBXFileReference; lastKnownFileType = sourcecode.swift; path = AudioItemCell.swift; sourceTree = "<group>"; };
		22BF198F272E790B00FAA6C6 /* BackendService.swift */ = {isa = PBXFileReference; lastKnownFileType = sourcecode.swift; path = BackendService.swift; sourceTree = "<group>"; };
		22BF1992272E852D00FAA6C6 /* Models.swift */ = {isa = PBXFileReference; lastKnownFileType = sourcecode.swift; path = Models.swift; sourceTree = "<group>"; };
		B943057AC6DC82CD98DA5A82 /* Pods-lasting_lover_ios.debug.xcconfig */ = {isa = PBXFileReference; includeInIndex = 1; lastKnownFileType = text.xcconfig; name = "Pods-lasting_lover_ios.debug.xcconfig"; path = "Target Support Files/Pods-lasting_lover_ios/Pods-lasting_lover_ios.debug.xcconfig"; sourceTree = "<group>"; };
		D40174DF5527B78AE4BA6C5C /* Pods-lasting_lover_ios.release.xcconfig */ = {isa = PBXFileReference; includeInIndex = 1; lastKnownFileType = text.xcconfig; name = "Pods-lasting_lover_ios.release.xcconfig"; path = "Target Support Files/Pods-lasting_lover_ios/Pods-lasting_lover_ios.release.xcconfig"; sourceTree = "<group>"; };
/* End PBXFileReference section */

/* Begin PBXFrameworksBuildPhase section */
		0262BB472705074200847ED7 /* Frameworks */ = {
			isa = PBXFrameworksBuildPhase;
			buildActionMask = 2147483647;
			files = (
				221C51DB2705C9560085534E /* RxMoya in Frameworks */,
				221C51CF2705C8BF0085534E /* UNILibCore in Frameworks */,
				221C51CC2705C8A30085534E /* Differentiator in Frameworks */,
				221C51D92705C9560085534E /* Moya in Frameworks */,
				221C51CA2705C8A30085534E /* RxDataSources in Frameworks */,
				221C51D42705C8F90085534E /* RxCocoa in Frameworks */,
				221C51D12705C8BF0085534E /* RxUNILib in Frameworks */,
				02A2437627050ACF0048DB0D /* SnapKit in Frameworks */,
				221C51D62705C8F90085534E /* RxSwift in Frameworks */,
				250E2BCCE4F8F0FEA0BC707C /* Pods_lasting_lover_ios.framework in Frameworks */,
			);
			runOnlyForDeploymentPostprocessing = 0;
		};
/* End PBXFrameworksBuildPhase section */

/* Begin PBXGroup section */
		02195F462740278A00BD5A5D /* Series */ = {
			isa = PBXGroup;
			children = (
				02195F472740279A00BD5A5D /* SeriesModuleCoordinator.swift */,
				02195F49274027F200BD5A5D /* SeriesControllerViewModel.swift */,
				02195F4B2740281100BD5A5D /* SeriesViewController.swift */,
				02195F4D2740351000BD5A5D /* CenteredLayout.swift.swift */,
			);
			path = Series;
			sourceTree = "<group>";
		};
		021BA2B1273BDA8300A0F3CF /* Cells */ = {
			isa = PBXGroup;
			children = (
				02770AF327385DE900DF4F49 /* SleepCategoryCellViewModel.swift */,
				02770AF5273864C600DF4F49 /* SleepFeaturedStoryCellViewModel.swift */,
			);
			path = Cells;
			sourceTree = "<group>";
		};
		0237F9292732B89F00BE76E1 /* Model */ = {
			isa = PBXGroup;
			children = (
				02770AD72735BA9900DF4F49 /* Secrion.swift */,
				021BA2AD273AB74300A0F3CF /* Subscription.swift */,
			);
			path = Model;
			sourceTree = "<group>";
		};
		0262BB412705074200847ED7 = {
			isa = PBXGroup;
			children = (
				0262BB4C2705074200847ED7 /* lasting_lover_ios */,
				0262BB4B2705074200847ED7 /* Products */,
				3182A63912443A8ED7D95C4F /* Pods */,
				15FAF97D83017AC640C5F5D6 /* Frameworks */,
			);
			sourceTree = "<group>";
		};
		0262BB4B2705074200847ED7 /* Products */ = {
			isa = PBXGroup;
			children = (
				0262BB4A2705074200847ED7 /* lasting_lover_ios.app */,
			);
			name = Products;
			sourceTree = "<group>";
		};
		0262BB4C2705074200847ED7 /* lasting_lover_ios */ = {
			isa = PBXGroup;
			children = (
				0262BB662705083200847ED7 /* Application */,
				221C51C62705C7990085534E /* Modules */,
				221C51C02705C7240085534E /* Resources */,
				221C51ED2705E0230085534E /* Shared */,
				221C51DE2705DB890085534E /* Generated */,
				0262BB582705074300847ED7 /* LaunchScreen.storyboard */,
				0262BB5B2705074300847ED7 /* Info.plist */,
			);
			path = lasting_lover_ios;
			sourceTree = "<group>";
		};
		0262BB662705083200847ED7 /* Application */ = {
			isa = PBXGroup;
			children = (
				0262BB4D2705074200847ED7 /* AppDelegate.swift */,
				221C51E92705DC6C0085534E /* AppCoordinator.swift */,
				221C51EB2705DD8B0085534E /* SplashViewController.swift */,
			);
			path = Application;
			sourceTree = "<group>";
		};
		0262BB692705084300847ED7 /* AppState */ = {
			isa = PBXGroup;
			children = (
				0262BB6A2705084C00847ED7 /* AppState.swift */,
			);
			path = AppState;
			sourceTree = "<group>";
		};
		02770ADD2737C61C00DF4F49 /* Cells */ = {
			isa = PBXGroup;
			children = (
				02770AD52735B8F000DF4F49 /* AuthorCellViewModel.swift */,
				02770AD92735DA3A00DF4F49 /* SeriesCellViewModel.swift.swift */,
				02770ADE2737C63000DF4F49 /* CategoryCellViewModel.swift */,
				02770AE52737E9C400DF4F49 /* DiscoverStoryCellViewModel.swift */,
			);
			path = Cells;
			sourceTree = "<group>";
		};
		02770AE02737D00F00DF4F49 /* Extensions */ = {
			isa = PBXGroup;
			children = (
				02770AE12737D02E00DF4F49 /* UIViewController+Ext.swift */,
				02195F44273FECFB00BD5A5D /* Loadable+Ext.swift */,
			);
			path = Extensions;
			sourceTree = "<group>";
		};
		02770AE72737F12D00DF4F49 /* Favorites */ = {
			isa = PBXGroup;
			children = (
				02770AEB2737F15800DF4F49 /* Models */,
				02770AEA2737F15000DF4F49 /* UI */,
				02770AE92737F14A00DF4F49 /* Controllers */,
				02770AE82737F14200DF4F49 /* ViewModels */,
			);
			path = Favorites;
			sourceTree = "<group>";
		};
		02770AE82737F14200DF4F49 /* ViewModels */ = {
			isa = PBXGroup;
			children = (
				02770AEE2737F1F700DF4F49 /* FavoritesControllerViewModel.swift */,
			);
			path = ViewModels;
			sourceTree = "<group>";
		};
		02770AE92737F14A00DF4F49 /* Controllers */ = {
			isa = PBXGroup;
			children = (
				02770AEC2737F1D000DF4F49 /* FavoritesViewController.swift */,
			);
			path = Controllers;
			sourceTree = "<group>";
		};
		02770AEA2737F15000DF4F49 /* UI */ = {
			isa = PBXGroup;
			children = (
			);
			path = UI;
			sourceTree = "<group>";
		};
		02770AEB2737F15800DF4F49 /* Models */ = {
			isa = PBXGroup;
			children = (
			);
			path = Models;
			sourceTree = "<group>";
		};
		02770AF0273806B300DF4F49 /* Models */ = {
			isa = PBXGroup;
			children = (
				02770AF1273806BE00DF4F49 /* SleepState.swift */,
			);
			path = Models;
			sourceTree = "<group>";
		};
		029EEE02273E9E23005DAC05 /* Author */ = {
			isa = PBXGroup;
			children = (
				029EEE07273EBD2C005DAC05 /* ViewModels */,
				029EEE08273EBD35005DAC05 /* Controllers */,
				029EEE09273EBD3D005DAC05 /* Coordinators */,
			);
			path = Author;
			sourceTree = "<group>";
		};
		029EEE07273EBD2C005DAC05 /* ViewModels */ = {
			isa = PBXGroup;
			children = (
				029EEE05273EA3C7005DAC05 /* AuthorStoryCellViewModel.swift */,
				029EEE00273E9551005DAC05 /* AuthorViewControllerViewModel.swift */,
			);
			path = ViewModels;
			sourceTree = "<group>";
		};
		029EEE08273EBD35005DAC05 /* Controllers */ = {
			isa = PBXGroup;
			children = (
				029EEDFE273E8F5D005DAC05 /* AuthorViewController.swift */,
			);
			path = Controllers;
			sourceTree = "<group>";
		};
		029EEE09273EBD3D005DAC05 /* Coordinators */ = {
			isa = PBXGroup;
			children = (
				029EEE03273E9E32005DAC05 /* AuthorModuleCoordinator.swift */,
			);
			path = Coordinators;
			sourceTree = "<group>";
		};
		15FAF97D83017AC640C5F5D6 /* Frameworks */ = {
			isa = PBXGroup;
			children = (
				197C3DCDABF5E70B71772671 /* Pods_lasting_lover_ios.framework */,
			);
			name = Frameworks;
			sourceTree = "<group>";
		};
		2218AD7827185CE2002C405C /* Purchase */ = {
			isa = PBXGroup;
			children = (
				2218AD7B27185D23002C405C /* Coordinators */,
			);
			path = Purchase;
			sourceTree = "<group>";
		};
		2218AD7B27185D23002C405C /* Coordinators */ = {
			isa = PBXGroup;
			children = (
				2218AD7927185CF2002C405C /* PurchaseModuleCoordinator.swift */,
			);
			path = Coordinators;
			sourceTree = "<group>";
		};
		2218AD86271D92DF002C405C /* Services */ = {
			isa = PBXGroup;
			children = (
				221C51EE2705E0360085534E /* LocalStorageService.swift */,
				221C51F02705E1C60085534E /* DefaultsStoreServiceProtocol.swift */,
				221C51F22705E1F50085534E /* Environment.swift */,
				2218AD87271D92F7002C405C /* AudioPlayerService.swift */,
				2218AD8B271DA53A002C405C /* FavoritesService.swift */,
				22B8191F27230DD900BFDB8B /* ImageLoadingService.swift */,
				22BF1991272E851E00FAA6C6 /* API */,
				021BA2A9273AB4AF00A0F3CF /* ListenedItemsService.swift */,
				021BA2AB273AB69200A0F3CF /* SubscriptionService.swift */,
			);
			path = Services;
			sourceTree = "<group>";
		};
		221C51C02705C7240085534E /* Resources */ = {
			isa = PBXGroup;
			children = (
				2218AD89271D95D9002C405C /* placeholderAudio.mp3 */,
				2218AD8227187207002C405C /* placeholder.png */,
				221C52042705FA830085534E /* Fonts */,
				221C51C52705C73B0085534E /* Localizable.strings */,
				0262BB562705074300847ED7 /* Assets.xcassets */,
				221C51FE2705ECBA0085534E /* Images.xcassets */,
				221C52022705F5260085534E /* Colors.xcassets */,
			);
			path = Resources;
			sourceTree = "<group>";
		};
		221C51C62705C7990085534E /* Modules */ = {
			isa = PBXGroup;
			children = (
				02195F462740278A00BD5A5D /* Series */,
				029EEE02273E9E23005DAC05 /* Author */,
				0262BB692705084300847ED7 /* AppState */,
				2218AD7827185CE2002C405C /* Purchase */,
				221E22D1270F2F50003F324B /* Player */,
				221C526C270A55FD0085534E /* Settings */,
				221C51F42705E38B0085534E /* Main */,
				221C51C72705C7A00085534E /* SignIn */,
			);
			path = Modules;
			sourceTree = "<group>";
		};
		221C51C72705C7A00085534E /* SignIn */ = {
			isa = PBXGroup;
			children = (
				221C5249270738C00085534E /* Redux */,
				221C5246270737900085534E /* ViewModels */,
				221C51F72705E3C90085534E /* Coordinators */,
				221C51F82705E3D00085534E /* ViewControllers */,
			);
			path = SignIn;
			sourceTree = "<group>";
		};
		221C51DE2705DB890085534E /* Generated */ = {
			isa = PBXGroup;
			children = (
				221C52392705FB390085534E /* Fonts.swift */,
				221C52002705ECF60085534E /* Assets.swift */,
				221C51DF2705DB890085534E /* Prism.generated.swift */,
				221C51E02705DB890085534E /* StringConstants.swift */,
				221C51E12705DB890085534E /* Lens.generated.swift */,
			);
			path = Generated;
			sourceTree = "<group>";
		};
		221C51ED2705E0230085534E /* Shared */ = {
			isa = PBXGroup;
			children = (
				024CC198273E58AC00B2EDA4 /* UIPresentationController+Rx.swift */,
				02770AE02737D00F00DF4F49 /* Extensions */,
				0237F9292732B89F00BE76E1 /* Model */,
				2218AD86271D92DF002C405C /* Services */,
				221C523B2705FCD40085534E /* UI */,
				22B8192127230F7F00BFDB8B /* Constants.swift */,
			);
			path = Shared;
			sourceTree = "<group>";
		};
		221C51F42705E38B0085534E /* Main */ = {
			isa = PBXGroup;
			children = (
				221C5262270A544F0085534E /* Child */,
				221E22C6270DCC4E003F324B /* UI */,
				221C525B270A4ABF0085534E /* ViewModels */,
				221C525A2709DCC80085534E /* Models */,
				221C52502709CCB10085534E /* Controllers */,
				221C51F92705E3D70085534E /* Coordinators */,
			);
			path = Main;
			sourceTree = "<group>";
		};
		221C51F72705E3C90085534E /* Coordinators */ = {
			isa = PBXGroup;
			children = (
				221C51E52705DC0C0085534E /* SignInModuleCoordinator.swift */,
			);
			path = Coordinators;
			sourceTree = "<group>";
		};
		221C51F82705E3D00085534E /* ViewControllers */ = {
			isa = PBXGroup;
			children = (
				221C51E72705DC1B0085534E /* AuthTitleViewController.swift */,
				221C523E2706F9C20085534E /* AuthViewController.swift */,
				221C524E27086EA70085534E /* CongratulationsController.swift */,
			);
			path = ViewControllers;
			sourceTree = "<group>";
		};
		221C51F92705E3D70085534E /* Coordinators */ = {
			isa = PBXGroup;
			children = (
				221C51F52705E3A00085534E /* MainModuleCoordinator.swift */,
			);
			path = Coordinators;
			sourceTree = "<group>";
		};
		221C52042705FA830085534E /* Fonts */ = {
			isa = PBXGroup;
			children = (
				221C520E2705FA8F0085534E /* PlayfairDisplay-Black.ttf */,
				221C52092705FA8F0085534E /* PlayfairDisplay-BlackItalic.ttf */,
				221C521E2705FA980085534E /* Nunito-Black.ttf */,
				221C52272705FA9A0085534E /* Nunito-BlackItalic.ttf */,
				221C52232705FA990085534E /* Nunito-Bold.ttf */,
				221C52222705FA990085534E /* Nunito-BoldItalic.ttf */,
				221C52242705FA990085534E /* Nunito-ExtraBold.ttf */,
				221C522A2705FA9A0085534E /* Nunito-ExtraBoldItalic.ttf */,
				221C52292705FA9A0085534E /* Nunito-ExtraLight.ttf */,
				221C52252705FA9A0085534E /* Nunito-ExtraLightItalic.ttf */,
				221C52212705FA990085534E /* Nunito-Italic.ttf */,
				221C521D2705FA980085534E /* Nunito-Light.ttf */,
				221C52262705FA9A0085534E /* Nunito-LightItalic.ttf */,
				221C52202705FA990085534E /* Nunito-Regular.ttf */,
				221C52282705FA9A0085534E /* Nunito-SemiBold.ttf */,
				221C521F2705FA990085534E /* Nunito-SemiBoldItalic.ttf */,
				221C52072705FA8E0085534E /* PlayfairDisplay-Bold.ttf */,
				221C520D2705FA8F0085534E /* PlayfairDisplay-BoldItalic.ttf */,
				221C520F2705FA8F0085534E /* PlayfairDisplay-ExtraBold.ttf */,
				221C520B2705FA8F0085534E /* PlayfairDisplay-ExtraBoldItalic.ttf */,
				221C52102705FA8F0085534E /* PlayfairDisplay-Italic.ttf */,
				221C52052705FA8E0085534E /* PlayfairDisplay-Medium.ttf */,
				221C52062705FA8E0085534E /* PlayfairDisplay-MediumItalic.ttf */,
				221C52082705FA8E0085534E /* PlayfairDisplay-Regular.ttf */,
				221C520A2705FA8F0085534E /* PlayfairDisplay-SemiBold.ttf */,
				221C520C2705FA8F0085534E /* PlayfairDisplay-SemiBoldItalic.ttf */,
			);
			path = Fonts;
			sourceTree = "<group>";
		};
		221C523B2705FCD40085534E /* UI */ = {
			isa = PBXGroup;
			children = (
				221C52572709DC3D0085534E /* Toolbar.swift */,
				221C52562709DC3D0085534E /* ToolbarItem.swift */,
				221C523C2705FCE90085534E /* BackgroundGradientView.swift */,
				221C52402706FC440085534E /* NavbarView.swift */,
				221C5242270714900085534E /* TextfieldView.swift */,
				221C524427072C2F0085534E /* Button.swift */,
				221C524C270750E60085534E /* FullscreenLoadingView.swift */,
				221E22CB270DE585003F324B /* InsetLabel.swift */,
				221E22D7270F2FAA003F324B /* Snapshotable.swift */,
				22BF198D272D608000FAA6C6 /* AudioItemCell.swift */,
				02770AD32735B38000DF4F49 /* VerticalScrollingView.swift */,
			);
			path = UI;
			sourceTree = "<group>";
		};
		221C5246270737900085534E /* ViewModels */ = {
			isa = PBXGroup;
			children = (
				221C5247270737A40085534E /* AuthControllerViewModel.swift */,
			);
			path = ViewModels;
			sourceTree = "<group>";
		};
		221C5249270738C00085534E /* Redux */ = {
			isa = PBXGroup;
			children = (
				221C524A270738CB0085534E /* State.swift */,
			);
			path = Redux;
			sourceTree = "<group>";
		};
		221C52502709CCB10085534E /* Controllers */ = {
			isa = PBXGroup;
			children = (
				021BA2A72739A5D100A0F3CF /* StoriesController.swift */,
				221C52542709CD330085534E /* MainModuleViewController.swift */,
			);
			path = Controllers;
			sourceTree = "<group>";
		};
		221C525A2709DCC80085534E /* Models */ = {
			isa = PBXGroup;
			children = (
				221C525E270A4B5D0085534E /* MainModuleState.swift */,
			);
			path = Models;
			sourceTree = "<group>";
		};
		221C525B270A4ABF0085534E /* ViewModels */ = {
			isa = PBXGroup;
			children = (
				021BA2B2273BDAA800A0F3CF /* StoriesControllerViewModel.swift */,
				221C525C270A4ACE0085534E /* MainControllerViewModel.swift */,
				02770ADD2737C61C00DF4F49 /* Cells */,
			);
			path = ViewModels;
			sourceTree = "<group>";
		};
		221C5262270A544F0085534E /* Child */ = {
			isa = PBXGroup;
			children = (
				02770AE72737F12D00DF4F49 /* Favorites */,
				221C5264270A545E0085534E /* Sleep */,
				221C5263270A54580085534E /* Discover */,
			);
			path = Child;
			sourceTree = "<group>";
		};
		221C5263270A54580085534E /* Discover */ = {
			isa = PBXGroup;
			children = (
				221C526B270A55E50085534E /* UI */,
				221C5269270A55DC0085534E /* ViewModels */,
				221C5265270A54640085534E /* Contollers */,
				22BF198C272D5FDF00FAA6C6 /* Models */,
			);
			path = Discover;
			sourceTree = "<group>";
		};
		221C5264270A545E0085534E /* Sleep */ = {
			isa = PBXGroup;
			children = (
				02770AF0273806B300DF4F49 /* Models */,
				221C526A270A55E10085534E /* UI */,
				221C5267270A55CF0085534E /* ViewModels */,
				221C5266270A55C90085534E /* Controllers */,
			);
			path = Sleep;
			sourceTree = "<group>";
		};
		221C5265270A54640085534E /* Contollers */ = {
			isa = PBXGroup;
			children = (
				221C52512709CCC70085534E /* DiscoverViewController.swift */,
				02195F3C273FDCD400BD5A5D /* AllSeriesViewController.swift */,
				02195F512741472900BD5A5D /* CategoryViewController.swift */,
			);
			path = Contollers;
			sourceTree = "<group>";
		};
		221C5266270A55C90085534E /* Controllers */ = {
			isa = PBXGroup;
			children = (
				221C5260270A4DF60085534E /* SleepViewController.swift */,
			);
			path = Controllers;
			sourceTree = "<group>";
		};
		221C5267270A55CF0085534E /* ViewModels */ = {
			isa = PBXGroup;
			children = (
				221C5271270A59F90085534E /* SleepControllerViewModel.swift */,
				021BA2B1273BDA8300A0F3CF /* Cells */,
			);
			path = ViewModels;
			sourceTree = "<group>";
		};
		221C5269270A55DC0085534E /* ViewModels */ = {
			isa = PBXGroup;
			children = (
				221C5273270A61330085534E /* DiscoverControllerViewModel.swift */,
				02195F3E273FE65E00BD5A5D /* AllSeriesControllerViewModel.swift */,
				02195F42273FE81600BD5A5D /* SeriesCellViewModel.swift */,
				02195F4F2741413900BD5A5D /* CategoryControllerViewModel.swift */,
			);
			path = ViewModels;
			sourceTree = "<group>";
		};
		221C526A270A55E10085534E /* UI */ = {
			isa = PBXGroup;
			children = (
			);
			path = UI;
			sourceTree = "<group>";
		};
		221C526B270A55E50085534E /* UI */ = {
			isa = PBXGroup;
			children = (
				221E22CF270DEB15003F324B /* TodayPopularView.swift */,
				02770ADB2735E04300DF4F49 /* SeriesLayout.swift */,
				02770AE32737E93400DF4F49 /* StoriesLayout.swift */,
				02195F40273FE7FA00BD5A5D /* SeriesCell.swift */,
			);
			path = UI;
			sourceTree = "<group>";
		};
		221C526C270A55FD0085534E /* Settings */ = {
			isa = PBXGroup;
			children = (
				221E22C1270C5A97003F324B /* Models */,
				221C5270270A56280085534E /* UI */,
				221C526F270A561E0085534E /* ViewModels */,
				221C526E270A56160085534E /* Controllers */,
				221C526D270A560A0085534E /* Coordinators */,
			);
			path = Settings;
			sourceTree = "<group>";
		};
		221C526D270A560A0085534E /* Coordinators */ = {
			isa = PBXGroup;
			children = (
				221E22BB270C5919003F324B /* SettingsModuleCoordinator.swift */,
			);
			path = Coordinators;
			sourceTree = "<group>";
		};
		221C526E270A56160085534E /* Controllers */ = {
			isa = PBXGroup;
			children = (
				221E22BD270C5969003F324B /* SettingsViewController.swift */,
			);
			path = Controllers;
			sourceTree = "<group>";
		};
		221C526F270A561E0085534E /* ViewModels */ = {
			isa = PBXGroup;
			children = (
				221E22BF270C5A02003F324B /* SettingsControllerViewModel.swift */,
			);
			path = ViewModels;
			sourceTree = "<group>";
		};
		221C5270270A56280085534E /* UI */ = {
			isa = PBXGroup;
			children = (
			);
			path = UI;
			sourceTree = "<group>";
		};
		221E22C1270C5A97003F324B /* Models */ = {
			isa = PBXGroup;
			children = (
				221E22C2270C5AA0003F324B /* SettingsState.swift */,
				221E22C4270C5E16003F324B /* SettingsItem.swift */,
			);
			path = Models;
			sourceTree = "<group>";
		};
		221E22C6270DCC4E003F324B /* UI */ = {
			isa = PBXGroup;
			children = (
				221E22C7270DCC8D003F324B /* CircleImageAndTitleCellCell.swift */,
				221E22C9270DCFB0003F324B /* RoundedRectAndTitleCell.swift */,
				221E22CD270DE985003F324B /* CategoryCell.swift */,
			);
			path = UI;
			sourceTree = "<group>";
		};
		221E22D1270F2F50003F324B /* Player */ = {
			isa = PBXGroup;
			children = (
				221E22D6270F2F7F003F324B /* UI */,
				221E22D5270F2F79003F324B /* Models */,
				221E22D4270F2F71003F324B /* ViewModels */,
				221E22D3270F2F69003F324B /* Controllers */,
				221E22D2270F2F58003F324B /* Coordinators */,
			);
			path = Player;
			sourceTree = "<group>";
		};
		221E22D2270F2F58003F324B /* Coordinators */ = {
			isa = PBXGroup;
			children = (
				2218AD7E27185DDF002C405C /* PlayerModuleCoordinator.swift */,
			);
			path = Coordinators;
			sourceTree = "<group>";
		};
		221E22D3270F2F69003F324B /* Controllers */ = {
			isa = PBXGroup;
			children = (
				221E22D9270F43CC003F324B /* PlayerController.swift */,
			);
			path = Controllers;
			sourceTree = "<group>";
		};
		221E22D4270F2F71003F324B /* ViewModels */ = {
			isa = PBXGroup;
			children = (
				221E22DB270F48E0003F324B /* PlayerControllerViewModel.swift */,
			);
			path = ViewModels;
			sourceTree = "<group>";
		};
		221E22D5270F2F79003F324B /* Models */ = {
			isa = PBXGroup;
			children = (
				2218AD7C27185D61002C405C /* PlayerItem.swift */,
				2218AD8027187096002C405C /* PlayerModuleState.swift */,
			);
			path = Models;
			sourceTree = "<group>";
		};
		221E22D6270F2F7F003F324B /* UI */ = {
			isa = PBXGroup;
			children = (
				2218AD84271D772A002C405C /* PlayerProgressBarView.swift */,
			);
			path = UI;
			sourceTree = "<group>";
		};
		22BF198C272D5FDF00FAA6C6 /* Models */ = {
			isa = PBXGroup;
			children = (
				02F57EF4272C135400BB1E7C /* DiscoverState.swift */,
			);
			path = Models;
			sourceTree = "<group>";
		};
		22BF1991272E851E00FAA6C6 /* API */ = {
			isa = PBXGroup;
			children = (
				22BF198F272E790B00FAA6C6 /* BackendService.swift */,
				22BF1992272E852D00FAA6C6 /* Models.swift */,
			);
			path = API;
			sourceTree = "<group>";
		};
		3182A63912443A8ED7D95C4F /* Pods */ = {
			isa = PBXGroup;
			children = (
				B943057AC6DC82CD98DA5A82 /* Pods-lasting_lover_ios.debug.xcconfig */,
				D40174DF5527B78AE4BA6C5C /* Pods-lasting_lover_ios.release.xcconfig */,
			);
			path = Pods;
			sourceTree = "<group>";
		};
/* End PBXGroup section */

/* Begin PBXNativeTarget section */
		0262BB492705074200847ED7 /* lasting_lover_ios */ = {
			isa = PBXNativeTarget;
			buildConfigurationList = 0262BB5E2705074300847ED7 /* Build configuration list for PBXNativeTarget "lasting_lover_ios" */;
			buildPhases = (
				54941526B3934CE20219AFCB /* [CP] Check Pods Manifest.lock */,
				221C51DC2705DB2F0085534E /* ShellScript */,
				221C51DD2705DB380085534E /* ShellScript */,
				0262BB462705074200847ED7 /* Sources */,
				0262BB472705074200847ED7 /* Frameworks */,
				0262BB482705074200847ED7 /* Resources */,
			);
			buildRules = (
			);
			dependencies = (
			);
			name = lasting_lover_ios;
			packageProductDependencies = (
				02A2437527050ACF0048DB0D /* SnapKit */,
				221C51C92705C8A30085534E /* RxDataSources */,
				221C51CB2705C8A30085534E /* Differentiator */,
				221C51CE2705C8BF0085534E /* UNILibCore */,
				221C51D02705C8BF0085534E /* RxUNILib */,
				221C51D32705C8F90085534E /* RxCocoa */,
				221C51D52705C8F90085534E /* RxSwift */,
				221C51D82705C9560085534E /* Moya */,
				221C51DA2705C9560085534E /* RxMoya */,
			);
			productName = lasting_lover_ios;
			productReference = 0262BB4A2705074200847ED7 /* lasting_lover_ios.app */;
			productType = "com.apple.product-type.application";
		};
/* End PBXNativeTarget section */

/* Begin PBXProject section */
		0262BB422705074200847ED7 /* Project object */ = {
			isa = PBXProject;
			attributes = {
				LastSwiftUpdateCheck = 1230;
				LastUpgradeCheck = 1230;
				TargetAttributes = {
					0262BB492705074200847ED7 = {
						CreatedOnToolsVersion = 12.3;
					};
				};
			};
			buildConfigurationList = 0262BB452705074200847ED7 /* Build configuration list for PBXProject "lasting_lover_ios" */;
			compatibilityVersion = "Xcode 9.3";
			developmentRegion = en;
			hasScannedForEncodings = 0;
			knownRegions = (
				en,
				Base,
			);
			mainGroup = 0262BB412705074200847ED7;
			packageReferences = (
				02A2437427050ACF0048DB0D /* XCRemoteSwiftPackageReference "SnapKit" */,
				221C51C82705C8A30085534E /* XCRemoteSwiftPackageReference "RxDataSources" */,
				221C51CD2705C8BF0085534E /* XCRemoteSwiftPackageReference "UNILib" */,
				221C51D22705C8F90085534E /* XCRemoteSwiftPackageReference "RxSwift" */,
				221C51D72705C9560085534E /* XCRemoteSwiftPackageReference "Moya" */,
			);
			productRefGroup = 0262BB4B2705074200847ED7 /* Products */;
			projectDirPath = "";
			projectRoot = "";
			targets = (
				0262BB492705074200847ED7 /* lasting_lover_ios */,
			);
		};
/* End PBXProject section */

/* Begin PBXResourcesBuildPhase section */
		0262BB482705074200847ED7 /* Resources */ = {
			isa = PBXResourcesBuildPhase;
			buildActionMask = 2147483647;
			files = (
				221C52382705FA9A0085534E /* Nunito-ExtraBoldItalic.ttf in Resources */,
				221C52132705FA900085534E /* PlayfairDisplay-Bold.ttf in Resources */,
				221C52152705FA900085534E /* PlayfairDisplay-BlackItalic.ttf in Resources */,
				221C522B2705FA9A0085534E /* Nunito-Light.ttf in Resources */,
				221C52362705FA9A0085534E /* Nunito-SemiBold.ttf in Resources */,
				2218AD8327187207002C405C /* placeholder.png in Resources */,
				221C521A2705FA900085534E /* PlayfairDisplay-Black.ttf in Resources */,
				221C52032705F5260085534E /* Colors.xcassets in Resources */,
				221C521C2705FA900085534E /* PlayfairDisplay-Italic.ttf in Resources */,
				221C522C2705FA9A0085534E /* Nunito-Black.ttf in Resources */,
				221C52352705FA9A0085534E /* Nunito-BlackItalic.ttf in Resources */,
				221C52372705FA9A0085534E /* Nunito-ExtraLight.ttf in Resources */,
				221C52142705FA900085534E /* PlayfairDisplay-Regular.ttf in Resources */,
				221C522D2705FA9A0085534E /* Nunito-SemiBoldItalic.ttf in Resources */,
				221C52122705FA900085534E /* PlayfairDisplay-MediumItalic.ttf in Resources */,
				221C52182705FA900085534E /* PlayfairDisplay-SemiBoldItalic.ttf in Resources */,
				221C52192705FA900085534E /* PlayfairDisplay-BoldItalic.ttf in Resources */,
				221C52172705FA900085534E /* PlayfairDisplay-ExtraBoldItalic.ttf in Resources */,
				221C52332705FA9A0085534E /* Nunito-ExtraLightItalic.ttf in Resources */,
				221C522F2705FA9A0085534E /* Nunito-Italic.ttf in Resources */,
				221C52302705FA9A0085534E /* Nunito-BoldItalic.ttf in Resources */,
				221C521B2705FA900085534E /* PlayfairDisplay-ExtraBold.ttf in Resources */,
				2218AD8A271D95D9002C405C /* placeholderAudio.mp3 in Resources */,
				0262BB5A2705074300847ED7 /* LaunchScreen.storyboard in Resources */,
				221C51C32705C73B0085534E /* Localizable.strings in Resources */,
				221C52162705FA900085534E /* PlayfairDisplay-SemiBold.ttf in Resources */,
				221C51FF2705ECBA0085534E /* Images.xcassets in Resources */,
				221C522E2705FA9A0085534E /* Nunito-Regular.ttf in Resources */,
				221C52342705FA9A0085534E /* Nunito-LightItalic.ttf in Resources */,
				221C52112705FA900085534E /* PlayfairDisplay-Medium.ttf in Resources */,
				221C52322705FA9A0085534E /* Nunito-ExtraBold.ttf in Resources */,
				221C52312705FA9A0085534E /* Nunito-Bold.ttf in Resources */,
				0262BB572705074300847ED7 /* Assets.xcassets in Resources */,
			);
			runOnlyForDeploymentPostprocessing = 0;
		};
/* End PBXResourcesBuildPhase section */

/* Begin PBXShellScriptBuildPhase section */
		221C51DC2705DB2F0085534E /* ShellScript */ = {
			isa = PBXShellScriptBuildPhase;
			buildActionMask = 2147483647;
			files = (
			);
			inputFileListPaths = (
			);
			inputPaths = (
			);
			outputFileListPaths = (
			);
			outputPaths = (
			);
			runOnlyForDeploymentPostprocessing = 0;
			shellPath = /bin/sh;
			shellScript = "\"${PODS_ROOT}/Sourcery/bin/sourcery\"\n";
		};
		221C51DD2705DB380085534E /* ShellScript */ = {
			isa = PBXShellScriptBuildPhase;
			buildActionMask = 2147483647;
			files = (
			);
			inputFileListPaths = (
			);
			inputPaths = (
			);
			outputFileListPaths = (
			);
			outputPaths = (
			);
			runOnlyForDeploymentPostprocessing = 0;
			shellPath = /bin/sh;
			shellScript = "swiftgen\n";
		};
		54941526B3934CE20219AFCB /* [CP] Check Pods Manifest.lock */ = {
			isa = PBXShellScriptBuildPhase;
			buildActionMask = 2147483647;
			files = (
			);
			inputFileListPaths = (
			);
			inputPaths = (
				"${PODS_PODFILE_DIR_PATH}/Podfile.lock",
				"${PODS_ROOT}/Manifest.lock",
			);
			name = "[CP] Check Pods Manifest.lock";
			outputFileListPaths = (
			);
			outputPaths = (
				"$(DERIVED_FILE_DIR)/Pods-lasting_lover_ios-checkManifestLockResult.txt",
			);
			runOnlyForDeploymentPostprocessing = 0;
			shellPath = /bin/sh;
			shellScript = "diff \"${PODS_PODFILE_DIR_PATH}/Podfile.lock\" \"${PODS_ROOT}/Manifest.lock\" > /dev/null\nif [ $? != 0 ] ; then\n    # print error to STDERR\n    echo \"error: The sandbox is not in sync with the Podfile.lock. Run 'pod install' or update your CocoaPods installation.\" >&2\n    exit 1\nfi\n# This output is used by Xcode 'outputs' to avoid re-running this script phase.\necho \"SUCCESS\" > \"${SCRIPT_OUTPUT_FILE_0}\"\n";
			showEnvVarsInLog = 0;
		};
/* End PBXShellScriptBuildPhase section */

/* Begin PBXSourcesBuildPhase section */
		0262BB462705074200847ED7 /* Sources */ = {
			isa = PBXSourcesBuildPhase;
			buildActionMask = 2147483647;
			files = (
				02770AF6273864C700DF4F49 /* SleepFeaturedStoryCellViewModel.swift in Sources */,
				221C523D2705FCE90085534E /* BackgroundGradientView.swift in Sources */,
				02195F522741472900BD5A5D /* CategoryViewController.swift in Sources */,
				221E22D8270F2FAA003F324B /* Snapshotable.swift in Sources */,
				02770AE22737D02F00DF4F49 /* UIViewController+Ext.swift in Sources */,
				221C51E42705DB890085534E /* Lens.generated.swift in Sources */,
				221C5272270A59F90085534E /* SleepControllerViewModel.swift in Sources */,
				221C524527072C2F0085534E /* Button.swift in Sources */,
				221C524B270738CB0085534E /* State.swift in Sources */,
				22BF1993272E852D00FAA6C6 /* Models.swift in Sources */,
				221E22D0270DEB15003F324B /* TodayPopularView.swift in Sources */,
				02770ADF2737C63000DF4F49 /* CategoryCellViewModel.swift in Sources */,
				02770AEF2737F1F700DF4F49 /* FavoritesControllerViewModel.swift in Sources */,
				221C52582709DC3D0085534E /* ToolbarItem.swift in Sources */,
				221C525D270A4ACF0085534E /* MainControllerViewModel.swift in Sources */,
				2218AD85271D772A002C405C /* PlayerProgressBarView.swift in Sources */,
				029EEE06273EA3C7005DAC05 /* AuthorStoryCellViewModel.swift in Sources */,
				221C5274270A61330085534E /* DiscoverControllerViewModel.swift in Sources */,
				221C5243270714900085534E /* TextfieldView.swift in Sources */,
				221E22CC270DE585003F324B /* InsetLabel.swift in Sources */,
				02195F482740279A00BD5A5D /* SeriesModuleCoordinator.swift in Sources */,
				221C523A2705FB390085534E /* Fonts.swift in Sources */,
				02770ADC2735E04300DF4F49 /* SeriesLayout.swift in Sources */,
				221E22DC270F48E0003F324B /* PlayerControllerViewModel.swift in Sources */,
				221C52592709DC3D0085534E /* Toolbar.swift in Sources */,
				02770AD82735BA9900DF4F49 /* Secrion.swift in Sources */,
				221C51F32705E1F50085534E /* Environment.swift in Sources */,
				221E22CA270DCFB0003F324B /* RoundedRectAndTitleCell.swift in Sources */,
				02195F502741413900BD5A5D /* CategoryControllerViewModel.swift in Sources */,
				021BA2AC273AB69200A0F3CF /* SubscriptionService.swift in Sources */,
				02195F3F273FE65E00BD5A5D /* AllSeriesControllerViewModel.swift in Sources */,
				02770AF2273806BF00DF4F49 /* SleepState.swift in Sources */,
				024CC199273E58AD00B2EDA4 /* UIPresentationController+Rx.swift in Sources */,
				221C51E22705DB890085534E /* Prism.generated.swift in Sources */,
				221E22C3270C5AA0003F324B /* SettingsState.swift in Sources */,
				221C523F2706F9C30085534E /* AuthViewController.swift in Sources */,
				02770ADA2735DA3A00DF4F49 /* SeriesCellViewModel.swift.swift in Sources */,
				2218AD7A27185CF3002C405C /* PurchaseModuleCoordinator.swift in Sources */,
				021BA2A82739A5D100A0F3CF /* StoriesController.swift in Sources */,
				221E22CE270DE985003F324B /* CategoryCell.swift in Sources */,
				221C52552709CD330085534E /* MainModuleViewController.swift in Sources */,
				02F57EF5272C135400BB1E7C /* DiscoverState.swift in Sources */,
				029EEDFF273E8F5D005DAC05 /* AuthorViewController.swift in Sources */,
				2218AD7D27185D61002C405C /* PlayerItem.swift in Sources */,
				021BA2AA273AB4B000A0F3CF /* ListenedItemsService.swift in Sources */,
				02770AF427385DE900DF4F49 /* SleepCategoryCellViewModel.swift in Sources */,
				221C51E82705DC1B0085534E /* AuthTitleViewController.swift in Sources */,
				22BF198E272D608000FAA6C6 /* AudioItemCell.swift in Sources */,
				22BF1990272E790B00FAA6C6 /* BackendService.swift in Sources */,
				021BA2B3273BDAA800A0F3CF /* StoriesControllerViewModel.swift in Sources */,
				02195F41273FE7FA00BD5A5D /* SeriesCell.swift in Sources */,
				221E22C5270C5E16003F324B /* SettingsItem.swift in Sources */,
				221C51EF2705E0360085534E /* LocalStorageService.swift in Sources */,
				221C524F27086EA80085534E /* CongratulationsController.swift in Sources */,
				221C5248270737A40085534E /* AuthControllerViewModel.swift in Sources */,
				02195F4E2740351000BD5A5D /* CenteredLayout.swift.swift in Sources */,
				221C51EC2705DD8B0085534E /* SplashViewController.swift in Sources */,
				0262BB4E2705074200847ED7 /* AppDelegate.swift in Sources */,
				221C51EA2705DC6C0085534E /* AppCoordinator.swift in Sources */,
				2218AD8127187096002C405C /* PlayerModuleState.swift in Sources */,
				221C52012705ECF60085534E /* Assets.swift in Sources */,
				221E22BE270C5969003F324B /* SettingsViewController.swift in Sources */,
				221E22BC270C5919003F324B /* SettingsModuleCoordinator.swift in Sources */,
				029EEE01273E9551005DAC05 /* AuthorViewControllerViewModel.swift in Sources */,
				2218AD8C271DA53A002C405C /* FavoritesService.swift in Sources */,
				221C51E32705DB890085534E /* StringConstants.swift in Sources */,
				0262BB6B2705084C00847ED7 /* AppState.swift in Sources */,
				02195F4C2740281100BD5A5D /* SeriesViewController.swift in Sources */,
				02195F43273FE81600BD5A5D /* SeriesCellViewModel.swift in Sources */,
				22B8192027230DD900BFDB8B /* ImageLoadingService.swift in Sources */,
				02770AE62737E9C400DF4F49 /* DiscoverStoryCellViewModel.swift in Sources */,
				2218AD88271D92F7002C405C /* AudioPlayerService.swift in Sources */,
				221C5261270A4DF60085534E /* SleepViewController.swift in Sources */,
				221C525F270A4B5D0085534E /* MainModuleState.swift in Sources */,
				2218AD7F27185DDF002C405C /* PlayerModuleCoordinator.swift in Sources */,
				22B8192227230F7F00BFDB8B /* Constants.swift in Sources */,
				029EEE04273E9E32005DAC05 /* AuthorModuleCoordinator.swift in Sources */,
				02770AD62735B8F000DF4F49 /* AuthorCellViewModel.swift in Sources */,
				221E22C8270DCC8D003F324B /* CircleImageAndTitleCellCell.swift in Sources */,
				021BA2AE273AB74300A0F3CF /* Subscription.swift in Sources */,
				221C524D270750E60085534E /* FullscreenLoadingView.swift in Sources */,
				02770AD42735B38100DF4F49 /* VerticalScrollingView.swift in Sources */,
				221E22DA270F43CC003F324B /* PlayerController.swift in Sources */,
				221C52412706FC440085534E /* NavbarView.swift in Sources */,
				02770AED2737F1D000DF4F49 /* FavoritesViewController.swift in Sources */,
				221C51F12705E1C60085534E /* DefaultsStoreServiceProtocol.swift in Sources */,
				02770AE42737E93400DF4F49 /* StoriesLayout.swift in Sources */,
				02195F3D273FDCD400BD5A5D /* AllSeriesViewController.swift in Sources */,
				221C51F62705E3A00085534E /* MainModuleCoordinator.swift in Sources */,
				221C51E62705DC0C0085534E /* SignInModuleCoordinator.swift in Sources */,
				02195F45273FECFB00BD5A5D /* Loadable+Ext.swift in Sources */,
				02195F4A274027F200BD5A5D /* SeriesControllerViewModel.swift in Sources */,
				221C52522709CCC70085534E /* DiscoverViewController.swift in Sources */,
				221E22C0270C5A02003F324B /* SettingsControllerViewModel.swift in Sources */,
			);
			runOnlyForDeploymentPostprocessing = 0;
		};
/* End PBXSourcesBuildPhase section */

/* Begin PBXVariantGroup section */
		0262BB582705074300847ED7 /* LaunchScreen.storyboard */ = {
			isa = PBXVariantGroup;
			children = (
				0262BB592705074300847ED7 /* Base */,
			);
			name = LaunchScreen.storyboard;
			sourceTree = "<group>";
		};
		221C51C52705C73B0085534E /* Localizable.strings */ = {
			isa = PBXVariantGroup;
			children = (
				221C51C42705C73B0085534E /* en */,
			);
			name = Localizable.strings;
			sourceTree = "<group>";
		};
/* End PBXVariantGroup section */

/* Begin XCBuildConfiguration section */
		0262BB5C2705074300847ED7 /* Debug */ = {
			isa = XCBuildConfiguration;
			buildSettings = {
				ALWAYS_SEARCH_USER_PATHS = NO;
				CLANG_ANALYZER_NONNULL = YES;
				CLANG_ANALYZER_NUMBER_OBJECT_CONVERSION = YES_AGGRESSIVE;
				CLANG_CXX_LANGUAGE_STANDARD = "gnu++14";
				CLANG_CXX_LIBRARY = "libc++";
				CLANG_ENABLE_MODULES = YES;
				CLANG_ENABLE_OBJC_ARC = YES;
				CLANG_ENABLE_OBJC_WEAK = YES;
				CLANG_WARN_BLOCK_CAPTURE_AUTORELEASING = YES;
				CLANG_WARN_BOOL_CONVERSION = YES;
				CLANG_WARN_COMMA = YES;
				CLANG_WARN_CONSTANT_CONVERSION = YES;
				CLANG_WARN_DEPRECATED_OBJC_IMPLEMENTATIONS = YES;
				CLANG_WARN_DIRECT_OBJC_ISA_USAGE = YES_ERROR;
				CLANG_WARN_DOCUMENTATION_COMMENTS = YES;
				CLANG_WARN_EMPTY_BODY = YES;
				CLANG_WARN_ENUM_CONVERSION = YES;
				CLANG_WARN_INFINITE_RECURSION = YES;
				CLANG_WARN_INT_CONVERSION = YES;
				CLANG_WARN_NON_LITERAL_NULL_CONVERSION = YES;
				CLANG_WARN_OBJC_IMPLICIT_RETAIN_SELF = YES;
				CLANG_WARN_OBJC_LITERAL_CONVERSION = YES;
				CLANG_WARN_OBJC_ROOT_CLASS = YES_ERROR;
				CLANG_WARN_QUOTED_INCLUDE_IN_FRAMEWORK_HEADER = YES;
				CLANG_WARN_RANGE_LOOP_ANALYSIS = YES;
				CLANG_WARN_STRICT_PROTOTYPES = YES;
				CLANG_WARN_SUSPICIOUS_MOVE = YES;
				CLANG_WARN_UNGUARDED_AVAILABILITY = YES_AGGRESSIVE;
				CLANG_WARN_UNREACHABLE_CODE = YES;
				CLANG_WARN__DUPLICATE_METHOD_MATCH = YES;
				COPY_PHASE_STRIP = NO;
				DEBUG_INFORMATION_FORMAT = dwarf;
				ENABLE_STRICT_OBJC_MSGSEND = YES;
				ENABLE_TESTABILITY = YES;
				GCC_C_LANGUAGE_STANDARD = gnu11;
				GCC_DYNAMIC_NO_PIC = NO;
				GCC_NO_COMMON_BLOCKS = YES;
				GCC_OPTIMIZATION_LEVEL = 0;
				GCC_PREPROCESSOR_DEFINITIONS = (
					"DEBUG=1",
					"$(inherited)",
				);
				GCC_WARN_64_TO_32_BIT_CONVERSION = YES;
				GCC_WARN_ABOUT_RETURN_TYPE = YES_ERROR;
				GCC_WARN_UNDECLARED_SELECTOR = YES;
				GCC_WARN_UNINITIALIZED_AUTOS = YES_AGGRESSIVE;
				GCC_WARN_UNUSED_FUNCTION = YES;
				GCC_WARN_UNUSED_VARIABLE = YES;
				IPHONEOS_DEPLOYMENT_TARGET = 14.3;
				MTL_ENABLE_DEBUG_INFO = INCLUDE_SOURCE;
				MTL_FAST_MATH = YES;
				ONLY_ACTIVE_ARCH = YES;
				SDKROOT = iphoneos;
				SWIFT_ACTIVE_COMPILATION_CONDITIONS = DEBUG;
				SWIFT_OPTIMIZATION_LEVEL = "-Onone";
			};
			name = Debug;
		};
		0262BB5D2705074300847ED7 /* Release */ = {
			isa = XCBuildConfiguration;
			buildSettings = {
				ALWAYS_SEARCH_USER_PATHS = NO;
				CLANG_ANALYZER_NONNULL = YES;
				CLANG_ANALYZER_NUMBER_OBJECT_CONVERSION = YES_AGGRESSIVE;
				CLANG_CXX_LANGUAGE_STANDARD = "gnu++14";
				CLANG_CXX_LIBRARY = "libc++";
				CLANG_ENABLE_MODULES = YES;
				CLANG_ENABLE_OBJC_ARC = YES;
				CLANG_ENABLE_OBJC_WEAK = YES;
				CLANG_WARN_BLOCK_CAPTURE_AUTORELEASING = YES;
				CLANG_WARN_BOOL_CONVERSION = YES;
				CLANG_WARN_COMMA = YES;
				CLANG_WARN_CONSTANT_CONVERSION = YES;
				CLANG_WARN_DEPRECATED_OBJC_IMPLEMENTATIONS = YES;
				CLANG_WARN_DIRECT_OBJC_ISA_USAGE = YES_ERROR;
				CLANG_WARN_DOCUMENTATION_COMMENTS = YES;
				CLANG_WARN_EMPTY_BODY = YES;
				CLANG_WARN_ENUM_CONVERSION = YES;
				CLANG_WARN_INFINITE_RECURSION = YES;
				CLANG_WARN_INT_CONVERSION = YES;
				CLANG_WARN_NON_LITERAL_NULL_CONVERSION = YES;
				CLANG_WARN_OBJC_IMPLICIT_RETAIN_SELF = YES;
				CLANG_WARN_OBJC_LITERAL_CONVERSION = YES;
				CLANG_WARN_OBJC_ROOT_CLASS = YES_ERROR;
				CLANG_WARN_QUOTED_INCLUDE_IN_FRAMEWORK_HEADER = YES;
				CLANG_WARN_RANGE_LOOP_ANALYSIS = YES;
				CLANG_WARN_STRICT_PROTOTYPES = YES;
				CLANG_WARN_SUSPICIOUS_MOVE = YES;
				CLANG_WARN_UNGUARDED_AVAILABILITY = YES_AGGRESSIVE;
				CLANG_WARN_UNREACHABLE_CODE = YES;
				CLANG_WARN__DUPLICATE_METHOD_MATCH = YES;
				COPY_PHASE_STRIP = NO;
				DEBUG_INFORMATION_FORMAT = "dwarf-with-dsym";
				ENABLE_NS_ASSERTIONS = NO;
				ENABLE_STRICT_OBJC_MSGSEND = YES;
				GCC_C_LANGUAGE_STANDARD = gnu11;
				GCC_NO_COMMON_BLOCKS = YES;
				GCC_WARN_64_TO_32_BIT_CONVERSION = YES;
				GCC_WARN_ABOUT_RETURN_TYPE = YES_ERROR;
				GCC_WARN_UNDECLARED_SELECTOR = YES;
				GCC_WARN_UNINITIALIZED_AUTOS = YES_AGGRESSIVE;
				GCC_WARN_UNUSED_FUNCTION = YES;
				GCC_WARN_UNUSED_VARIABLE = YES;
				IPHONEOS_DEPLOYMENT_TARGET = 14.3;
				MTL_ENABLE_DEBUG_INFO = NO;
				MTL_FAST_MATH = YES;
				SDKROOT = iphoneos;
				SWIFT_COMPILATION_MODE = wholemodule;
				SWIFT_OPTIMIZATION_LEVEL = "-O";
				VALIDATE_PRODUCT = YES;
			};
			name = Release;
		};
		0262BB5F2705074300847ED7 /* Debug */ = {
			isa = XCBuildConfiguration;
			baseConfigurationReference = B943057AC6DC82CD98DA5A82 /* Pods-lasting_lover_ios.debug.xcconfig */;
			buildSettings = {
				ASSETCATALOG_COMPILER_APPICON_NAME = AppIcon;
				ASSETCATALOG_COMPILER_GLOBAL_ACCENT_COLOR_NAME = AccentColor;
				CODE_SIGN_STYLE = Automatic;
				DEVELOPMENT_TEAM = N35W696BYS;
				INFOPLIST_FILE = lasting_lover_ios/Info.plist;
				IPHONEOS_DEPLOYMENT_TARGET = 13.0;
				LD_RUNPATH_SEARCH_PATHS = (
					"$(inherited)",
					"@executable_path/Frameworks",
				);
				PRODUCT_BUNDLE_IDENTIFIER = "svch.lasting-lover-ios";
				PRODUCT_NAME = "$(TARGET_NAME)";
				SWIFT_VERSION = 5.0;
				TARGETED_DEVICE_FAMILY = 1;
			};
			name = Debug;
		};
		0262BB602705074300847ED7 /* Release */ = {
			isa = XCBuildConfiguration;
			baseConfigurationReference = D40174DF5527B78AE4BA6C5C /* Pods-lasting_lover_ios.release.xcconfig */;
			buildSettings = {
				ASSETCATALOG_COMPILER_APPICON_NAME = AppIcon;
				ASSETCATALOG_COMPILER_GLOBAL_ACCENT_COLOR_NAME = AccentColor;
				CODE_SIGN_STYLE = Automatic;
				DEVELOPMENT_TEAM = N35W696BYS;
				INFOPLIST_FILE = lasting_lover_ios/Info.plist;
				IPHONEOS_DEPLOYMENT_TARGET = 13.0;
				LD_RUNPATH_SEARCH_PATHS = (
					"$(inherited)",
					"@executable_path/Frameworks",
				);
				PRODUCT_BUNDLE_IDENTIFIER = "svch.lasting-lover-ios";
				PRODUCT_NAME = "$(TARGET_NAME)";
				SWIFT_VERSION = 5.0;
				TARGETED_DEVICE_FAMILY = 1;
			};
			name = Release;
		};
/* End XCBuildConfiguration section */

/* Begin XCConfigurationList section */
		0262BB452705074200847ED7 /* Build configuration list for PBXProject "lasting_lover_ios" */ = {
			isa = XCConfigurationList;
			buildConfigurations = (
				0262BB5C2705074300847ED7 /* Debug */,
				0262BB5D2705074300847ED7 /* Release */,
			);
			defaultConfigurationIsVisible = 0;
			defaultConfigurationName = Release;
		};
		0262BB5E2705074300847ED7 /* Build configuration list for PBXNativeTarget "lasting_lover_ios" */ = {
			isa = XCConfigurationList;
			buildConfigurations = (
				0262BB5F2705074300847ED7 /* Debug */,
				0262BB602705074300847ED7 /* Release */,
			);
			defaultConfigurationIsVisible = 0;
			defaultConfigurationName = Release;
		};
/* End XCConfigurationList section */

/* Begin XCRemoteSwiftPackageReference section */
		02A2437427050ACF0048DB0D /* XCRemoteSwiftPackageReference "SnapKit" */ = {
			isa = XCRemoteSwiftPackageReference;
			repositoryURL = "https://github.com/SnapKit/SnapKit.git";
			requirement = {
				kind = exactVersion;
				version = 5.0.1;
			};
		};
		221C51C82705C8A30085534E /* XCRemoteSwiftPackageReference "RxDataSources" */ = {
			isa = XCRemoteSwiftPackageReference;
			repositoryURL = "https://github.com/RxSwiftCommunity/RxDataSources.git";
			requirement = {
				kind = upToNextMajorVersion;
				minimumVersion = 4.0.0;
			};
		};
		221C51CD2705C8BF0085534E /* XCRemoteSwiftPackageReference "UNILib" */ = {
			isa = XCRemoteSwiftPackageReference;
			repositoryURL = "https://github.com/alexey-savchenko/UNILib.git";
			requirement = {
				branch = main;
				kind = branch;
			};
		};
		221C51D22705C8F90085534E /* XCRemoteSwiftPackageReference "RxSwift" */ = {
			isa = XCRemoteSwiftPackageReference;
			repositoryURL = "https://github.com/ReactiveX/RxSwift.git";
			requirement = {
				kind = exactVersion;
				version = 5.1.0;
			};
		};
		221C51D72705C9560085534E /* XCRemoteSwiftPackageReference "Moya" */ = {
			isa = XCRemoteSwiftPackageReference;
			repositoryURL = "https://github.com/Moya/Moya.git";
			requirement = {
				kind = upToNextMajorVersion;
				minimumVersion = 14.0.0;
			};
		};
/* End XCRemoteSwiftPackageReference section */

/* Begin XCSwiftPackageProductDependency section */
		02A2437527050ACF0048DB0D /* SnapKit */ = {
			isa = XCSwiftPackageProductDependency;
			package = 02A2437427050ACF0048DB0D /* XCRemoteSwiftPackageReference "SnapKit" */;
			productName = SnapKit;
		};
		221C51C92705C8A30085534E /* RxDataSources */ = {
			isa = XCSwiftPackageProductDependency;
			package = 221C51C82705C8A30085534E /* XCRemoteSwiftPackageReference "RxDataSources" */;
			productName = RxDataSources;
		};
		221C51CB2705C8A30085534E /* Differentiator */ = {
			isa = XCSwiftPackageProductDependency;
			package = 221C51C82705C8A30085534E /* XCRemoteSwiftPackageReference "RxDataSources" */;
			productName = Differentiator;
		};
		221C51CE2705C8BF0085534E /* UNILibCore */ = {
			isa = XCSwiftPackageProductDependency;
			package = 221C51CD2705C8BF0085534E /* XCRemoteSwiftPackageReference "UNILib" */;
			productName = UNILibCore;
		};
		221C51D02705C8BF0085534E /* RxUNILib */ = {
			isa = XCSwiftPackageProductDependency;
			package = 221C51CD2705C8BF0085534E /* XCRemoteSwiftPackageReference "UNILib" */;
			productName = RxUNILib;
		};
		221C51D32705C8F90085534E /* RxCocoa */ = {
			isa = XCSwiftPackageProductDependency;
			package = 221C51D22705C8F90085534E /* XCRemoteSwiftPackageReference "RxSwift" */;
			productName = RxCocoa;
		};
		221C51D52705C8F90085534E /* RxSwift */ = {
			isa = XCSwiftPackageProductDependency;
			package = 221C51D22705C8F90085534E /* XCRemoteSwiftPackageReference "RxSwift" */;
			productName = RxSwift;
		};
		221C51D82705C9560085534E /* Moya */ = {
			isa = XCSwiftPackageProductDependency;
			package = 221C51D72705C9560085534E /* XCRemoteSwiftPackageReference "Moya" */;
			productName = Moya;
		};
		221C51DA2705C9560085534E /* RxMoya */ = {
			isa = XCSwiftPackageProductDependency;
			package = 221C51D72705C9560085534E /* XCRemoteSwiftPackageReference "Moya" */;
			productName = RxMoya;
		};
/* End XCSwiftPackageProductDependency section */
	};
	rootObject = 0262BB422705074200847ED7 /* Project object */;
}
