// !$*UTF8*$!
{
	archiveVersion = 1;
	classes = {
	};
	objectVersion = 52;
	objects = {

/* Begin PBXBuildFile section */
		0262BB4E2705074200847ED7 /* AppDelegate.swift in Sources */ = {isa = PBXBuildFile; fileRef = 0262BB4D2705074200847ED7 /* AppDelegate.swift */; };
		0262BB522705074200847ED7 /* ViewController.swift in Sources */ = {isa = PBXBuildFile; fileRef = 0262BB512705074200847ED7 /* ViewController.swift */; };
		0262BB552705074200847ED7 /* Main.storyboard in Resources */ = {isa = PBXBuildFile; fileRef = 0262BB532705074200847ED7 /* Main.storyboard */; };
		0262BB572705074300847ED7 /* Assets.xcassets in Resources */ = {isa = PBXBuildFile; fileRef = 0262BB562705074300847ED7 /* Assets.xcassets */; };
		0262BB5A2705074300847ED7 /* LaunchScreen.storyboard in Resources */ = {isa = PBXBuildFile; fileRef = 0262BB582705074300847ED7 /* LaunchScreen.storyboard */; };
		0262BB6B2705084C00847ED7 /* Redux.swift in Sources */ = {isa = PBXBuildFile; fileRef = 0262BB6A2705084C00847ED7 /* Redux.swift */; };
		02A2436A2705097D0048DB0D /* RxCocoa in Frameworks */ = {isa = PBXBuildFile; productRef = 02A243692705097D0048DB0D /* RxCocoa */; };
		02A2436C2705097D0048DB0D /* RxSwift in Frameworks */ = {isa = PBXBuildFile; productRef = 02A2436B2705097D0048DB0D /* RxSwift */; };
		02A2437027050A520048DB0D /* Moya in Frameworks */ = {isa = PBXBuildFile; productRef = 02A2436F27050A520048DB0D /* Moya */; };
		02A2437227050A520048DB0D /* RxMoya in Frameworks */ = {isa = PBXBuildFile; productRef = 02A2437127050A520048DB0D /* RxMoya */; };
		02A2437627050ACF0048DB0D /* SnapKit in Frameworks */ = {isa = PBXBuildFile; productRef = 02A2437527050ACF0048DB0D /* SnapKit */; };
		250E2BCCE4F8F0FEA0BC707C /* Pods_lasting_lover_ios.framework in Frameworks */ = {isa = PBXBuildFile; fileRef = 197C3DCDABF5E70B71772671 /* Pods_lasting_lover_ios.framework */; };
/* End PBXBuildFile section */

/* Begin PBXFileReference section */
		0262BB4A2705074200847ED7 /* lasting_lover_ios.app */ = {isa = PBXFileReference; explicitFileType = wrapper.application; includeInIndex = 0; path = lasting_lover_ios.app; sourceTree = BUILT_PRODUCTS_DIR; };
		0262BB4D2705074200847ED7 /* AppDelegate.swift */ = {isa = PBXFileReference; lastKnownFileType = sourcecode.swift; path = AppDelegate.swift; sourceTree = "<group>"; };
		0262BB512705074200847ED7 /* ViewController.swift */ = {isa = PBXFileReference; lastKnownFileType = sourcecode.swift; path = ViewController.swift; sourceTree = "<group>"; };
		0262BB542705074200847ED7 /* Base */ = {isa = PBXFileReference; lastKnownFileType = file.storyboard; name = Base; path = Base.lproj/Main.storyboard; sourceTree = "<group>"; };
		0262BB562705074300847ED7 /* Assets.xcassets */ = {isa = PBXFileReference; lastKnownFileType = folder.assetcatalog; path = Assets.xcassets; sourceTree = "<group>"; };
		0262BB592705074300847ED7 /* Base */ = {isa = PBXFileReference; lastKnownFileType = file.storyboard; name = Base; path = Base.lproj/LaunchScreen.storyboard; sourceTree = "<group>"; };
		0262BB5B2705074300847ED7 /* Info.plist */ = {isa = PBXFileReference; lastKnownFileType = text.plist.xml; path = Info.plist; sourceTree = "<group>"; };
		0262BB6A2705084C00847ED7 /* Redux.swift */ = {isa = PBXFileReference; lastKnownFileType = sourcecode.swift; path = Redux.swift; sourceTree = "<group>"; };
		197C3DCDABF5E70B71772671 /* Pods_lasting_lover_ios.framework */ = {isa = PBXFileReference; explicitFileType = wrapper.framework; includeInIndex = 0; path = Pods_lasting_lover_ios.framework; sourceTree = BUILT_PRODUCTS_DIR; };
		B943057AC6DC82CD98DA5A82 /* Pods-lasting_lover_ios.debug.xcconfig */ = {isa = PBXFileReference; includeInIndex = 1; lastKnownFileType = text.xcconfig; name = "Pods-lasting_lover_ios.debug.xcconfig"; path = "Target Support Files/Pods-lasting_lover_ios/Pods-lasting_lover_ios.debug.xcconfig"; sourceTree = "<group>"; };
		D40174DF5527B78AE4BA6C5C /* Pods-lasting_lover_ios.release.xcconfig */ = {isa = PBXFileReference; includeInIndex = 1; lastKnownFileType = text.xcconfig; name = "Pods-lasting_lover_ios.release.xcconfig"; path = "Target Support Files/Pods-lasting_lover_ios/Pods-lasting_lover_ios.release.xcconfig"; sourceTree = "<group>"; };
/* End PBXFileReference section */

/* Begin PBXFrameworksBuildPhase section */
		0262BB472705074200847ED7 /* Frameworks */ = {
			isa = PBXFrameworksBuildPhase;
			buildActionMask = 2147483647;
			files = (
				02A2437227050A520048DB0D /* RxMoya in Frameworks */,
				02A2436C2705097D0048DB0D /* RxSwift in Frameworks */,
				02A2436A2705097D0048DB0D /* RxCocoa in Frameworks */,
				02A2437627050ACF0048DB0D /* SnapKit in Frameworks */,
				02A2437027050A520048DB0D /* Moya in Frameworks */,
				250E2BCCE4F8F0FEA0BC707C /* Pods_lasting_lover_ios.framework in Frameworks */,
			);
			runOnlyForDeploymentPostprocessing = 0;
		};
/* End PBXFrameworksBuildPhase section */

/* Begin PBXGroup section */
		0262BB412705074200847ED7 = {
			isa = PBXGroup;
			children = (
				0262BB4C2705074200847ED7 /* lasting_lover_ios */,
				0262BB4B2705074200847ED7 /* Products */,
				3182A63912443A8ED7D95C4F /* Pods */,
				15FAF97D83017AC640C5F5D6 /* Frameworks */,
			);
			sourceTree = "<group>";
		};
		0262BB4B2705074200847ED7 /* Products */ = {
			isa = PBXGroup;
			children = (
				0262BB4A2705074200847ED7 /* lasting_lover_ios.app */,
			);
			name = Products;
			sourceTree = "<group>";
		};
		0262BB4C2705074200847ED7 /* lasting_lover_ios */ = {
			isa = PBXGroup;
			children = (
				0262BB692705084300847ED7 /* Redux */,
				0262BB662705083200847ED7 /* Application */,
				0262BB512705074200847ED7 /* ViewController.swift */,
				0262BB532705074200847ED7 /* Main.storyboard */,
				0262BB562705074300847ED7 /* Assets.xcassets */,
				0262BB582705074300847ED7 /* LaunchScreen.storyboard */,
				0262BB5B2705074300847ED7 /* Info.plist */,
			);
			path = lasting_lover_ios;
			sourceTree = "<group>";
		};
		0262BB662705083200847ED7 /* Application */ = {
			isa = PBXGroup;
			children = (
				0262BB4D2705074200847ED7 /* AppDelegate.swift */,
			);
			path = Application;
			sourceTree = "<group>";
		};
		0262BB692705084300847ED7 /* Redux */ = {
			isa = PBXGroup;
			children = (
				0262BB6A2705084C00847ED7 /* Redux.swift */,
			);
			path = Redux;
			sourceTree = "<group>";
		};
		15FAF97D83017AC640C5F5D6 /* Frameworks */ = {
			isa = PBXGroup;
			children = (
				197C3DCDABF5E70B71772671 /* Pods_lasting_lover_ios.framework */,
			);
			name = Frameworks;
			sourceTree = "<group>";
		};
		3182A63912443A8ED7D95C4F /* Pods */ = {
			isa = PBXGroup;
			children = (
				B943057AC6DC82CD98DA5A82 /* Pods-lasting_lover_ios.debug.xcconfig */,
				D40174DF5527B78AE4BA6C5C /* Pods-lasting_lover_ios.release.xcconfig */,
			);
			path = Pods;
			sourceTree = "<group>";
		};
/* End PBXGroup section */

/* Begin PBXNativeTarget section */
		0262BB492705074200847ED7 /* lasting_lover_ios */ = {
			isa = PBXNativeTarget;
			buildConfigurationList = 0262BB5E2705074300847ED7 /* Build configuration list for PBXNativeTarget "lasting_lover_ios" */;
			buildPhases = (
				54941526B3934CE20219AFCB /* [CP] Check Pods Manifest.lock */,
				0262BB462705074200847ED7 /* Sources */,
				0262BB472705074200847ED7 /* Frameworks */,
				0262BB482705074200847ED7 /* Resources */,
			);
			buildRules = (
			);
			dependencies = (
			);
			name = lasting_lover_ios;
			packageProductDependencies = (
				02A243692705097D0048DB0D /* RxCocoa */,
				02A2436B2705097D0048DB0D /* RxSwift */,
				02A2436F27050A520048DB0D /* Moya */,
				02A2437127050A520048DB0D /* RxMoya */,
				02A2437527050ACF0048DB0D /* SnapKit */,
			);
			productName = lasting_lover_ios;
			productReference = 0262BB4A2705074200847ED7 /* lasting_lover_ios.app */;
			productType = "com.apple.product-type.application";
		};
/* End PBXNativeTarget section */

/* Begin PBXProject section */
		0262BB422705074200847ED7 /* Project object */ = {
			isa = PBXProject;
			attributes = {
				LastSwiftUpdateCheck = 1230;
				LastUpgradeCheck = 1230;
				TargetAttributes = {
					0262BB492705074200847ED7 = {
						CreatedOnToolsVersion = 12.3;
					};
				};
			};
			buildConfigurationList = 0262BB452705074200847ED7 /* Build configuration list for PBXProject "lasting_lover_ios" */;
			compatibilityVersion = "Xcode 9.3";
			developmentRegion = en;
			hasScannedForEncodings = 0;
			knownRegions = (
				en,
				Base,
			);
			mainGroup = 0262BB412705074200847ED7;
			packageReferences = (
				02A243682705097D0048DB0D /* XCRemoteSwiftPackageReference "RxSwift" */,
				02A2436E27050A520048DB0D /* XCRemoteSwiftPackageReference "Moya" */,
				02A2437427050ACF0048DB0D /* XCRemoteSwiftPackageReference "SnapKit" */,
			);
			productRefGroup = 0262BB4B2705074200847ED7 /* Products */;
			projectDirPath = "";
			projectRoot = "";
			targets = (
				0262BB492705074200847ED7 /* lasting_lover_ios */,
			);
		};
/* End PBXProject section */

/* Begin PBXResourcesBuildPhase section */
		0262BB482705074200847ED7 /* Resources */ = {
			isa = PBXResourcesBuildPhase;
			buildActionMask = 2147483647;
			files = (
				0262BB5A2705074300847ED7 /* LaunchScreen.storyboard in Resources */,
				0262BB572705074300847ED7 /* Assets.xcassets in Resources */,
				0262BB552705074200847ED7 /* Main.storyboard in Resources */,
			);
			runOnlyForDeploymentPostprocessing = 0;
		};
/* End PBXResourcesBuildPhase section */

/* Begin PBXShellScriptBuildPhase section */
		54941526B3934CE20219AFCB /* [CP] Check Pods Manifest.lock */ = {
			isa = PBXShellScriptBuildPhase;
			buildActionMask = 2147483647;
			files = (
			);
			inputFileListPaths = (
			);
			inputPaths = (
				"${PODS_PODFILE_DIR_PATH}/Podfile.lock",
				"${PODS_ROOT}/Manifest.lock",
			);
			name = "[CP] Check Pods Manifest.lock";
			outputFileListPaths = (
			);
			outputPaths = (
				"$(DERIVED_FILE_DIR)/Pods-lasting_lover_ios-checkManifestLockResult.txt",
			);
			runOnlyForDeploymentPostprocessing = 0;
			shellPath = /bin/sh;
			shellScript = "diff \"${PODS_PODFILE_DIR_PATH}/Podfile.lock\" \"${PODS_ROOT}/Manifest.lock\" > /dev/null\nif [ $? != 0 ] ; then\n    # print error to STDERR\n    echo \"error: The sandbox is not in sync with the Podfile.lock. Run 'pod install' or update your CocoaPods installation.\" >&2\n    exit 1\nfi\n# This output is used by Xcode 'outputs' to avoid re-running this script phase.\necho \"SUCCESS\" > \"${SCRIPT_OUTPUT_FILE_0}\"\n";
			showEnvVarsInLog = 0;
		};
/* End PBXShellScriptBuildPhase section */

/* Begin PBXSourcesBuildPhase section */
		0262BB462705074200847ED7 /* Sources */ = {
			isa = PBXSourcesBuildPhase;
			buildActionMask = 2147483647;
			files = (
				0262BB522705074200847ED7 /* ViewController.swift in Sources */,
				0262BB4E2705074200847ED7 /* AppDelegate.swift in Sources */,
				0262BB6B2705084C00847ED7 /* Redux.swift in Sources */,
			);
			runOnlyForDeploymentPostprocessing = 0;
		};
/* End PBXSourcesBuildPhase section */

/* Begin PBXVariantGroup section */
		0262BB532705074200847ED7 /* Main.storyboard */ = {
			isa = PBXVariantGroup;
			children = (
				0262BB542705074200847ED7 /* Base */,
			);
			name = Main.storyboard;
			sourceTree = "<group>";
		};
		0262BB582705074300847ED7 /* LaunchScreen.storyboard */ = {
			isa = PBXVariantGroup;
			children = (
				0262BB592705074300847ED7 /* Base */,
			);
			name = LaunchScreen.storyboard;
			sourceTree = "<group>";
		};
/* End PBXVariantGroup section */

/* Begin XCBuildConfiguration section */
		0262BB5C2705074300847ED7 /* Debug */ = {
			isa = XCBuildConfiguration;
			buildSettings = {
				ALWAYS_SEARCH_USER_PATHS = NO;
				CLANG_ANALYZER_NONNULL = YES;
				CLANG_ANALYZER_NUMBER_OBJECT_CONVERSION = YES_AGGRESSIVE;
				CLANG_CXX_LANGUAGE_STANDARD = "gnu++14";
				CLANG_CXX_LIBRARY = "libc++";
				CLANG_ENABLE_MODULES = YES;
				CLANG_ENABLE_OBJC_ARC = YES;
				CLANG_ENABLE_OBJC_WEAK = YES;
				CLANG_WARN_BLOCK_CAPTURE_AUTORELEASING = YES;
				CLANG_WARN_BOOL_CONVERSION = YES;
				CLANG_WARN_COMMA = YES;
				CLANG_WARN_CONSTANT_CONVERSION = YES;
				CLANG_WARN_DEPRECATED_OBJC_IMPLEMENTATIONS = YES;
				CLANG_WARN_DIRECT_OBJC_ISA_USAGE = YES_ERROR;
				CLANG_WARN_DOCUMENTATION_COMMENTS = YES;
				CLANG_WARN_EMPTY_BODY = YES;
				CLANG_WARN_ENUM_CONVERSION = YES;
				CLANG_WARN_INFINITE_RECURSION = YES;
				CLANG_WARN_INT_CONVERSION = YES;
				CLANG_WARN_NON_LITERAL_NULL_CONVERSION = YES;
				CLANG_WARN_OBJC_IMPLICIT_RETAIN_SELF = YES;
				CLANG_WARN_OBJC_LITERAL_CONVERSION = YES;
				CLANG_WARN_OBJC_ROOT_CLASS = YES_ERROR;
				CLANG_WARN_QUOTED_INCLUDE_IN_FRAMEWORK_HEADER = YES;
				CLANG_WARN_RANGE_LOOP_ANALYSIS = YES;
				CLANG_WARN_STRICT_PROTOTYPES = YES;
				CLANG_WARN_SUSPICIOUS_MOVE = YES;
				CLANG_WARN_UNGUARDED_AVAILABILITY = YES_AGGRESSIVE;
				CLANG_WARN_UNREACHABLE_CODE = YES;
				CLANG_WARN__DUPLICATE_METHOD_MATCH = YES;
				COPY_PHASE_STRIP = NO;
				DEBUG_INFORMATION_FORMAT = dwarf;
				ENABLE_STRICT_OBJC_MSGSEND = YES;
				ENABLE_TESTABILITY = YES;
				GCC_C_LANGUAGE_STANDARD = gnu11;
				GCC_DYNAMIC_NO_PIC = NO;
				GCC_NO_COMMON_BLOCKS = YES;
				GCC_OPTIMIZATION_LEVEL = 0;
				GCC_PREPROCESSOR_DEFINITIONS = (
					"DEBUG=1",
					"$(inherited)",
				);
				GCC_WARN_64_TO_32_BIT_CONVERSION = YES;
				GCC_WARN_ABOUT_RETURN_TYPE = YES_ERROR;
				GCC_WARN_UNDECLARED_SELECTOR = YES;
				GCC_WARN_UNINITIALIZED_AUTOS = YES_AGGRESSIVE;
				GCC_WARN_UNUSED_FUNCTION = YES;
				GCC_WARN_UNUSED_VARIABLE = YES;
				IPHONEOS_DEPLOYMENT_TARGET = 14.3;
				MTL_ENABLE_DEBUG_INFO = INCLUDE_SOURCE;
				MTL_FAST_MATH = YES;
				ONLY_ACTIVE_ARCH = YES;
				SDKROOT = iphoneos;
				SWIFT_ACTIVE_COMPILATION_CONDITIONS = DEBUG;
				SWIFT_OPTIMIZATION_LEVEL = "-Onone";
			};
			name = Debug;
		};
		0262BB5D2705074300847ED7 /* Release */ = {
			isa = XCBuildConfiguration;
			buildSettings = {
				ALWAYS_SEARCH_USER_PATHS = NO;
				CLANG_ANALYZER_NONNULL = YES;
				CLANG_ANALYZER_NUMBER_OBJECT_CONVERSION = YES_AGGRESSIVE;
				CLANG_CXX_LANGUAGE_STANDARD = "gnu++14";
				CLANG_CXX_LIBRARY = "libc++";
				CLANG_ENABLE_MODULES = YES;
				CLANG_ENABLE_OBJC_ARC = YES;
				CLANG_ENABLE_OBJC_WEAK = YES;
				CLANG_WARN_BLOCK_CAPTURE_AUTORELEASING = YES;
				CLANG_WARN_BOOL_CONVERSION = YES;
				CLANG_WARN_COMMA = YES;
				CLANG_WARN_CONSTANT_CONVERSION = YES;
				CLANG_WARN_DEPRECATED_OBJC_IMPLEMENTATIONS = YES;
				CLANG_WARN_DIRECT_OBJC_ISA_USAGE = YES_ERROR;
				CLANG_WARN_DOCUMENTATION_COMMENTS = YES;
				CLANG_WARN_EMPTY_BODY = YES;
				CLANG_WARN_ENUM_CONVERSION = YES;
				CLANG_WARN_INFINITE_RECURSION = YES;
				CLANG_WARN_INT_CONVERSION = YES;
				CLANG_WARN_NON_LITERAL_NULL_CONVERSION = YES;
				CLANG_WARN_OBJC_IMPLICIT_RETAIN_SELF = YES;
				CLANG_WARN_OBJC_LITERAL_CONVERSION = YES;
				CLANG_WARN_OBJC_ROOT_CLASS = YES_ERROR;
				CLANG_WARN_QUOTED_INCLUDE_IN_FRAMEWORK_HEADER = YES;
				CLANG_WARN_RANGE_LOOP_ANALYSIS = YES;
				CLANG_WARN_STRICT_PROTOTYPES = YES;
				CLANG_WARN_SUSPICIOUS_MOVE = YES;
				CLANG_WARN_UNGUARDED_AVAILABILITY = YES_AGGRESSIVE;
				CLANG_WARN_UNREACHABLE_CODE = YES;
				CLANG_WARN__DUPLICATE_METHOD_MATCH = YES;
				COPY_PHASE_STRIP = NO;
				DEBUG_INFORMATION_FORMAT = "dwarf-with-dsym";
				ENABLE_NS_ASSERTIONS = NO;
				ENABLE_STRICT_OBJC_MSGSEND = YES;
				GCC_C_LANGUAGE_STANDARD = gnu11;
				GCC_NO_COMMON_BLOCKS = YES;
				GCC_WARN_64_TO_32_BIT_CONVERSION = YES;
				GCC_WARN_ABOUT_RETURN_TYPE = YES_ERROR;
				GCC_WARN_UNDECLARED_SELECTOR = YES;
				GCC_WARN_UNINITIALIZED_AUTOS = YES_AGGRESSIVE;
				GCC_WARN_UNUSED_FUNCTION = YES;
				GCC_WARN_UNUSED_VARIABLE = YES;
				IPHONEOS_DEPLOYMENT_TARGET = 14.3;
				MTL_ENABLE_DEBUG_INFO = NO;
				MTL_FAST_MATH = YES;
				SDKROOT = iphoneos;
				SWIFT_COMPILATION_MODE = wholemodule;
				SWIFT_OPTIMIZATION_LEVEL = "-O";
				VALIDATE_PRODUCT = YES;
			};
			name = Release;
		};
		0262BB5F2705074300847ED7 /* Debug */ = {
			isa = XCBuildConfiguration;
			baseConfigurationReference = B943057AC6DC82CD98DA5A82 /* Pods-lasting_lover_ios.debug.xcconfig */;
			buildSettings = {
				ASSETCATALOG_COMPILER_APPICON_NAME = AppIcon;
				ASSETCATALOG_COMPILER_GLOBAL_ACCENT_COLOR_NAME = AccentColor;
				CODE_SIGN_STYLE = Automatic;
				DEVELOPMENT_TEAM = N35W696BYS;
				INFOPLIST_FILE = lasting_lover_ios/Info.plist;
				IPHONEOS_DEPLOYMENT_TARGET = 13.0;
				LD_RUNPATH_SEARCH_PATHS = (
					"$(inherited)",
					"@executable_path/Frameworks",
				);
				PRODUCT_BUNDLE_IDENTIFIER = "svch.lasting-lover-ios";
				PRODUCT_NAME = "$(TARGET_NAME)";
				SWIFT_VERSION = 5.0;
				TARGETED_DEVICE_FAMILY = 1;
			};
			name = Debug;
		};
		0262BB602705074300847ED7 /* Release */ = {
			isa = XCBuildConfiguration;
			baseConfigurationReference = D40174DF5527B78AE4BA6C5C /* Pods-lasting_lover_ios.release.xcconfig */;
			buildSettings = {
				ASSETCATALOG_COMPILER_APPICON_NAME = AppIcon;
				ASSETCATALOG_COMPILER_GLOBAL_ACCENT_COLOR_NAME = AccentColor;
				CODE_SIGN_STYLE = Automatic;
				DEVELOPMENT_TEAM = N35W696BYS;
				INFOPLIST_FILE = lasting_lover_ios/Info.plist;
				IPHONEOS_DEPLOYMENT_TARGET = 13.0;
				LD_RUNPATH_SEARCH_PATHS = (
					"$(inherited)",
					"@executable_path/Frameworks",
				);
				PRODUCT_BUNDLE_IDENTIFIER = "svch.lasting-lover-ios";
				PRODUCT_NAME = "$(TARGET_NAME)";
				SWIFT_VERSION = 5.0;
				TARGETED_DEVICE_FAMILY = 1;
			};
			name = Release;
		};
/* End XCBuildConfiguration section */

/* Begin XCConfigurationList section */
		0262BB452705074200847ED7 /* Build configuration list for PBXProject "lasting_lover_ios" */ = {
			isa = XCConfigurationList;
			buildConfigurations = (
				0262BB5C2705074300847ED7 /* Debug */,
				0262BB5D2705074300847ED7 /* Release */,
			);
			defaultConfigurationIsVisible = 0;
			defaultConfigurationName = Release;
		};
		0262BB5E2705074300847ED7 /* Build configuration list for PBXNativeTarget "lasting_lover_ios" */ = {
			isa = XCConfigurationList;
			buildConfigurations = (
				0262BB5F2705074300847ED7 /* Debug */,
				0262BB602705074300847ED7 /* Release */,
			);
			defaultConfigurationIsVisible = 0;
			defaultConfigurationName = Release;
		};
/* End XCConfigurationList section */

/* Begin XCRemoteSwiftPackageReference section */
		02A243682705097D0048DB0D /* XCRemoteSwiftPackageReference "RxSwift" */ = {
			isa = XCRemoteSwiftPackageReference;
			repositoryURL = "https://github.com/ReactiveX/RxSwift.git";
			requirement = {
				kind = exactVersion;
				version = 5.0.0;
			};
		};
		02A2436E27050A520048DB0D /* XCRemoteSwiftPackageReference "Moya" */ = {
			isa = XCRemoteSwiftPackageReference;
			repositoryURL = "https://github.com/Moya/Moya.git";
			requirement = {
				kind = upToNextMajorVersion;
				minimumVersion = 14.0.1;
			};
		};
		02A2437427050ACF0048DB0D /* XCRemoteSwiftPackageReference "SnapKit" */ = {
			isa = XCRemoteSwiftPackageReference;
			repositoryURL = "https://github.com/SnapKit/SnapKit.git";
			requirement = {
				kind = upToNextMajorVersion;
				minimumVersion = 5.0.1;
			};
		};
/* End XCRemoteSwiftPackageReference section */

/* Begin XCSwiftPackageProductDependency section */
		02A243692705097D0048DB0D /* RxCocoa */ = {
			isa = XCSwiftPackageProductDependency;
			package = 02A243682705097D0048DB0D /* XCRemoteSwiftPackageReference "RxSwift" */;
			productName = RxCocoa;
		};
		02A2436B2705097D0048DB0D /* RxSwift */ = {
			isa = XCSwiftPackageProductDependency;
			package = 02A243682705097D0048DB0D /* XCRemoteSwiftPackageReference "RxSwift" */;
			productName = RxSwift;
		};
		02A2436F27050A520048DB0D /* Moya */ = {
			isa = XCSwiftPackageProductDependency;
			package = 02A2436E27050A520048DB0D /* XCRemoteSwiftPackageReference "Moya" */;
			productName = Moya;
		};
		02A2437127050A520048DB0D /* RxMoya */ = {
			isa = XCSwiftPackageProductDependency;
			package = 02A2436E27050A520048DB0D /* XCRemoteSwiftPackageReference "Moya" */;
			productName = RxMoya;
		};
		02A2437527050ACF0048DB0D /* SnapKit */ = {
			isa = XCSwiftPackageProductDependency;
			package = 02A2437427050ACF0048DB0D /* XCRemoteSwiftPackageReference "SnapKit" */;
			productName = SnapKit;
		};
/* End XCSwiftPackageProductDependency section */
	};
	rootObject = 0262BB422705074200847ED7 /* Project object */;
}
